PODS:
  - OCMock (3.7.1)
  - SwiftLint (0.42.0)

DEPENDENCIES:
  - OCMock (= 3.7.1)
  - SwiftLint

SPEC REPOS:
  trunk:
    - OCMock
    - SwiftLint

SPEC CHECKSUMS:
  OCMock: 75fbeaa46a9b11f8c182bbb1d1f7e9a35ccc9955
  SwiftLint: 4fa9579c63416865179bc416f0a92d55f009600d

PODFILE CHECKSUM: 0195918f4c7b47425ae284153b642617e2ef6781

COCOAPODS: 1.9.3
