PODS:
  - OCMock (3.7.1)
  - SwiftLint (0.43.1)

DEPENDENCIES:
  - OCMock (= 3.7.1)
  - SwiftLint

SPEC REPOS:
  trunk:
    - OCMock
    - SwiftLint

SPEC CHECKSUMS:
  OCMock: 75fbeaa46a9b11f8c182bbb1d1f7e9a35ccc9955
  SwiftLint: 99f82d07b837b942dd563c668de129a03fc3fb52

PODFILE CHECKSUM: 8efc37b7d97fa9de16532d755b40b003d888b834

COCOAPODS: 1.9.3
