// !$*UTF8*$!
{
	archiveVersion = 1;
	classes = {
	};
	objectVersion = 50;
	objects = {

/* Begin PBXBuildFile section */
		6923C05F4FFD7394581F4361 /* libPods-DemoObjctvOS.a in Frameworks */ = {isa = PBXBuildFile; fileRef = 2CE090EEBD47E05884C417C0 /* libPods-DemoObjctvOS.a */; };
		6E4DD7F721E51E5500B0C2C7 /* main.m in Sources */ = {isa = PBXBuildFile; fileRef = 6EF7499F21E404BC008B22A0 /* main.m */; };
		6E4DD7F821E51E5600B0C2C7 /* main.m in Sources */ = {isa = PBXBuildFile; fileRef = 6EF7499F21E404BC008B22A0 /* main.m */; };
		6E4DD97C21E67AAD00B0C2C7 /* Optimizely.framework in Frameworks */ = {isa = PBXBuildFile; fileRef = 6E4DD97521E67A6500B0C2C7 /* Optimizely.framework */; };
		6E4DD97D21E67AAD00B0C2C7 /* Optimizely.framework in Embed Frameworks */ = {isa = PBXBuildFile; fileRef = 6E4DD97521E67A6500B0C2C7 /* Optimizely.framework */; settings = {ATTRIBUTES = (CodeSignOnCopy, RemoveHeadersOnCopy, ); }; };
		6E4DD98021E67ABA00B0C2C7 /* Optimizely.framework in Frameworks */ = {isa = PBXBuildFile; fileRef = 6E4DD97721E67A6500B0C2C7 /* Optimizely.framework */; };
		6E4DD98121E67ABA00B0C2C7 /* Optimizely.framework in Embed Frameworks */ = {isa = PBXBuildFile; fileRef = 6E4DD97721E67A6500B0C2C7 /* Optimizely.framework */; settings = {ATTRIBUTES = (CodeSignOnCopy, RemoveHeadersOnCopy, ); }; };
		6E96811521EE94DA009B7FEC /* CustomNotificationCenter.m in Sources */ = {isa = PBXBuildFile; fileRef = 6E96811421EE94DA009B7FEC /* CustomNotificationCenter.m */; };
		6E96811621EE94DA009B7FEC /* CustomNotificationCenter.m in Sources */ = {isa = PBXBuildFile; fileRef = 6E96811421EE94DA009B7FEC /* CustomNotificationCenter.m */; };
		6E96817C21EEA321009B7FEC /* tvOSMain.storyboard in Resources */ = {isa = PBXBuildFile; fileRef = 6E96817421EEA321009B7FEC /* tvOSMain.storyboard */; };
		6E96817F21EEA321009B7FEC /* iOSMain.storyboard in Resources */ = {isa = PBXBuildFile; fileRef = 6E96817821EEA321009B7FEC /* iOSMain.storyboard */; };
		6E9681AB21EEA3D8009B7FEC /* Assets.xcassets in Resources */ = {isa = PBXBuildFile; fileRef = 6E9681A321EEA3D8009B7FEC /* Assets.xcassets */; };
		6E9681AC21EEA3D8009B7FEC /* Assets.xcassets in Resources */ = {isa = PBXBuildFile; fileRef = 6E9681A521EEA3D8009B7FEC /* Assets.xcassets */; };
		6E9681AE21EEA3D8009B7FEC /* Roboto-Medium.ttf in Resources */ = {isa = PBXBuildFile; fileRef = 6E9681A721EEA3D8009B7FEC /* Roboto-Medium.ttf */; };
		6E9681AF21EEA3D8009B7FEC /* Roboto-Medium.ttf in Resources */ = {isa = PBXBuildFile; fileRef = 6E9681A721EEA3D8009B7FEC /* Roboto-Medium.ttf */; };
		6E9681B021EEA3D8009B7FEC /* demoTestDatafile.json in Resources */ = {isa = PBXBuildFile; fileRef = 6E9681A821EEA3D8009B7FEC /* demoTestDatafile.json */; };
		6E9681B121EEA3D8009B7FEC /* demoTestDatafile.json in Resources */ = {isa = PBXBuildFile; fileRef = 6E9681A821EEA3D8009B7FEC /* demoTestDatafile.json */; };
		6E9681B221EEA3D8009B7FEC /* ProximaNova-Regular.otf in Resources */ = {isa = PBXBuildFile; fileRef = 6E9681A921EEA3D8009B7FEC /* ProximaNova-Regular.otf */; };
		6E9681B321EEA3D8009B7FEC /* ProximaNova-Regular.otf in Resources */ = {isa = PBXBuildFile; fileRef = 6E9681A921EEA3D8009B7FEC /* ProximaNova-Regular.otf */; };
		6E9681BA21EEB361009B7FEC /* VariationViewController.m in Sources */ = {isa = PBXBuildFile; fileRef = 6EB8456521EE5DE3005346CC /* VariationViewController.m */; };
		6E9681BB21EEB361009B7FEC /* FailureViewController.m in Sources */ = {isa = PBXBuildFile; fileRef = 6EB8456721EE5DE3005346CC /* FailureViewController.m */; };
		6E9681BC21EEB361009B7FEC /* SplashScreenViewController.m in Sources */ = {isa = PBXBuildFile; fileRef = 6EB8456921EE5DE3005346CC /* SplashScreenViewController.m */; };
		6E9681BD21EEB364009B7FEC /* VariationViewController.m in Sources */ = {isa = PBXBuildFile; fileRef = 6EB8456521EE5DE3005346CC /* VariationViewController.m */; };
		6E9681BE21EEB364009B7FEC /* FailureViewController.m in Sources */ = {isa = PBXBuildFile; fileRef = 6EB8456721EE5DE3005346CC /* FailureViewController.m */; };
		6E9681BF21EEB364009B7FEC /* SplashScreenViewController.m in Sources */ = {isa = PBXBuildFile; fileRef = 6EB8456921EE5DE3005346CC /* SplashScreenViewController.m */; };
		6E9681D821EFA5B2009B7FEC /* CustomLogger.m in Sources */ = {isa = PBXBuildFile; fileRef = 6E9681D721EFA5B2009B7FEC /* CustomLogger.m */; };
		6E9681D921EFA5B2009B7FEC /* CustomLogger.m in Sources */ = {isa = PBXBuildFile; fileRef = 6E9681D721EFA5B2009B7FEC /* CustomLogger.m */; };
		6EB8456B21EE5DE3005346CC /* AppDelegate.m in Sources */ = {isa = PBXBuildFile; fileRef = 6EB8456421EE5DE3005346CC /* AppDelegate.m */; };
		6EB8456C21EE5DE3005346CC /* AppDelegate.m in Sources */ = {isa = PBXBuildFile; fileRef = 6EB8456421EE5DE3005346CC /* AppDelegate.m */; };
		C2E08E88D2C89768C7551208 /* libPods-DemoObjciOS.a in Frameworks */ = {isa = PBXBuildFile; fileRef = DB76E67DE203C5276D6958C5 /* libPods-DemoObjciOS.a */; };
/* End PBXBuildFile section */

/* Begin PBXContainerItemProxy section */
		6E4DD97421E67A6500B0C2C7 /* PBXContainerItemProxy */ = {
			isa = PBXContainerItemProxy;
			containerPortal = 6E4DD96D21E67A6500B0C2C7 /* OptimizelySwiftSDK.xcodeproj */;
			proxyType = 2;
			remoteGlobalIDString = 6EBAEB6C21E3FEF800D13AA9;
			remoteInfo = OptimizelySwiftSDKiOS;
		};
		6E4DD97621E67A6500B0C2C7 /* PBXContainerItemProxy */ = {
			isa = PBXContainerItemProxy;
			containerPortal = 6E4DD96D21E67A6500B0C2C7 /* OptimizelySwiftSDK.xcodeproj */;
			proxyType = 2;
			remoteGlobalIDString = 6E614DCD21E3F389005982A1;
			remoteInfo = OptimizelySwiftSDKtvOS;
		};
		6E4DD97821E67A6500B0C2C7 /* PBXContainerItemProxy */ = {
			isa = PBXContainerItemProxy;
			containerPortal = 6E4DD96D21E67A6500B0C2C7 /* OptimizelySwiftSDK.xcodeproj */;
			proxyType = 2;
			remoteGlobalIDString = 6EBAEB7421E3FEF900D13AA9;
			remoteInfo = OptimizelySwiftSDKiOSTests;
		};
		6E4DD97A21E67A6500B0C2C7 /* PBXContainerItemProxy */ = {
			isa = PBXContainerItemProxy;
			containerPortal = 6E4DD96D21E67A6500B0C2C7 /* OptimizelySwiftSDK.xcodeproj */;
			proxyType = 2;
			remoteGlobalIDString = 6E614DD521E3F38A005982A1;
			remoteInfo = OptimizelySwiftSDKtvOSTests;
		};
		6E4DD97E21E67AAD00B0C2C7 /* PBXContainerItemProxy */ = {
			isa = PBXContainerItemProxy;
			containerPortal = 6E4DD96D21E67A6500B0C2C7 /* OptimizelySwiftSDK.xcodeproj */;
			proxyType = 1;
			remoteGlobalIDString = 6EBAEB6B21E3FEF800D13AA9;
			remoteInfo = OptimizelySwiftSDKiOS;
		};
		6E4DD98221E67ABA00B0C2C7 /* PBXContainerItemProxy */ = {
			isa = PBXContainerItemProxy;
			containerPortal = 6E4DD96D21E67A6500B0C2C7 /* OptimizelySwiftSDK.xcodeproj */;
			proxyType = 1;
			remoteGlobalIDString = 6E614DCC21E3F389005982A1;
			remoteInfo = OptimizelySwiftSDKtvOS;
		};
		6E8D3244226FAC4F00478458 /* PBXContainerItemProxy */ = {
			isa = PBXContainerItemProxy;
			containerPortal = 6E4DD96D21E67A6500B0C2C7 /* OptimizelySwiftSDK.xcodeproj */;
			proxyType = 2;
			remoteGlobalIDString = 6EA4256A2218E60A00B074B5;
			remoteInfo = "OptimizelyTests-Common-iOS";
		};
		6E8D3246226FAC4F00478458 /* PBXContainerItemProxy */ = {
			isa = PBXContainerItemProxy;
			containerPortal = 6E4DD96D21E67A6500B0C2C7 /* OptimizelySwiftSDK.xcodeproj */;
			proxyType = 2;
			remoteGlobalIDString = 6E636B8C2236C91F00AF3CEF;
			remoteInfo = "OptimizelyTests-APIs-iOS";
		};
		6E8D3248226FAC4F00478458 /* PBXContainerItemProxy */ = {
			isa = PBXContainerItemProxy;
			containerPortal = 6E4DD96D21E67A6500B0C2C7 /* OptimizelySwiftSDK.xcodeproj */;
			proxyType = 2;
			remoteGlobalIDString = 6EA425792218E61E00B074B5;
			remoteInfo = "OptimizelyTests-DataModel-iOS";
		};
		6E8D324A226FAC4F00478458 /* PBXContainerItemProxy */ = {
			isa = PBXContainerItemProxy;
			containerPortal = 6E4DD96D21E67A6500B0C2C7 /* OptimizelySwiftSDK.xcodeproj */;
			proxyType = 2;
			remoteGlobalIDString = 6EA4265B2219242100B074B5;
			remoteInfo = "OptimizelyTests-Others-iOS";
		};
		6E8D324C226FAC4F00478458 /* PBXContainerItemProxy */ = {
			isa = PBXContainerItemProxy;
			containerPortal = 6E4DD96D21E67A6500B0C2C7 /* OptimizelySwiftSDK.xcodeproj */;
			proxyType = 2;
			remoteGlobalIDString = 6E636B9B2236C96700AF3CEF;
			remoteInfo = "OptimizelyTests-Legacy-iOS";
		};
		6E8D324E226FAC4F00478458 /* PBXContainerItemProxy */ = {
			isa = PBXContainerItemProxy;
			containerPortal = 6E4DD96D21E67A6500B0C2C7 /* OptimizelySwiftSDK.xcodeproj */;
			proxyType = 2;
			remoteGlobalIDString = 6EA425082218E41500B074B5;
			remoteInfo = "OptimizelyTests-Common-tvOS";
		};
		6E8D3250226FAC4F00478458 /* PBXContainerItemProxy */ = {
			isa = PBXContainerItemProxy;
			containerPortal = 6E4DD96D21E67A6500B0C2C7 /* OptimizelySwiftSDK.xcodeproj */;
			proxyType = 2;
			remoteGlobalIDString = 6EA4255B2218E58400B074B5;
			remoteInfo = "OptimizelyTests-DataModel-tvOS";
		};
		6E8D3252226FAC4F00478458 /* PBXContainerItemProxy */ = {
			isa = PBXContainerItemProxy;
			containerPortal = 6E4DD96D21E67A6500B0C2C7 /* OptimizelySwiftSDK.xcodeproj */;
			proxyType = 2;
			remoteGlobalIDString = 6EA4266A2219243D00B074B5;
			remoteInfo = "OptimizelyTests-Others-tvOS";
		};
/* End PBXContainerItemProxy section */

/* Begin PBXCopyFilesBuildPhase section */
		6E4DD93B21E6708E00B0C2C7 /* Embed Frameworks */ = {
			isa = PBXCopyFilesBuildPhase;
			buildActionMask = 2147483647;
			dstPath = "";
			dstSubfolderSpec = 10;
			files = (
				6E4DD97D21E67AAD00B0C2C7 /* Optimizely.framework in Embed Frameworks */,
			);
			name = "Embed Frameworks";
			runOnlyForDeploymentPostprocessing = 0;
		};
		6E4DD93F21E6709600B0C2C7 /* Embed Frameworks */ = {
			isa = PBXCopyFilesBuildPhase;
			buildActionMask = 2147483647;
			dstPath = "";
			dstSubfolderSpec = 10;
			files = (
				6E4DD98121E67ABA00B0C2C7 /* Optimizely.framework in Embed Frameworks */,
			);
			name = "Embed Frameworks";
			runOnlyForDeploymentPostprocessing = 0;
		};
/* End PBXCopyFilesBuildPhase section */

/* Begin PBXFileReference section */
		2CE090EEBD47E05884C417C0 /* libPods-DemoObjctvOS.a */ = {isa = PBXFileReference; explicitFileType = archive.ar; includeInIndex = 0; path = "libPods-DemoObjctvOS.a"; sourceTree = BUILT_PRODUCTS_DIR; };
		3EFD1578D8AB431E6FD4B8FE /* Pods-DemoObjctvOS.debug.xcconfig */ = {isa = PBXFileReference; includeInIndex = 1; lastKnownFileType = text.xcconfig; name = "Pods-DemoObjctvOS.debug.xcconfig"; path = "../Pods/Target Support Files/Pods-DemoObjctvOS/Pods-DemoObjctvOS.debug.xcconfig"; sourceTree = "<group>"; };
		6E4DD96D21E67A6500B0C2C7 /* OptimizelySwiftSDK.xcodeproj */ = {isa = PBXFileReference; lastKnownFileType = "wrapper.pb-project"; name = OptimizelySwiftSDK.xcodeproj; path = ../OptimizelySDK/OptimizelySwiftSDK.xcodeproj; sourceTree = "<group>"; };
		6E96811321EE94DA009B7FEC /* CustomNotificationCenter.h */ = {isa = PBXFileReference; lastKnownFileType = sourcecode.c.h; path = CustomNotificationCenter.h; sourceTree = "<group>"; };
		6E96811421EE94DA009B7FEC /* CustomNotificationCenter.m */ = {isa = PBXFileReference; lastKnownFileType = sourcecode.c.objc; path = CustomNotificationCenter.m; sourceTree = "<group>"; };
		6E96817521EEA321009B7FEC /* Base */ = {isa = PBXFileReference; lastKnownFileType = file.storyboard; name = Base; path = Base.lproj/tvOSMain.storyboard; sourceTree = "<group>"; };
		6E96817621EEA321009B7FEC /* Info.plist */ = {isa = PBXFileReference; fileEncoding = 4; lastKnownFileType = text.plist.xml; path = Info.plist; sourceTree = "<group>"; };
		6E96817921EEA321009B7FEC /* Base */ = {isa = PBXFileReference; lastKnownFileType = file.storyboard; name = Base; path = Base.lproj/iOSMain.storyboard; sourceTree = "<group>"; };
		6E96817A21EEA321009B7FEC /* Info.plist */ = {isa = PBXFileReference; fileEncoding = 4; lastKnownFileType = text.plist.xml; path = Info.plist; sourceTree = "<group>"; };
		6E9681A321EEA3D8009B7FEC /* Assets.xcassets */ = {isa = PBXFileReference; lastKnownFileType = folder.assetcatalog; path = Assets.xcassets; sourceTree = "<group>"; };
		6E9681A521EEA3D8009B7FEC /* Assets.xcassets */ = {isa = PBXFileReference; lastKnownFileType = folder.assetcatalog; path = Assets.xcassets; sourceTree = "<group>"; };
		6E9681A721EEA3D8009B7FEC /* Roboto-Medium.ttf */ = {isa = PBXFileReference; lastKnownFileType = file; path = "Roboto-Medium.ttf"; sourceTree = "<group>"; };
		6E9681A821EEA3D8009B7FEC /* demoTestDatafile.json */ = {isa = PBXFileReference; fileEncoding = 4; lastKnownFileType = text.json; path = demoTestDatafile.json; sourceTree = "<group>"; };
		6E9681A921EEA3D8009B7FEC /* ProximaNova-Regular.otf */ = {isa = PBXFileReference; lastKnownFileType = file; path = "ProximaNova-Regular.otf"; sourceTree = "<group>"; };
		6E9681D421EFA5B2009B7FEC /* CustomLogger.h */ = {isa = PBXFileReference; fileEncoding = 4; lastKnownFileType = sourcecode.c.h; path = CustomLogger.h; sourceTree = "<group>"; };
		6E9681D721EFA5B2009B7FEC /* CustomLogger.m */ = {isa = PBXFileReference; fileEncoding = 4; lastKnownFileType = sourcecode.c.objc; path = CustomLogger.m; sourceTree = "<group>"; };
		6EB8456321EE5DE3005346CC /* SplashScreenViewController.h */ = {isa = PBXFileReference; fileEncoding = 4; lastKnownFileType = sourcecode.c.h; path = SplashScreenViewController.h; sourceTree = "<group>"; };
		6EB8456421EE5DE3005346CC /* AppDelegate.m */ = {isa = PBXFileReference; fileEncoding = 4; lastKnownFileType = sourcecode.c.objc; path = AppDelegate.m; sourceTree = "<group>"; };
		6EB8456521EE5DE3005346CC /* VariationViewController.m */ = {isa = PBXFileReference; fileEncoding = 4; lastKnownFileType = sourcecode.c.objc; path = VariationViewController.m; sourceTree = "<group>"; };
		6EB8456621EE5DE3005346CC /* VariationViewController.h */ = {isa = PBXFileReference; fileEncoding = 4; lastKnownFileType = sourcecode.c.h; path = VariationViewController.h; sourceTree = "<group>"; };
		6EB8456721EE5DE3005346CC /* FailureViewController.m */ = {isa = PBXFileReference; fileEncoding = 4; lastKnownFileType = sourcecode.c.objc; path = FailureViewController.m; sourceTree = "<group>"; };
		6EB8456821EE5DE3005346CC /* FailureViewController.h */ = {isa = PBXFileReference; fileEncoding = 4; lastKnownFileType = sourcecode.c.h; path = FailureViewController.h; sourceTree = "<group>"; };
		6EB8456921EE5DE3005346CC /* SplashScreenViewController.m */ = {isa = PBXFileReference; fileEncoding = 4; lastKnownFileType = sourcecode.c.objc; path = SplashScreenViewController.m; sourceTree = "<group>"; };
		6EB8456A21EE5DE3005346CC /* AppDelegate.h */ = {isa = PBXFileReference; fileEncoding = 4; lastKnownFileType = sourcecode.c.h; path = AppDelegate.h; sourceTree = "<group>"; };
		6EF7498E21E404BB008B22A0 /* DemoObjciOS.app */ = {isa = PBXFileReference; explicitFileType = wrapper.application; includeInIndex = 0; path = DemoObjciOS.app; sourceTree = BUILT_PRODUCTS_DIR; };
		6EF7499F21E404BC008B22A0 /* main.m */ = {isa = PBXFileReference; lastKnownFileType = sourcecode.c.objc; path = main.m; sourceTree = "<group>"; };
		6EF749A821E404D6008B22A0 /* DemoObjctvOS.app */ = {isa = PBXFileReference; explicitFileType = wrapper.application; includeInIndex = 0; path = DemoObjctvOS.app; sourceTree = BUILT_PRODUCTS_DIR; };
		762D1F9E4AA702083D17C4C9 /* Pods-DemoObjciOS.release.xcconfig */ = {isa = PBXFileReference; includeInIndex = 1; lastKnownFileType = text.xcconfig; name = "Pods-DemoObjciOS.release.xcconfig"; path = "../Pods/Target Support Files/Pods-DemoObjciOS/Pods-DemoObjciOS.release.xcconfig"; sourceTree = "<group>"; };
		D47F5FC88600AFD4E656D50A /* Pods-DemoObjciOS.debug.xcconfig */ = {isa = PBXFileReference; includeInIndex = 1; lastKnownFileType = text.xcconfig; name = "Pods-DemoObjciOS.debug.xcconfig"; path = "../Pods/Target Support Files/Pods-DemoObjciOS/Pods-DemoObjciOS.debug.xcconfig"; sourceTree = "<group>"; };
		D58542E1B5771327083E56E2 /* Pods-DemoObjctvOS.release.xcconfig */ = {isa = PBXFileReference; includeInIndex = 1; lastKnownFileType = text.xcconfig; name = "Pods-DemoObjctvOS.release.xcconfig"; path = "../Pods/Target Support Files/Pods-DemoObjctvOS/Pods-DemoObjctvOS.release.xcconfig"; sourceTree = "<group>"; };
		DB76E67DE203C5276D6958C5 /* libPods-DemoObjciOS.a */ = {isa = PBXFileReference; explicitFileType = archive.ar; includeInIndex = 0; path = "libPods-DemoObjciOS.a"; sourceTree = BUILT_PRODUCTS_DIR; };
/* End PBXFileReference section */

/* Begin PBXFrameworksBuildPhase section */
		6EF7498B21E404BB008B22A0 /* Frameworks */ = {
			isa = PBXFrameworksBuildPhase;
			buildActionMask = 2147483647;
			files = (
				6E4DD97C21E67AAD00B0C2C7 /* Optimizely.framework in Frameworks */,
				C2E08E88D2C89768C7551208 /* libPods-DemoObjciOS.a in Frameworks */,
			);
			runOnlyForDeploymentPostprocessing = 0;
		};
		6EF749A521E404D6008B22A0 /* Frameworks */ = {
			isa = PBXFrameworksBuildPhase;
			buildActionMask = 2147483647;
			files = (
				6E4DD98021E67ABA00B0C2C7 /* Optimizely.framework in Frameworks */,
				6923C05F4FFD7394581F4361 /* libPods-DemoObjctvOS.a in Frameworks */,
			);
			runOnlyForDeploymentPostprocessing = 0;
		};
/* End PBXFrameworksBuildPhase section */

/* Begin PBXGroup section */
		6E4DD96E21E67A6500B0C2C7 /* Products */ = {
			isa = PBXGroup;
			children = (
				6E4DD97521E67A6500B0C2C7 /* Optimizely.framework */,
				6E4DD97721E67A6500B0C2C7 /* Optimizely.framework */,
				6E4DD97921E67A6500B0C2C7 /* OptimizelyTests-iOS.xctest */,
				6E8D3245226FAC4F00478458 /* OptimizelyTests-Common-iOS.xctest */,
				6E8D3247226FAC4F00478458 /* OptimizelyTests-APIs-iOS.xctest */,
				6E8D3249226FAC4F00478458 /* OptimizelyTests-DataModel-iOS.xctest */,
				6E8D324B226FAC4F00478458 /* OptimizelyTests-Others-iOS.xctest */,
				6E8D324D226FAC4F00478458 /* OptimizelyTests-Legacy-iOS.xctest */,
				6E4DD97B21E67A6500B0C2C7 /* OptimizelyTests-tvOS.xctest */,
				6E8D324F226FAC4F00478458 /* OptimizelyTests-Common-tvOS.xctest */,
				6E8D3251226FAC4F00478458 /* OptimizelyTests-DataModel-tvOS.xctest */,
				6E8D3253226FAC4F00478458 /* OptimizelyTests-Others-tvOS.xctest */,
			);
			name = Products;
			sourceTree = "<group>";
		};
		6E96812021EE957B009B7FEC /* Customization */ = {
			isa = PBXGroup;
			children = (
				6E9681D421EFA5B2009B7FEC /* CustomLogger.h */,
				6E9681D721EFA5B2009B7FEC /* CustomLogger.m */,
				6E96811321EE94DA009B7FEC /* CustomNotificationCenter.h */,
				6E96811421EE94DA009B7FEC /* CustomNotificationCenter.m */,
			);
			path = Customization;
			sourceTree = "<group>";
		};
		6E96817321EEA321009B7FEC /* DemoObjctvOS */ = {
			isa = PBXGroup;
			children = (
				6E96817421EEA321009B7FEC /* tvOSMain.storyboard */,
				6E96817621EEA321009B7FEC /* Info.plist */,
			);
			path = DemoObjctvOS;
			sourceTree = "<group>";
		};
		6E96817721EEA321009B7FEC /* DemoObjciOS */ = {
			isa = PBXGroup;
			children = (
				6E96817821EEA321009B7FEC /* iOSMain.storyboard */,
				6E96817A21EEA321009B7FEC /* Info.plist */,
			);
			path = DemoObjciOS;
			sourceTree = "<group>";
		};
		6E9681A121EEA3D8009B7FEC /* SharedResources */ = {
			isa = PBXGroup;
			children = (
				6E9681A421EEA3D8009B7FEC /* DemoSwiftiOS */,
				6E9681A221EEA3D8009B7FEC /* DemoSwifttvOS */,
				6E9681A621EEA3D8009B7FEC /* Resources */,
			);
			name = SharedResources;
			path = ../DemoSwiftApp/SharedResources;
			sourceTree = "<group>";
		};
		6E9681A221EEA3D8009B7FEC /* DemoSwifttvOS */ = {
			isa = PBXGroup;
			children = (
				6E9681A321EEA3D8009B7FEC /* Assets.xcassets */,
			);
			path = DemoSwifttvOS;
			sourceTree = "<group>";
		};
		6E9681A421EEA3D8009B7FEC /* DemoSwiftiOS */ = {
			isa = PBXGroup;
			children = (
				6E9681A521EEA3D8009B7FEC /* Assets.xcassets */,
			);
			path = DemoSwiftiOS;
			sourceTree = "<group>";
		};
		6E9681A621EEA3D8009B7FEC /* Resources */ = {
			isa = PBXGroup;
			children = (
				6E9681A821EEA3D8009B7FEC /* demoTestDatafile.json */,
				6E9681A721EEA3D8009B7FEC /* Roboto-Medium.ttf */,
				6E9681A921EEA3D8009B7FEC /* ProximaNova-Regular.otf */,
			);
			path = Resources;
			sourceTree = "<group>";
		};
		6EF7496621E40467008B22A0 = {
			isa = PBXGroup;
			children = (
				6EB8456A21EE5DE3005346CC /* AppDelegate.h */,
				6EB8456421EE5DE3005346CC /* AppDelegate.m */,
				6EB8456621EE5DE3005346CC /* VariationViewController.h */,
				6EB8456521EE5DE3005346CC /* VariationViewController.m */,
				6EB8456821EE5DE3005346CC /* FailureViewController.h */,
				6EB8456721EE5DE3005346CC /* FailureViewController.m */,
				6EB8456321EE5DE3005346CC /* SplashScreenViewController.h */,
				6EB8456921EE5DE3005346CC /* SplashScreenViewController.m */,
				6E96812021EE957B009B7FEC /* Customization */,
				6E96817721EEA321009B7FEC /* DemoObjciOS */,
				6E96817321EEA321009B7FEC /* DemoObjctvOS */,
				6E9681A121EEA3D8009B7FEC /* SharedResources */,
				6EF7499F21E404BC008B22A0 /* main.m */,
				6EF7497021E40467008B22A0 /* Products */,
				EC8D1C27EBC6923BEA837213 /* Pods */,
				E4F9C3F25D5A22985B6E41CD /* Frameworks */,
			);
			sourceTree = "<group>";
		};
		6EF7497021E40467008B22A0 /* Products */ = {
			isa = PBXGroup;
			children = (
				6EF7498E21E404BB008B22A0 /* DemoObjciOS.app */,
				6EF749A821E404D6008B22A0 /* DemoObjctvOS.app */,
			);
			name = Products;
			sourceTree = "<group>";
		};
		E4F9C3F25D5A22985B6E41CD /* Frameworks */ = {
			isa = PBXGroup;
			children = (
				6E4DD96D21E67A6500B0C2C7 /* OptimizelySwiftSDK.xcodeproj */,
				2CE090EEBD47E05884C417C0 /* libPods-DemoObjctvOS.a */,
				DB76E67DE203C5276D6958C5 /* libPods-DemoObjciOS.a */,
			);
			name = Frameworks;
			sourceTree = "<group>";
		};
		EC8D1C27EBC6923BEA837213 /* Pods */ = {
			isa = PBXGroup;
			children = (
				3EFD1578D8AB431E6FD4B8FE /* Pods-DemoObjctvOS.debug.xcconfig */,
				D58542E1B5771327083E56E2 /* Pods-DemoObjctvOS.release.xcconfig */,
				D47F5FC88600AFD4E656D50A /* Pods-DemoObjciOS.debug.xcconfig */,
				762D1F9E4AA702083D17C4C9 /* Pods-DemoObjciOS.release.xcconfig */,
			);
			name = Pods;
			sourceTree = "<group>";
		};
/* End PBXGroup section */

/* Begin PBXNativeTarget section */
		6EF7498D21E404BB008B22A0 /* DemoObjciOS */ = {
			isa = PBXNativeTarget;
			buildConfigurationList = 6EF749A321E404BC008B22A0 /* Build configuration list for PBXNativeTarget "DemoObjciOS" */;
			buildPhases = (
				2F1B7311527875610A091577 /* [CP] Check Pods Manifest.lock */,
				6EF7498A21E404BB008B22A0 /* Sources */,
				6EF7498B21E404BB008B22A0 /* Frameworks */,
				6EF7498C21E404BB008B22A0 /* Resources */,
				6E4DD93B21E6708E00B0C2C7 /* Embed Frameworks */,
			);
			buildRules = (
			);
			dependencies = (
				6E4DD97F21E67AAD00B0C2C7 /* PBXTargetDependency */,
			);
			name = DemoObjciOS;
			productName = DemoObjcAppiOS;
			productReference = 6EF7498E21E404BB008B22A0 /* DemoObjciOS.app */;
			productType = "com.apple.product-type.application";
		};
		6EF749A721E404D6008B22A0 /* DemoObjctvOS */ = {
			isa = PBXNativeTarget;
			buildConfigurationList = 6EF749B821E404D7008B22A0 /* Build configuration list for PBXNativeTarget "DemoObjctvOS" */;
			buildPhases = (
				50156C3313666B2B516DE355 /* [CP] Check Pods Manifest.lock */,
				6EF749A421E404D6008B22A0 /* Sources */,
				6EF749A521E404D6008B22A0 /* Frameworks */,
				6EF749A621E404D6008B22A0 /* Resources */,
				6E4DD93F21E6709600B0C2C7 /* Embed Frameworks */,
			);
			buildRules = (
			);
			dependencies = (
				6E4DD98321E67ABA00B0C2C7 /* PBXTargetDependency */,
			);
			name = DemoObjctvOS;
			productName = DemoObjcApptvOS;
			productReference = 6EF749A821E404D6008B22A0 /* DemoObjctvOS.app */;
			productType = "com.apple.product-type.application";
		};
/* End PBXNativeTarget section */

/* Begin PBXProject section */
		6EF7496721E40467008B22A0 /* Project object */ = {
			isa = PBXProject;
			attributes = {
				LastUpgradeCheck = 1010;
				ORGANIZATIONNAME = Optimizely;
				TargetAttributes = {
					6EF7498D21E404BB008B22A0 = {
						CreatedOnToolsVersion = 10.1;
						SystemCapabilities = {
							com.apple.BackgroundModes = {
								enabled = 0;
							};
						};
					};
					6EF749A721E404D6008B22A0 = {
						CreatedOnToolsVersion = 10.1;
					};
				};
			};
			buildConfigurationList = 6EF7496A21E40467008B22A0 /* Build configuration list for PBXProject "DemoObjcApp" */;
			compatibilityVersion = "Xcode 9.3";
			developmentRegion = en;
			hasScannedForEncodings = 0;
			knownRegions = (
				en,
				Base,
			);
			mainGroup = 6EF7496621E40467008B22A0;
			productRefGroup = 6EF7497021E40467008B22A0 /* Products */;
			projectDirPath = "";
			projectReferences = (
				{
					ProductGroup = 6E4DD96E21E67A6500B0C2C7 /* Products */;
					ProjectRef = 6E4DD96D21E67A6500B0C2C7 /* OptimizelySwiftSDK.xcodeproj */;
				},
			);
			projectRoot = "";
			targets = (
				6EF7498D21E404BB008B22A0 /* DemoObjciOS */,
				6EF749A721E404D6008B22A0 /* DemoObjctvOS */,
			);
		};
/* End PBXProject section */

/* Begin PBXReferenceProxy section */
		6E4DD97521E67A6500B0C2C7 /* Optimizely.framework */ = {
			isa = PBXReferenceProxy;
			fileType = wrapper.framework;
			path = Optimizely.framework;
			remoteRef = 6E4DD97421E67A6500B0C2C7 /* PBXContainerItemProxy */;
			sourceTree = BUILT_PRODUCTS_DIR;
		};
		6E4DD97721E67A6500B0C2C7 /* Optimizely.framework */ = {
			isa = PBXReferenceProxy;
			fileType = wrapper.framework;
			path = Optimizely.framework;
			remoteRef = 6E4DD97621E67A6500B0C2C7 /* PBXContainerItemProxy */;
			sourceTree = BUILT_PRODUCTS_DIR;
		};
		6E4DD97921E67A6500B0C2C7 /* OptimizelyTests-iOS.xctest */ = {
			isa = PBXReferenceProxy;
			fileType = wrapper.cfbundle;
			path = "OptimizelyTests-iOS.xctest";
			remoteRef = 6E4DD97821E67A6500B0C2C7 /* PBXContainerItemProxy */;
			sourceTree = BUILT_PRODUCTS_DIR;
		};
		6E4DD97B21E67A6500B0C2C7 /* OptimizelyTests-tvOS.xctest */ = {
			isa = PBXReferenceProxy;
			fileType = wrapper.cfbundle;
			path = "OptimizelyTests-tvOS.xctest";
			remoteRef = 6E4DD97A21E67A6500B0C2C7 /* PBXContainerItemProxy */;
			sourceTree = BUILT_PRODUCTS_DIR;
		};
		6E8D3245226FAC4F00478458 /* OptimizelyTests-Common-iOS.xctest */ = {
			isa = PBXReferenceProxy;
			fileType = wrapper.cfbundle;
			path = "OptimizelyTests-Common-iOS.xctest";
			remoteRef = 6E8D3244226FAC4F00478458 /* PBXContainerItemProxy */;
			sourceTree = BUILT_PRODUCTS_DIR;
		};
		6E8D3247226FAC4F00478458 /* OptimizelyTests-APIs-iOS.xctest */ = {
			isa = PBXReferenceProxy;
			fileType = wrapper.cfbundle;
			path = "OptimizelyTests-APIs-iOS.xctest";
			remoteRef = 6E8D3246226FAC4F00478458 /* PBXContainerItemProxy */;
			sourceTree = BUILT_PRODUCTS_DIR;
		};
		6E8D3249226FAC4F00478458 /* OptimizelyTests-DataModel-iOS.xctest */ = {
			isa = PBXReferenceProxy;
			fileType = wrapper.cfbundle;
			path = "OptimizelyTests-DataModel-iOS.xctest";
			remoteRef = 6E8D3248226FAC4F00478458 /* PBXContainerItemProxy */;
			sourceTree = BUILT_PRODUCTS_DIR;
		};
		6E8D324B226FAC4F00478458 /* OptimizelyTests-Others-iOS.xctest */ = {
			isa = PBXReferenceProxy;
			fileType = wrapper.cfbundle;
			path = "OptimizelyTests-Others-iOS.xctest";
			remoteRef = 6E8D324A226FAC4F00478458 /* PBXContainerItemProxy */;
			sourceTree = BUILT_PRODUCTS_DIR;
		};
		6E8D324D226FAC4F00478458 /* OptimizelyTests-Legacy-iOS.xctest */ = {
			isa = PBXReferenceProxy;
			fileType = wrapper.cfbundle;
			path = "OptimizelyTests-Legacy-iOS.xctest";
			remoteRef = 6E8D324C226FAC4F00478458 /* PBXContainerItemProxy */;
			sourceTree = BUILT_PRODUCTS_DIR;
		};
		6E8D324F226FAC4F00478458 /* OptimizelyTests-Common-tvOS.xctest */ = {
			isa = PBXReferenceProxy;
			fileType = wrapper.cfbundle;
			path = "OptimizelyTests-Common-tvOS.xctest";
			remoteRef = 6E8D324E226FAC4F00478458 /* PBXContainerItemProxy */;
			sourceTree = BUILT_PRODUCTS_DIR;
		};
		6E8D3251226FAC4F00478458 /* OptimizelyTests-DataModel-tvOS.xctest */ = {
			isa = PBXReferenceProxy;
			fileType = wrapper.cfbundle;
			path = "OptimizelyTests-DataModel-tvOS.xctest";
			remoteRef = 6E8D3250226FAC4F00478458 /* PBXContainerItemProxy */;
			sourceTree = BUILT_PRODUCTS_DIR;
		};
		6E8D3253226FAC4F00478458 /* OptimizelyTests-Others-tvOS.xctest */ = {
			isa = PBXReferenceProxy;
			fileType = wrapper.cfbundle;
			path = "OptimizelyTests-Others-tvOS.xctest";
			remoteRef = 6E8D3252226FAC4F00478458 /* PBXContainerItemProxy */;
			sourceTree = BUILT_PRODUCTS_DIR;
		};
/* End PBXReferenceProxy section */

/* Begin PBXResourcesBuildPhase section */
		6EF7498C21E404BB008B22A0 /* Resources */ = {
			isa = PBXResourcesBuildPhase;
			buildActionMask = 2147483647;
			files = (
				6E96817F21EEA321009B7FEC /* iOSMain.storyboard in Resources */,
				6E9681B221EEA3D8009B7FEC /* ProximaNova-Regular.otf in Resources */,
				6E9681AE21EEA3D8009B7FEC /* Roboto-Medium.ttf in Resources */,
				6E9681B021EEA3D8009B7FEC /* demoTestDatafile.json in Resources */,
				6E9681AC21EEA3D8009B7FEC /* Assets.xcassets in Resources */,
			);
			runOnlyForDeploymentPostprocessing = 0;
		};
		6EF749A621E404D6008B22A0 /* Resources */ = {
			isa = PBXResourcesBuildPhase;
			buildActionMask = 2147483647;
			files = (
				6E9681B321EEA3D8009B7FEC /* ProximaNova-Regular.otf in Resources */,
				6E9681AF21EEA3D8009B7FEC /* Roboto-Medium.ttf in Resources */,
				6E9681B121EEA3D8009B7FEC /* demoTestDatafile.json in Resources */,
				6E96817C21EEA321009B7FEC /* tvOSMain.storyboard in Resources */,
				6E9681AB21EEA3D8009B7FEC /* Assets.xcassets in Resources */,
			);
			runOnlyForDeploymentPostprocessing = 0;
		};
/* End PBXResourcesBuildPhase section */

/* Begin PBXShellScriptBuildPhase section */
		2F1B7311527875610A091577 /* [CP] Check Pods Manifest.lock */ = {
			isa = PBXShellScriptBuildPhase;
			buildActionMask = 2147483647;
			files = (
			);
			inputFileListPaths = (
			);
			inputPaths = (
				"${PODS_PODFILE_DIR_PATH}/Podfile.lock",
				"${PODS_ROOT}/Manifest.lock",
			);
			name = "[CP] Check Pods Manifest.lock";
			outputFileListPaths = (
			);
			outputPaths = (
				"$(DERIVED_FILE_DIR)/Pods-DemoObjciOS-checkManifestLockResult.txt",
			);
			runOnlyForDeploymentPostprocessing = 0;
			shellPath = /bin/sh;
			shellScript = "diff \"${PODS_PODFILE_DIR_PATH}/Podfile.lock\" \"${PODS_ROOT}/Manifest.lock\" > /dev/null\nif [ $? != 0 ] ; then\n    # print error to STDERR\n    echo \"error: The sandbox is not in sync with the Podfile.lock. Run 'pod install' or update your CocoaPods installation.\" >&2\n    exit 1\nfi\n# This output is used by Xcode 'outputs' to avoid re-running this script phase.\necho \"SUCCESS\" > \"${SCRIPT_OUTPUT_FILE_0}\"\n";
			showEnvVarsInLog = 0;
		};
		50156C3313666B2B516DE355 /* [CP] Check Pods Manifest.lock */ = {
			isa = PBXShellScriptBuildPhase;
			buildActionMask = 2147483647;
			files = (
			);
			inputFileListPaths = (
			);
			inputPaths = (
				"${PODS_PODFILE_DIR_PATH}/Podfile.lock",
				"${PODS_ROOT}/Manifest.lock",
			);
			name = "[CP] Check Pods Manifest.lock";
			outputFileListPaths = (
			);
			outputPaths = (
				"$(DERIVED_FILE_DIR)/Pods-DemoObjctvOS-checkManifestLockResult.txt",
			);
			runOnlyForDeploymentPostprocessing = 0;
			shellPath = /bin/sh;
			shellScript = "diff \"${PODS_PODFILE_DIR_PATH}/Podfile.lock\" \"${PODS_ROOT}/Manifest.lock\" > /dev/null\nif [ $? != 0 ] ; then\n    # print error to STDERR\n    echo \"error: The sandbox is not in sync with the Podfile.lock. Run 'pod install' or update your CocoaPods installation.\" >&2\n    exit 1\nfi\n# This output is used by Xcode 'outputs' to avoid re-running this script phase.\necho \"SUCCESS\" > \"${SCRIPT_OUTPUT_FILE_0}\"\n";
			showEnvVarsInLog = 0;
		};
/* End PBXShellScriptBuildPhase section */

/* Begin PBXSourcesBuildPhase section */
		6EF7498A21E404BB008B22A0 /* Sources */ = {
			isa = PBXSourcesBuildPhase;
			buildActionMask = 2147483647;
			files = (
				6E9681BA21EEB361009B7FEC /* VariationViewController.m in Sources */,
				6EB8456B21EE5DE3005346CC /* AppDelegate.m in Sources */,
				6E9681D821EFA5B2009B7FEC /* CustomLogger.m in Sources */,
				6E9681BB21EEB361009B7FEC /* FailureViewController.m in Sources */,
				6E96811521EE94DA009B7FEC /* CustomNotificationCenter.m in Sources */,
				6E4DD7F721E51E5500B0C2C7 /* main.m in Sources */,
				6E9681BC21EEB361009B7FEC /* SplashScreenViewController.m in Sources */,
			);
			runOnlyForDeploymentPostprocessing = 0;
		};
		6EF749A421E404D6008B22A0 /* Sources */ = {
			isa = PBXSourcesBuildPhase;
			buildActionMask = 2147483647;
			files = (
				6E9681BD21EEB364009B7FEC /* VariationViewController.m in Sources */,
				6EB8456C21EE5DE3005346CC /* AppDelegate.m in Sources */,
				6E9681D921EFA5B2009B7FEC /* CustomLogger.m in Sources */,
				6E9681BE21EEB364009B7FEC /* FailureViewController.m in Sources */,
				6E96811621EE94DA009B7FEC /* CustomNotificationCenter.m in Sources */,
				6E4DD7F821E51E5600B0C2C7 /* main.m in Sources */,
				6E9681BF21EEB364009B7FEC /* SplashScreenViewController.m in Sources */,
			);
			runOnlyForDeploymentPostprocessing = 0;
		};
/* End PBXSourcesBuildPhase section */

/* Begin PBXTargetDependency section */
		6E4DD97F21E67AAD00B0C2C7 /* PBXTargetDependency */ = {
			isa = PBXTargetDependency;
			name = OptimizelySwiftSDKiOS;
			targetProxy = 6E4DD97E21E67AAD00B0C2C7 /* PBXContainerItemProxy */;
		};
		6E4DD98321E67ABA00B0C2C7 /* PBXTargetDependency */ = {
			isa = PBXTargetDependency;
			name = OptimizelySwiftSDKtvOS;
			targetProxy = 6E4DD98221E67ABA00B0C2C7 /* PBXContainerItemProxy */;
		};
/* End PBXTargetDependency section */

/* Begin PBXVariantGroup section */
		6E96817421EEA321009B7FEC /* tvOSMain.storyboard */ = {
			isa = PBXVariantGroup;
			children = (
				6E96817521EEA321009B7FEC /* Base */,
			);
			name = tvOSMain.storyboard;
			sourceTree = "<group>";
		};
		6E96817821EEA321009B7FEC /* iOSMain.storyboard */ = {
			isa = PBXVariantGroup;
			children = (
				6E96817921EEA321009B7FEC /* Base */,
			);
			name = iOSMain.storyboard;
			sourceTree = "<group>";
		};
/* End PBXVariantGroup section */

/* Begin XCBuildConfiguration section */
		6EF7498321E40468008B22A0 /* Debug */ = {
			isa = XCBuildConfiguration;
			buildSettings = {
				ALWAYS_EMBED_SWIFT_STANDARD_LIBRARIES = YES;
				ALWAYS_SEARCH_USER_PATHS = NO;
				CLANG_ANALYZER_NONNULL = YES;
				CLANG_ANALYZER_NUMBER_OBJECT_CONVERSION = YES_AGGRESSIVE;
				CLANG_CXX_LANGUAGE_STANDARD = "gnu++14";
				CLANG_CXX_LIBRARY = "libc++";
				CLANG_ENABLE_MODULES = YES;
				CLANG_ENABLE_OBJC_ARC = YES;
				CLANG_ENABLE_OBJC_WEAK = YES;
				CLANG_WARN_BLOCK_CAPTURE_AUTORELEASING = YES;
				CLANG_WARN_BOOL_CONVERSION = YES;
				CLANG_WARN_COMMA = YES;
				CLANG_WARN_CONSTANT_CONVERSION = YES;
				CLANG_WARN_DEPRECATED_OBJC_IMPLEMENTATIONS = YES;
				CLANG_WARN_DIRECT_OBJC_ISA_USAGE = YES_ERROR;
				CLANG_WARN_DOCUMENTATION_COMMENTS = YES;
				CLANG_WARN_EMPTY_BODY = YES;
				CLANG_WARN_ENUM_CONVERSION = YES;
				CLANG_WARN_INFINITE_RECURSION = YES;
				CLANG_WARN_INT_CONVERSION = YES;
				CLANG_WARN_NON_LITERAL_NULL_CONVERSION = YES;
				CLANG_WARN_OBJC_IMPLICIT_RETAIN_SELF = YES;
				CLANG_WARN_OBJC_LITERAL_CONVERSION = YES;
				CLANG_WARN_OBJC_ROOT_CLASS = YES_ERROR;
				CLANG_WARN_RANGE_LOOP_ANALYSIS = YES;
				CLANG_WARN_STRICT_PROTOTYPES = YES;
				CLANG_WARN_SUSPICIOUS_MOVE = YES;
				CLANG_WARN_UNGUARDED_AVAILABILITY = YES_AGGRESSIVE;
				CLANG_WARN_UNREACHABLE_CODE = YES;
				CLANG_WARN__DUPLICATE_METHOD_MATCH = YES;
				CODE_SIGN_IDENTITY = "iPhone Developer";
				COPY_PHASE_STRIP = NO;
				DEBUG_INFORMATION_FORMAT = dwarf;
				ENABLE_STRICT_OBJC_MSGSEND = YES;
				ENABLE_TESTABILITY = YES;
				GCC_C_LANGUAGE_STANDARD = gnu11;
				GCC_DYNAMIC_NO_PIC = NO;
				GCC_NO_COMMON_BLOCKS = YES;
				GCC_OPTIMIZATION_LEVEL = 0;
				GCC_PREPROCESSOR_DEFINITIONS = (
					"DEBUG=1",
					"$(inherited)",
				);
				GCC_WARN_64_TO_32_BIT_CONVERSION = YES;
				GCC_WARN_ABOUT_RETURN_TYPE = YES_ERROR;
				GCC_WARN_UNDECLARED_SELECTOR = YES;
				GCC_WARN_UNINITIALIZED_AUTOS = YES_AGGRESSIVE;
				GCC_WARN_UNUSED_FUNCTION = YES;
				GCC_WARN_UNUSED_VARIABLE = YES;
				IPHONEOS_DEPLOYMENT_TARGET = 12.0;
				MTL_ENABLE_DEBUG_INFO = INCLUDE_SOURCE;
				MTL_FAST_MATH = YES;
				ONLY_ACTIVE_ARCH = YES;
				SDKROOT = iphoneos;
			};
			name = Debug;
		};
		6EF7498421E40468008B22A0 /* Release */ = {
			isa = XCBuildConfiguration;
			buildSettings = {
				ALWAYS_EMBED_SWIFT_STANDARD_LIBRARIES = YES;
				ALWAYS_SEARCH_USER_PATHS = NO;
				CLANG_ANALYZER_NONNULL = YES;
				CLANG_ANALYZER_NUMBER_OBJECT_CONVERSION = YES_AGGRESSIVE;
				CLANG_CXX_LANGUAGE_STANDARD = "gnu++14";
				CLANG_CXX_LIBRARY = "libc++";
				CLANG_ENABLE_MODULES = YES;
				CLANG_ENABLE_OBJC_ARC = YES;
				CLANG_ENABLE_OBJC_WEAK = YES;
				CLANG_WARN_BLOCK_CAPTURE_AUTORELEASING = YES;
				CLANG_WARN_BOOL_CONVERSION = YES;
				CLANG_WARN_COMMA = YES;
				CLANG_WARN_CONSTANT_CONVERSION = YES;
				CLANG_WARN_DEPRECATED_OBJC_IMPLEMENTATIONS = YES;
				CLANG_WARN_DIRECT_OBJC_ISA_USAGE = YES_ERROR;
				CLANG_WARN_DOCUMENTATION_COMMENTS = YES;
				CLANG_WARN_EMPTY_BODY = YES;
				CLANG_WARN_ENUM_CONVERSION = YES;
				CLANG_WARN_INFINITE_RECURSION = YES;
				CLANG_WARN_INT_CONVERSION = YES;
				CLANG_WARN_NON_LITERAL_NULL_CONVERSION = YES;
				CLANG_WARN_OBJC_IMPLICIT_RETAIN_SELF = YES;
				CLANG_WARN_OBJC_LITERAL_CONVERSION = YES;
				CLANG_WARN_OBJC_ROOT_CLASS = YES_ERROR;
				CLANG_WARN_RANGE_LOOP_ANALYSIS = YES;
				CLANG_WARN_STRICT_PROTOTYPES = YES;
				CLANG_WARN_SUSPICIOUS_MOVE = YES;
				CLANG_WARN_UNGUARDED_AVAILABILITY = YES_AGGRESSIVE;
				CLANG_WARN_UNREACHABLE_CODE = YES;
				CLANG_WARN__DUPLICATE_METHOD_MATCH = YES;
				CODE_SIGN_IDENTITY = "iPhone Developer";
				COPY_PHASE_STRIP = NO;
				DEBUG_INFORMATION_FORMAT = "dwarf-with-dsym";
				ENABLE_NS_ASSERTIONS = NO;
				ENABLE_STRICT_OBJC_MSGSEND = YES;
				GCC_C_LANGUAGE_STANDARD = gnu11;
				GCC_NO_COMMON_BLOCKS = YES;
				GCC_WARN_64_TO_32_BIT_CONVERSION = YES;
				GCC_WARN_ABOUT_RETURN_TYPE = YES_ERROR;
				GCC_WARN_UNDECLARED_SELECTOR = YES;
				GCC_WARN_UNINITIALIZED_AUTOS = YES_AGGRESSIVE;
				GCC_WARN_UNUSED_FUNCTION = YES;
				GCC_WARN_UNUSED_VARIABLE = YES;
				IPHONEOS_DEPLOYMENT_TARGET = 12.0;
				MTL_ENABLE_DEBUG_INFO = NO;
				MTL_FAST_MATH = YES;
				SDKROOT = iphoneos;
				VALIDATE_PRODUCT = YES;
			};
			name = Release;
		};
		6EF749A121E404BC008B22A0 /* Debug */ = {
			isa = XCBuildConfiguration;
			baseConfigurationReference = D47F5FC88600AFD4E656D50A /* Pods-DemoObjciOS.debug.xcconfig */;
			buildSettings = {
				ALWAYS_EMBED_SWIFT_STANDARD_LIBRARIES = YES;
				ASSETCATALOG_COMPILER_APPICON_NAME = AppIcon;
				ASSETCATALOG_COMPILER_LAUNCHIMAGE_NAME = LaunchImage;
				CODE_SIGN_STYLE = Automatic;
				INFOPLIST_FILE = ../DemoSwiftApp/DemoSwiftiOS/Info.plist;
				LD_RUNPATH_SEARCH_PATHS = (
					"$(inherited)",
					"@executable_path/Frameworks",
				);
				PRODUCT_BUNDLE_IDENTIFIER = com.optimizely.DemoObjciOS;
				PRODUCT_NAME = "$(TARGET_NAME)";
				TARGETED_DEVICE_FAMILY = "1,2";
			};
			name = Debug;
		};
		6EF749A221E404BC008B22A0 /* Release */ = {
			isa = XCBuildConfiguration;
			baseConfigurationReference = 762D1F9E4AA702083D17C4C9 /* Pods-DemoObjciOS.release.xcconfig */;
			buildSettings = {
				ALWAYS_EMBED_SWIFT_STANDARD_LIBRARIES = YES;
				ASSETCATALOG_COMPILER_APPICON_NAME = AppIcon;
				ASSETCATALOG_COMPILER_LAUNCHIMAGE_NAME = LaunchImage;
				CODE_SIGN_STYLE = Automatic;
				INFOPLIST_FILE = ../DemoSwiftApp/DemoSwiftiOS/Info.plist;
				LD_RUNPATH_SEARCH_PATHS = (
					"$(inherited)",
					"@executable_path/Frameworks",
				);
				PRODUCT_BUNDLE_IDENTIFIER = com.optimizely.DemoObjciOS;
				PRODUCT_NAME = "$(TARGET_NAME)";
				TARGETED_DEVICE_FAMILY = "1,2";
			};
			name = Release;
		};
		6EF749B921E404D7008B22A0 /* Debug */ = {
			isa = XCBuildConfiguration;
			baseConfigurationReference = 3EFD1578D8AB431E6FD4B8FE /* Pods-DemoObjctvOS.debug.xcconfig */;
			buildSettings = {
				ASSETCATALOG_COMPILER_APPICON_NAME = "App Icon & Top Shelf Image";
				ASSETCATALOG_COMPILER_LAUNCHIMAGE_NAME = LaunchImage;
				CODE_SIGN_STYLE = Automatic;
				INFOPLIST_FILE = ../DemoSwiftApp/DemoSwifttvOS/Info.plist;
				LD_RUNPATH_SEARCH_PATHS = (
					"$(inherited)",
					"@executable_path/Frameworks",
				);
				PRODUCT_BUNDLE_IDENTIFIER = com.optimizely.DemoObjctvOS;
				PRODUCT_NAME = "$(TARGET_NAME)";
				SDKROOT = appletvos;
				TARGETED_DEVICE_FAMILY = 3;
				TVOS_DEPLOYMENT_TARGET = 12.0;
			};
			name = Debug;
		};
		6EF749BA21E404D7008B22A0 /* Release */ = {
			isa = XCBuildConfiguration;
			baseConfigurationReference = D58542E1B5771327083E56E2 /* Pods-DemoObjctvOS.release.xcconfig */;
			buildSettings = {
				ASSETCATALOG_COMPILER_APPICON_NAME = "App Icon & Top Shelf Image";
				ASSETCATALOG_COMPILER_LAUNCHIMAGE_NAME = LaunchImage;
				CODE_SIGN_STYLE = Automatic;
				INFOPLIST_FILE = ../DemoSwiftApp/DemoSwifttvOS/Info.plist;
				LD_RUNPATH_SEARCH_PATHS = (
					"$(inherited)",
					"@executable_path/Frameworks",
				);
				PRODUCT_BUNDLE_IDENTIFIER = com.optimizely.DemoObjctvOS;
				PRODUCT_NAME = "$(TARGET_NAME)";
				SDKROOT = appletvos;
				TARGETED_DEVICE_FAMILY = 3;
				TVOS_DEPLOYMENT_TARGET = 12.0;
			};
			name = Release;
		};
/* End XCBuildConfiguration section */

/* Begin XCConfigurationList section */
		6EF7496A21E40467008B22A0 /* Build configuration list for PBXProject "DemoObjcApp" */ = {
			isa = XCConfigurationList;
			buildConfigurations = (
				6EF7498321E40468008B22A0 /* Debug */,
				6EF7498421E40468008B22A0 /* Release */,
			);
			defaultConfigurationIsVisible = 0;
			defaultConfigurationName = Release;
		};
		6EF749A321E404BC008B22A0 /* Build configuration list for PBXNativeTarget "DemoObjciOS" */ = {
			isa = XCConfigurationList;
			buildConfigurations = (
				6EF749A121E404BC008B22A0 /* Debug */,
				6EF749A221E404BC008B22A0 /* Release */,
			);
			defaultConfigurationIsVisible = 0;
			defaultConfigurationName = Release;
		};
		6EF749B821E404D7008B22A0 /* Build configuration list for PBXNativeTarget "DemoObjctvOS" */ = {
			isa = XCConfigurationList;
			buildConfigurations = (
				6EF749B921E404D7008B22A0 /* Debug */,
				6EF749BA21E404D7008B22A0 /* Release */,
			);
			defaultConfigurationIsVisible = 0;
			defaultConfigurationName = Release;
		};
/* End XCConfigurationList section */
	};
	rootObject = 6EF7496721E40467008B22A0 /* Project object */;
}
