// !$*UTF8*$!
{
	archiveVersion = 1;
	classes = {
	};
	objectVersion = 46;
	objects = {

/* Begin PBXBuildFile section */
		25C6F3B621C95D1700C2EBDD /* AppDelegate.swift in Sources */ = {isa = PBXBuildFile; fileRef = EA299EE21E55313B00931399 /* AppDelegate.swift */; };
		25C6F3B721C95D1800C2EBDD /* AppDelegate.swift in Sources */ = {isa = PBXBuildFile; fileRef = EA299EE21E55313B00931399 /* AppDelegate.swift */; };
		25C6F3BC21C95D2100C2EBDD /* VariationViewController.swift in Sources */ = {isa = PBXBuildFile; fileRef = EA299EE51E55313B00931399 /* VariationViewController.swift */; };
		25C6F3BD21C95D2100C2EBDD /* VariationViewController.swift in Sources */ = {isa = PBXBuildFile; fileRef = EA299EE51E55313B00931399 /* VariationViewController.swift */; };
		5015D17687408F548F31F1A6 /* Pods_DemoSwifttvOS.framework in Frameworks */ = {isa = PBXBuildFile; fileRef = CCC404BE4046CDA1D3A9C26B /* Pods_DemoSwifttvOS.framework */; };
		6E4D2FDF22C5455400062EB3 /* Optimizely.framework in Frameworks */ = {isa = PBXBuildFile; fileRef = 6E4D2FC822C5454400062EB3 /* Optimizely.framework */; };
		6E4D2FE022C5455400062EB3 /* Optimizely.framework in Embed Frameworks */ = {isa = PBXBuildFile; fileRef = 6E4D2FC822C5454400062EB3 /* Optimizely.framework */; settings = {ATTRIBUTES = (CodeSignOnCopy, RemoveHeadersOnCopy, ); }; };
		6E4D2FE322C5456700062EB3 /* Optimizely.framework in Frameworks */ = {isa = PBXBuildFile; fileRef = 6E4D2FCA22C5454400062EB3 /* Optimizely.framework */; };
		6E4D2FE422C5456700062EB3 /* Optimizely.framework in Embed Frameworks */ = {isa = PBXBuildFile; fileRef = 6E4D2FCA22C5454400062EB3 /* Optimizely.framework */; settings = {ATTRIBUTES = (CodeSignOnCopy, RemoveHeadersOnCopy, ); }; };
		6E96819921EEA391009B7FEC /* Roboto-Medium.ttf in Resources */ = {isa = PBXBuildFile; fileRef = 6E96819221EEA391009B7FEC /* Roboto-Medium.ttf */; };
		6E96819A21EEA391009B7FEC /* Roboto-Medium.ttf in Resources */ = {isa = PBXBuildFile; fileRef = 6E96819221EEA391009B7FEC /* Roboto-Medium.ttf */; };
		6E96819B21EEA391009B7FEC /* demoTestDatafile.json in Resources */ = {isa = PBXBuildFile; fileRef = 6E96819321EEA391009B7FEC /* demoTestDatafile.json */; };
		6E96819C21EEA391009B7FEC /* demoTestDatafile.json in Resources */ = {isa = PBXBuildFile; fileRef = 6E96819321EEA391009B7FEC /* demoTestDatafile.json */; };
		6E96819D21EEA391009B7FEC /* ProximaNova-Regular.otf in Resources */ = {isa = PBXBuildFile; fileRef = 6E96819421EEA391009B7FEC /* ProximaNova-Regular.otf */; };
		6E96819E21EEA391009B7FEC /* ProximaNova-Regular.otf in Resources */ = {isa = PBXBuildFile; fileRef = 6E96819421EEA391009B7FEC /* ProximaNova-Regular.otf */; };
		6E96819F21EEA3B3009B7FEC /* Assets.xcassets in Resources */ = {isa = PBXBuildFile; fileRef = 6E96819021EEA391009B7FEC /* Assets.xcassets */; };
		6E9681A021EEA3B7009B7FEC /* Assets.xcassets in Resources */ = {isa = PBXBuildFile; fileRef = 6E96818E21EEA391009B7FEC /* Assets.xcassets */; };
		6E9FC9BA2548E1B7006AD345 /* iOSMain.storyboard in Resources */ = {isa = PBXBuildFile; fileRef = EA299EDD1E55312200931399 /* iOSMain.storyboard */; };
		6EDBCE0022710E87009DF724 /* CustomLogger.swift in Sources */ = {isa = PBXBuildFile; fileRef = 6EDBCDF522710E87009DF724 /* CustomLogger.swift */; };
		6EDBCE0122710E87009DF724 /* CustomLogger.swift in Sources */ = {isa = PBXBuildFile; fileRef = 6EDBCDF522710E87009DF724 /* CustomLogger.swift */; };
		6EF2CF1D21E4158A00A5D78D /* tvOSMain.storyboard in Resources */ = {isa = PBXBuildFile; fileRef = 6EF2CF1B21E4158A00A5D78D /* tvOSMain.storyboard */; };
		6EFA31F5227BB60E006FA572 /* SamplesForAPI.swift in Sources */ = {isa = PBXBuildFile; fileRef = 6EFA31F4227BB60E006FA572 /* SamplesForAPI.swift */; };
		6EFA3212227CD571006FA572 /* SamplesForAPI.swift in Sources */ = {isa = PBXBuildFile; fileRef = 6EFA31F4227BB60E006FA572 /* SamplesForAPI.swift */; };
		75C71C4F25E45A960084187E /* DemoSwiftwatchOS WatchKit App.app in Embed Watch Content */ = {isa = PBXBuildFile; fileRef = 75C71C4E25E45A960084187E /* DemoSwiftwatchOS WatchKit App.app */; settings = {ATTRIBUTES = (RemoveHeadersOnCopy, ); }; };
		75C71C5525E45A960084187E /* Interface.storyboard in Resources */ = {isa = PBXBuildFile; fileRef = 75C71C5325E45A960084187E /* Interface.storyboard */; };
		75C71C5725E45A980084187E /* Assets.xcassets in Resources */ = {isa = PBXBuildFile; fileRef = 75C71C5625E45A980084187E /* Assets.xcassets */; };
		75C71C5E25E45A980084187E /* DemoSwiftwatchOS WatchKit Extension.appex in Embed App Extensions */ = {isa = PBXBuildFile; fileRef = 75C71C5D25E45A980084187E /* DemoSwiftwatchOS WatchKit Extension.appex */; settings = {ATTRIBUTES = (RemoveHeadersOnCopy, ); }; };
		75C71C6325E45A980084187E /* InterfaceController.swift in Sources */ = {isa = PBXBuildFile; fileRef = 75C71C6225E45A980084187E /* InterfaceController.swift */; };
		75C71C6525E45A980084187E /* ExtensionDelegate.swift in Sources */ = {isa = PBXBuildFile; fileRef = 75C71C6425E45A980084187E /* ExtensionDelegate.swift */; };
		75C71C6925E45A980084187E /* Assets.xcassets in Resources */ = {isa = PBXBuildFile; fileRef = 75C71C6825E45A980084187E /* Assets.xcassets */; };
		75C71C8825E45B5C0084187E /* Optimizely.framework in Frameworks */ = {isa = PBXBuildFile; fileRef = 75C71C8125E45A980084187E /* Optimizely.framework */; };
		75C71C8925E45B5C0084187E /* Optimizely.framework in Embed Frameworks */ = {isa = PBXBuildFile; fileRef = 75C71C8125E45A980084187E /* Optimizely.framework */; settings = {ATTRIBUTES = (CodeSignOnCopy, RemoveHeadersOnCopy, ); }; };
		75F4CCC60342B5ECEE4A706D /* Pods_DemoSwiftiOS.framework in Frameworks */ = {isa = PBXBuildFile; fileRef = 0B886F5E161647DB427A8FBC /* Pods_DemoSwiftiOS.framework */; };
/* End PBXBuildFile section */

/* Begin PBXContainerItemProxy section */
		6E4D2FC722C5454400062EB3 /* PBXContainerItemProxy */ = {
			isa = PBXContainerItemProxy;
			containerPortal = 6E4D2FB822C5454400062EB3 /* OptimizelySwiftSDK.xcodeproj */;
			proxyType = 2;
			remoteGlobalIDString = 6EBAEB6C21E3FEF800D13AA9;
			remoteInfo = "OptimizelySwiftSDK-iOS";
		};
		6E4D2FC922C5454400062EB3 /* PBXContainerItemProxy */ = {
			isa = PBXContainerItemProxy;
			containerPortal = 6E4D2FB822C5454400062EB3 /* OptimizelySwiftSDK.xcodeproj */;
			proxyType = 2;
			remoteGlobalIDString = 6E614DCD21E3F389005982A1;
			remoteInfo = "OptimizelySwiftSDK-tvOS";
		};
		6E4D2FCB22C5454400062EB3 /* PBXContainerItemProxy */ = {
			isa = PBXContainerItemProxy;
			containerPortal = 6E4D2FB822C5454400062EB3 /* OptimizelySwiftSDK.xcodeproj */;
			proxyType = 2;
			remoteGlobalIDString = 6EBAEB7421E3FEF900D13AA9;
			remoteInfo = "OptimizelyTests-iOS";
		};
		6E4D2FCD22C5454400062EB3 /* PBXContainerItemProxy */ = {
			isa = PBXContainerItemProxy;
			containerPortal = 6E4D2FB822C5454400062EB3 /* OptimizelySwiftSDK.xcodeproj */;
			proxyType = 2;
			remoteGlobalIDString = 6EA4256A2218E60A00B074B5;
			remoteInfo = "OptimizelyTests-Common-iOS";
		};
		6E4D2FCF22C5454400062EB3 /* PBXContainerItemProxy */ = {
			isa = PBXContainerItemProxy;
			containerPortal = 6E4D2FB822C5454400062EB3 /* OptimizelySwiftSDK.xcodeproj */;
			proxyType = 2;
			remoteGlobalIDString = 6E636B8C2236C91F00AF3CEF;
			remoteInfo = "OptimizelyTests-APIs-iOS";
		};
		6E4D2FD122C5454400062EB3 /* PBXContainerItemProxy */ = {
			isa = PBXContainerItemProxy;
			containerPortal = 6E4D2FB822C5454400062EB3 /* OptimizelySwiftSDK.xcodeproj */;
			proxyType = 2;
			remoteGlobalIDString = 6EA425792218E61E00B074B5;
			remoteInfo = "OptimizelyTests-DataModel-iOS";
		};
		6E4D2FD322C5454400062EB3 /* PBXContainerItemProxy */ = {
			isa = PBXContainerItemProxy;
			containerPortal = 6E4D2FB822C5454400062EB3 /* OptimizelySwiftSDK.xcodeproj */;
			proxyType = 2;
			remoteGlobalIDString = 6EA4265B2219242100B074B5;
			remoteInfo = "OptimizelyTests-Others-iOS";
		};
		6E4D2FD522C5454400062EB3 /* PBXContainerItemProxy */ = {
			isa = PBXContainerItemProxy;
			containerPortal = 6E4D2FB822C5454400062EB3 /* OptimizelySwiftSDK.xcodeproj */;
			proxyType = 2;
			remoteGlobalIDString = 6E636B9B2236C96700AF3CEF;
			remoteInfo = "OptimizelyTests-Legacy-iOS";
		};
		6E4D2FD722C5454400062EB3 /* PBXContainerItemProxy */ = {
			isa = PBXContainerItemProxy;
			containerPortal = 6E4D2FB822C5454400062EB3 /* OptimizelySwiftSDK.xcodeproj */;
			proxyType = 2;
			remoteGlobalIDString = 6E614DD521E3F38A005982A1;
			remoteInfo = "OptimizelyTests-tvOS";
		};
		6E4D2FD922C5454400062EB3 /* PBXContainerItemProxy */ = {
			isa = PBXContainerItemProxy;
			containerPortal = 6E4D2FB822C5454400062EB3 /* OptimizelySwiftSDK.xcodeproj */;
			proxyType = 2;
			remoteGlobalIDString = 6EA425082218E41500B074B5;
			remoteInfo = "OptimizelyTests-Common-tvOS";
		};
		6E4D2FDB22C5454400062EB3 /* PBXContainerItemProxy */ = {
			isa = PBXContainerItemProxy;
			containerPortal = 6E4D2FB822C5454400062EB3 /* OptimizelySwiftSDK.xcodeproj */;
			proxyType = 2;
			remoteGlobalIDString = 6EA4255B2218E58400B074B5;
			remoteInfo = "OptimizelyTests-DataModel-tvOS";
		};
		6E4D2FDD22C5454400062EB3 /* PBXContainerItemProxy */ = {
			isa = PBXContainerItemProxy;
			containerPortal = 6E4D2FB822C5454400062EB3 /* OptimizelySwiftSDK.xcodeproj */;
			proxyType = 2;
			remoteGlobalIDString = 6EA4266A2219243D00B074B5;
			remoteInfo = "OptimizelyTests-Others-tvOS";
		};
		6E4D2FE122C5455400062EB3 /* PBXContainerItemProxy */ = {
			isa = PBXContainerItemProxy;
			containerPortal = 6E4D2FB822C5454400062EB3 /* OptimizelySwiftSDK.xcodeproj */;
			proxyType = 1;
			remoteGlobalIDString = 6EBAEB6B21E3FEF800D13AA9;
			remoteInfo = "OptimizelySwiftSDK-iOS";
		};
		6E4D2FE522C5456700062EB3 /* PBXContainerItemProxy */ = {
			isa = PBXContainerItemProxy;
			containerPortal = 6E4D2FB822C5454400062EB3 /* OptimizelySwiftSDK.xcodeproj */;
			proxyType = 1;
			remoteGlobalIDString = 6E614DCC21E3F389005982A1;
			remoteInfo = "OptimizelySwiftSDK-tvOS";
		};
		6EF41A892523D22C00EAADF1 /* PBXContainerItemProxy */ = {
			isa = PBXContainerItemProxy;
			containerPortal = 6E4D2FB822C5454400062EB3 /* OptimizelySwiftSDK.xcodeproj */;
			proxyType = 2;
			remoteGlobalIDString = BD6485812491474500F30986;
			remoteInfo = "OptimizelySwiftSDK-macOS";
		};
		6EF41A8B2523D22C00EAADF1 /* PBXContainerItemProxy */ = {
			isa = PBXContainerItemProxy;
			containerPortal = 6E4D2FB822C5454400062EB3 /* OptimizelySwiftSDK.xcodeproj */;
			proxyType = 2;
			remoteGlobalIDString = 6E14CD632423F80B00010234;
			remoteInfo = "OptimizelyTests-Batch-iOS";
		};
		75C71C5025E45A960084187E /* PBXContainerItemProxy */ = {
			isa = PBXContainerItemProxy;
			containerPortal = EA5246B51DC7186800AF6685 /* Project object */;
			proxyType = 1;
			remoteGlobalIDString = 75C71C4D25E45A960084187E;
			remoteInfo = "DemoSwiftwatchOS WatchKit App";
		};
		75C71C5F25E45A980084187E /* PBXContainerItemProxy */ = {
			isa = PBXContainerItemProxy;
			containerPortal = EA5246B51DC7186800AF6685 /* Project object */;
			proxyType = 1;
			remoteGlobalIDString = 75C71C5C25E45A980084187E;
			remoteInfo = "DemoSwiftwatchOS WatchKit Extension";
		};
		75C71C8025E45A980084187E /* PBXContainerItemProxy */ = {
			isa = PBXContainerItemProxy;
			containerPortal = 6E4D2FB822C5454400062EB3 /* OptimizelySwiftSDK.xcodeproj */;
			proxyType = 2;
			remoteGlobalIDString = 75C719BB25E4519B0084187E;
			remoteInfo = "OptimizelySwiftSDK-watchOS";
		};
		75C71C8D25E45B7A0084187E /* PBXContainerItemProxy */ = {
			isa = PBXContainerItemProxy;
			containerPortal = 6E4D2FB822C5454400062EB3 /* OptimizelySwiftSDK.xcodeproj */;
			proxyType = 1;
			remoteGlobalIDString = 75C719BA25E4519B0084187E;
			remoteInfo = "OptimizelySwiftSDK-watchOS";
		};
/* End PBXContainerItemProxy section */

/* Begin PBXCopyFilesBuildPhase section */
		6ECDA22322C53A2A00DD2CB0 /* Embed Frameworks */ = {
			isa = PBXCopyFilesBuildPhase;
			buildActionMask = 2147483647;
			dstPath = "";
			dstSubfolderSpec = 10;
			files = (
				6E4D2FE022C5455400062EB3 /* Optimizely.framework in Embed Frameworks */,
			);
			name = "Embed Frameworks";
			runOnlyForDeploymentPostprocessing = 0;
		};
		6ECDA22722C53A3F00DD2CB0 /* Embed Frameworks */ = {
			isa = PBXCopyFilesBuildPhase;
			buildActionMask = 2147483647;
			dstPath = "";
			dstSubfolderSpec = 10;
			files = (
				6E4D2FE422C5456700062EB3 /* Optimizely.framework in Embed Frameworks */,
			);
			name = "Embed Frameworks";
			runOnlyForDeploymentPostprocessing = 0;
		};
		75C71C6D25E45A980084187E /* Embed Watch Content */ = {
			isa = PBXCopyFilesBuildPhase;
			buildActionMask = 2147483647;
			dstPath = "$(CONTENTS_FOLDER_PATH)/Watch";
			dstSubfolderSpec = 16;
			files = (
				75C71C4F25E45A960084187E /* DemoSwiftwatchOS WatchKit App.app in Embed Watch Content */,
			);
			name = "Embed Watch Content";
			runOnlyForDeploymentPostprocessing = 0;
		};
		75C71C7025E45A980084187E /* Embed App Extensions */ = {
			isa = PBXCopyFilesBuildPhase;
			buildActionMask = 2147483647;
			dstPath = "";
			dstSubfolderSpec = 13;
			files = (
				75C71C5E25E45A980084187E /* DemoSwiftwatchOS WatchKit Extension.appex in Embed App Extensions */,
			);
			name = "Embed App Extensions";
			runOnlyForDeploymentPostprocessing = 0;
		};
		75C71C8A25E45B5C0084187E /* Embed Frameworks */ = {
			isa = PBXCopyFilesBuildPhase;
			buildActionMask = 2147483647;
			dstPath = "";
			dstSubfolderSpec = 10;
			files = (
				75C71C8925E45B5C0084187E /* Optimizely.framework in Embed Frameworks */,
			);
			name = "Embed Frameworks";
			runOnlyForDeploymentPostprocessing = 0;
		};
/* End PBXCopyFilesBuildPhase section */

/* Begin PBXFileReference section */
		0B886F5E161647DB427A8FBC /* Pods_DemoSwiftiOS.framework */ = {isa = PBXFileReference; explicitFileType = wrapper.framework; includeInIndex = 0; path = Pods_DemoSwiftiOS.framework; sourceTree = BUILT_PRODUCTS_DIR; };
		252D7DED21C8800800134A7A /* DemoSwiftiOS.app */ = {isa = PBXFileReference; explicitFileType = wrapper.application; includeInIndex = 0; path = DemoSwiftiOS.app; sourceTree = BUILT_PRODUCTS_DIR; };
		252D7E1121C8804E00134A7A /* DemoSwifttvOS.app */ = {isa = PBXFileReference; explicitFileType = wrapper.application; includeInIndex = 0; path = DemoSwifttvOS.app; sourceTree = BUILT_PRODUCTS_DIR; };
		6E4D2FB822C5454400062EB3 /* OptimizelySwiftSDK.xcodeproj */ = {isa = PBXFileReference; lastKnownFileType = "wrapper.pb-project"; name = OptimizelySwiftSDK.xcodeproj; path = ../OptimizelySwiftSDK.xcodeproj; sourceTree = "<group>"; };
		6E96818E21EEA391009B7FEC /* Assets.xcassets */ = {isa = PBXFileReference; lastKnownFileType = folder.assetcatalog; path = Assets.xcassets; sourceTree = "<group>"; };
		6E96819021EEA391009B7FEC /* Assets.xcassets */ = {isa = PBXFileReference; lastKnownFileType = folder.assetcatalog; path = Assets.xcassets; sourceTree = "<group>"; };
		6E96819221EEA391009B7FEC /* Roboto-Medium.ttf */ = {isa = PBXFileReference; lastKnownFileType = file; path = "Roboto-Medium.ttf"; sourceTree = "<group>"; };
		6E96819321EEA391009B7FEC /* demoTestDatafile.json */ = {isa = PBXFileReference; fileEncoding = 4; lastKnownFileType = text.json; path = demoTestDatafile.json; sourceTree = "<group>"; };
		6E96819421EEA391009B7FEC /* ProximaNova-Regular.otf */ = {isa = PBXFileReference; lastKnownFileType = file; path = "ProximaNova-Regular.otf"; sourceTree = "<group>"; };
		6EDBCDF522710E87009DF724 /* CustomLogger.swift */ = {isa = PBXFileReference; fileEncoding = 4; lastKnownFileType = sourcecode.swift; path = CustomLogger.swift; sourceTree = "<group>"; };
		6EF2CF1C21E4158A00A5D78D /* Base */ = {isa = PBXFileReference; lastKnownFileType = file.storyboard; name = Base; path = Base.lproj/tvOSMain.storyboard; sourceTree = "<group>"; };
		6EFA31F4227BB60E006FA572 /* SamplesForAPI.swift */ = {isa = PBXFileReference; lastKnownFileType = sourcecode.swift; path = SamplesForAPI.swift; sourceTree = "<group>"; };
		75C71C4B25E45A960084187E /* DemoSwiftwatchOS.app */ = {isa = PBXFileReference; explicitFileType = wrapper.application; includeInIndex = 0; path = DemoSwiftwatchOS.app; sourceTree = BUILT_PRODUCTS_DIR; };
		75C71C4E25E45A960084187E /* DemoSwiftwatchOS WatchKit App.app */ = {isa = PBXFileReference; explicitFileType = wrapper.application; includeInIndex = 0; path = "DemoSwiftwatchOS WatchKit App.app"; sourceTree = BUILT_PRODUCTS_DIR; };
		75C71C5425E45A960084187E /* Base */ = {isa = PBXFileReference; lastKnownFileType = file.storyboard; name = Base; path = Base.lproj/Interface.storyboard; sourceTree = "<group>"; };
		75C71C5625E45A980084187E /* Assets.xcassets */ = {isa = PBXFileReference; lastKnownFileType = folder.assetcatalog; path = Assets.xcassets; sourceTree = "<group>"; };
		75C71C5825E45A980084187E /* Info.plist */ = {isa = PBXFileReference; lastKnownFileType = text.plist.xml; path = Info.plist; sourceTree = "<group>"; };
		75C71C5D25E45A980084187E /* DemoSwiftwatchOS WatchKit Extension.appex */ = {isa = PBXFileReference; explicitFileType = "wrapper.app-extension"; includeInIndex = 0; path = "DemoSwiftwatchOS WatchKit Extension.appex"; sourceTree = BUILT_PRODUCTS_DIR; };
		75C71C6225E45A980084187E /* InterfaceController.swift */ = {isa = PBXFileReference; lastKnownFileType = sourcecode.swift; path = InterfaceController.swift; sourceTree = "<group>"; };
		75C71C6425E45A980084187E /* ExtensionDelegate.swift */ = {isa = PBXFileReference; lastKnownFileType = sourcecode.swift; path = ExtensionDelegate.swift; sourceTree = "<group>"; };
		75C71C6825E45A980084187E /* Assets.xcassets */ = {isa = PBXFileReference; lastKnownFileType = folder.assetcatalog; path = Assets.xcassets; sourceTree = "<group>"; };
		75C71C6A25E45A980084187E /* Info.plist */ = {isa = PBXFileReference; lastKnownFileType = text.plist.xml; path = Info.plist; sourceTree = "<group>"; };
		9C185BE70FBE51067CFD104E /* Pods-DemoSwiftiOS.release.xcconfig */ = {isa = PBXFileReference; includeInIndex = 1; lastKnownFileType = text.xcconfig; name = "Pods-DemoSwiftiOS.release.xcconfig"; path = "../Pods/Target Support Files/Pods-DemoSwiftiOS/Pods-DemoSwiftiOS.release.xcconfig"; sourceTree = "<group>"; };
		B301A636D5072557B288E62C /* Pods-DemoSwifttvOS.release.xcconfig */ = {isa = PBXFileReference; includeInIndex = 1; lastKnownFileType = text.xcconfig; name = "Pods-DemoSwifttvOS.release.xcconfig"; path = "../Pods/Target Support Files/Pods-DemoSwifttvOS/Pods-DemoSwifttvOS.release.xcconfig"; sourceTree = "<group>"; };
		CCC404BE4046CDA1D3A9C26B /* Pods_DemoSwifttvOS.framework */ = {isa = PBXFileReference; explicitFileType = wrapper.framework; includeInIndex = 0; path = Pods_DemoSwifttvOS.framework; sourceTree = BUILT_PRODUCTS_DIR; };
		E4A4D2A6EBCC93081556F7A5 /* Pods-DemoSwiftiOS.debug.xcconfig */ = {isa = PBXFileReference; includeInIndex = 1; lastKnownFileType = text.xcconfig; name = "Pods-DemoSwiftiOS.debug.xcconfig"; path = "../Pods/Target Support Files/Pods-DemoSwiftiOS/Pods-DemoSwiftiOS.debug.xcconfig"; sourceTree = "<group>"; };
		EA299ED81E5530B800931399 /* Info.plist */ = {isa = PBXFileReference; fileEncoding = 4; lastKnownFileType = text.plist.xml; path = Info.plist; sourceTree = "<group>"; };
		EA299EDE1E55312200931399 /* Base */ = {isa = PBXFileReference; lastKnownFileType = file.storyboard; name = Base; path = Base.lproj/iOSMain.storyboard; sourceTree = "<group>"; };
		EA299EE21E55313B00931399 /* AppDelegate.swift */ = {isa = PBXFileReference; fileEncoding = 4; lastKnownFileType = sourcecode.swift; path = AppDelegate.swift; sourceTree = "<group>"; };
		EA299EE51E55313B00931399 /* VariationViewController.swift */ = {isa = PBXFileReference; fileEncoding = 4; lastKnownFileType = sourcecode.swift; path = VariationViewController.swift; sourceTree = "<group>"; };
		EA5246CC1DC7186800AF6685 /* Info.plist */ = {isa = PBXFileReference; lastKnownFileType = text.plist.xml; path = Info.plist; sourceTree = "<group>"; };
		FD873EDFB92782C5D1947834 /* Pods-DemoSwifttvOS.debug.xcconfig */ = {isa = PBXFileReference; includeInIndex = 1; lastKnownFileType = text.xcconfig; name = "Pods-DemoSwifttvOS.debug.xcconfig"; path = "../Pods/Target Support Files/Pods-DemoSwifttvOS/Pods-DemoSwifttvOS.debug.xcconfig"; sourceTree = "<group>"; };
/* End PBXFileReference section */

/* Begin PBXFrameworksBuildPhase section */
		252D7DEA21C8800800134A7A /* Frameworks */ = {
			isa = PBXFrameworksBuildPhase;
			buildActionMask = 2147483647;
			files = (
				6E4D2FDF22C5455400062EB3 /* Optimizely.framework in Frameworks */,
				75F4CCC60342B5ECEE4A706D /* Pods_DemoSwiftiOS.framework in Frameworks */,
			);
			runOnlyForDeploymentPostprocessing = 0;
		};
		252D7E0E21C8804E00134A7A /* Frameworks */ = {
			isa = PBXFrameworksBuildPhase;
			buildActionMask = 2147483647;
			files = (
				6E4D2FE322C5456700062EB3 /* Optimizely.framework in Frameworks */,
				5015D17687408F548F31F1A6 /* Pods_DemoSwifttvOS.framework in Frameworks */,
			);
			runOnlyForDeploymentPostprocessing = 0;
		};
		75C71C5A25E45A980084187E /* Frameworks */ = {
			isa = PBXFrameworksBuildPhase;
			buildActionMask = 2147483647;
			files = (
				75C71C8825E45B5C0084187E /* Optimizely.framework in Frameworks */,
			);
			runOnlyForDeploymentPostprocessing = 0;
		};
/* End PBXFrameworksBuildPhase section */

/* Begin PBXGroup section */
		5D9DAC78D3124F03BF2A7CC8 /* Pods */ = {
			isa = PBXGroup;
			children = (
				E4A4D2A6EBCC93081556F7A5 /* Pods-DemoSwiftiOS.debug.xcconfig */,
				9C185BE70FBE51067CFD104E /* Pods-DemoSwiftiOS.release.xcconfig */,
				FD873EDFB92782C5D1947834 /* Pods-DemoSwifttvOS.debug.xcconfig */,
				B301A636D5072557B288E62C /* Pods-DemoSwifttvOS.release.xcconfig */,
			);
			name = Pods;
			sourceTree = "<group>";
		};
		6E4D2FB922C5454400062EB3 /* Products */ = {
			isa = PBXGroup;
			children = (
				6E4D2FC822C5454400062EB3 /* Optimizely.framework */,
				6E4D2FCA22C5454400062EB3 /* Optimizely.framework */,
				6EF41A8A2523D22C00EAADF1 /* Optimizely.framework */,
				75C71C8125E45A980084187E /* Optimizely.framework */,
				6E4D2FCC22C5454400062EB3 /* OptimizelyTests-iOS.xctest */,
				6E4D2FCE22C5454400062EB3 /* OptimizelyTests-Common-iOS.xctest */,
				6EF41A8C2523D22C00EAADF1 /* OptimizelyTests-Batch-iOS.xctest */,
				6E4D2FD022C5454400062EB3 /* OptimizelyTests-APIs-iOS.xctest */,
				6E4D2FD222C5454400062EB3 /* OptimizelyTests-DataModel-iOS.xctest */,
				6E4D2FD422C5454400062EB3 /* OptimizelyTests-Others-iOS.xctest */,
				6E4D2FD622C5454400062EB3 /* OptimizelyTests-Legacy-iOS.xctest */,
				6E4D2FD822C5454400062EB3 /* OptimizelyTests-tvOS.xctest */,
				6E4D2FDA22C5454400062EB3 /* OptimizelyTests-Common-tvOS.xctest */,
				6E4D2FDC22C5454400062EB3 /* OptimizelyTests-DataModel-tvOS.xctest */,
				6E4D2FDE22C5454400062EB3 /* OptimizelyTests-Others-tvOS.xctest */,
			);
			name = Products;
			sourceTree = "<group>";
		};
		6E96811A21EE9552009B7FEC /* Customization */ = {
			isa = PBXGroup;
			children = (
				6EDBCDF522710E87009DF724 /* CustomLogger.swift */,
			);
			path = Customization;
			sourceTree = "<group>";
		};
		6E96818C21EEA391009B7FEC /* SharedResources */ = {
			isa = PBXGroup;
			children = (
				6E96818F21EEA391009B7FEC /* DemoSwiftiOS */,
				6E96818D21EEA391009B7FEC /* DemoSwifttvOS */,
				6E96819121EEA391009B7FEC /* Resources */,
			);
			path = SharedResources;
			sourceTree = "<group>";
		};
		6E96818D21EEA391009B7FEC /* DemoSwifttvOS */ = {
			isa = PBXGroup;
			children = (
				6E96818E21EEA391009B7FEC /* Assets.xcassets */,
			);
			path = DemoSwifttvOS;
			sourceTree = "<group>";
		};
		6E96818F21EEA391009B7FEC /* DemoSwiftiOS */ = {
			isa = PBXGroup;
			children = (
				6E96819021EEA391009B7FEC /* Assets.xcassets */,
			);
			path = DemoSwiftiOS;
			sourceTree = "<group>";
		};
		6E96819121EEA391009B7FEC /* Resources */ = {
			isa = PBXGroup;
			children = (
				6E96819321EEA391009B7FEC /* demoTestDatafile.json */,
				6E96819221EEA391009B7FEC /* Roboto-Medium.ttf */,
				6E96819421EEA391009B7FEC /* ProximaNova-Regular.otf */,
			);
			path = Resources;
			sourceTree = "<group>";
		};
		6EFA3229227CDDD3006FA572 /* Samples */ = {
			isa = PBXGroup;
			children = (
				6EFA31F4227BB60E006FA572 /* SamplesForAPI.swift */,
			);
			path = Samples;
			sourceTree = "<group>";
		};
		75C71C5225E45A960084187E /* DemoSwiftwatchOS WatchKit App */ = {
			isa = PBXGroup;
			children = (
				75C71C5325E45A960084187E /* Interface.storyboard */,
				75C71C5625E45A980084187E /* Assets.xcassets */,
				75C71C5825E45A980084187E /* Info.plist */,
			);
			path = "DemoSwiftwatchOS WatchKit App";
			sourceTree = "<group>";
		};
		75C71C6125E45A980084187E /* DemoSwiftwatchOS WatchKit Extension */ = {
			isa = PBXGroup;
			children = (
				75C71C6225E45A980084187E /* InterfaceController.swift */,
				75C71C6425E45A980084187E /* ExtensionDelegate.swift */,
				75C71C6825E45A980084187E /* Assets.xcassets */,
				75C71C6A25E45A980084187E /* Info.plist */,
			);
			path = "DemoSwiftwatchOS WatchKit Extension";
			sourceTree = "<group>";
		};
		EA299ED51E5530A400931399 /* DemoSwifttvOS */ = {
			isa = PBXGroup;
			children = (
				EA299ED81E5530B800931399 /* Info.plist */,
				6EF2CF1B21E4158A00A5D78D /* tvOSMain.storyboard */,
			);
			path = DemoSwifttvOS;
			sourceTree = "<group>";
		};
		EA5246B41DC7186800AF6685 = {
			isa = PBXGroup;
			children = (
				EA299EE21E55313B00931399 /* AppDelegate.swift */,
				EA299EE51E55313B00931399 /* VariationViewController.swift */,
				6E96811A21EE9552009B7FEC /* Customization */,
				6EFA3229227CDDD3006FA572 /* Samples */,
				EA5246BF1DC7186800AF6685 /* DemoSwiftiOS */,
				EA299ED51E5530A400931399 /* DemoSwifttvOS */,
				6E96818C21EEA391009B7FEC /* SharedResources */,
				75C71C5225E45A960084187E /* DemoSwiftwatchOS WatchKit App */,
				75C71C6125E45A980084187E /* DemoSwiftwatchOS WatchKit Extension */,
				EA5246BE1DC7186800AF6685 /* Products */,
				EA5248C31DC72E8300AF6685 /* Frameworks */,
				5D9DAC78D3124F03BF2A7CC8 /* Pods */,
			);
			sourceTree = "<group>";
		};
		EA5246BE1DC7186800AF6685 /* Products */ = {
			isa = PBXGroup;
			children = (
				252D7DED21C8800800134A7A /* DemoSwiftiOS.app */,
				252D7E1121C8804E00134A7A /* DemoSwifttvOS.app */,
				75C71C4B25E45A960084187E /* DemoSwiftwatchOS.app */,
				75C71C4E25E45A960084187E /* DemoSwiftwatchOS WatchKit App.app */,
				75C71C5D25E45A980084187E /* DemoSwiftwatchOS WatchKit Extension.appex */,
			);
			name = Products;
			sourceTree = "<group>";
		};
		EA5246BF1DC7186800AF6685 /* DemoSwiftiOS */ = {
			isa = PBXGroup;
			children = (
				EA5246CC1DC7186800AF6685 /* Info.plist */,
				EA299EDD1E55312200931399 /* iOSMain.storyboard */,
			);
			path = DemoSwiftiOS;
			sourceTree = "<group>";
		};
		EA5248C31DC72E8300AF6685 /* Frameworks */ = {
			isa = PBXGroup;
			children = (
				6E4D2FB822C5454400062EB3 /* OptimizelySwiftSDK.xcodeproj */,
				0B886F5E161647DB427A8FBC /* Pods_DemoSwiftiOS.framework */,
				CCC404BE4046CDA1D3A9C26B /* Pods_DemoSwifttvOS.framework */,
			);
			name = Frameworks;
			sourceTree = "<group>";
		};
/* End PBXGroup section */

/* Begin PBXNativeTarget section */
		252D7DEC21C8800800134A7A /* DemoSwiftiOS */ = {
			isa = PBXNativeTarget;
			buildConfigurationList = 252D7E0721C8800900134A7A /* Build configuration list for PBXNativeTarget "DemoSwiftiOS" */;
			buildPhases = (
				8C29F1E0722378268CBB6EF1 /* [CP] Check Pods Manifest.lock */,
				252D7DE921C8800800134A7A /* Sources */,
				252D7DEA21C8800800134A7A /* Frameworks */,
				252D7DEB21C8800800134A7A /* Resources */,
				6ECDA22322C53A2A00DD2CB0 /* Embed Frameworks */,
				6E88579122C6B77500EAE70C /* ShellScript */,
			);
			buildRules = (
			);
			dependencies = (
				6E4D2FE222C5455400062EB3 /* PBXTargetDependency */,
			);
			name = DemoSwiftiOS;
			productName = OptimizelyiOSDemoApp;
			productReference = 252D7DED21C8800800134A7A /* DemoSwiftiOS.app */;
			productType = "com.apple.product-type.application";
		};
		252D7E1021C8804E00134A7A /* DemoSwifttvOS */ = {
			isa = PBXNativeTarget;
			buildConfigurationList = 252D7E2821C8805000134A7A /* Build configuration list for PBXNativeTarget "DemoSwifttvOS" */;
			buildPhases = (
				3113BA42DAEFB72BCAE11952 /* [CP] Check Pods Manifest.lock */,
				252D7E0D21C8804E00134A7A /* Sources */,
				252D7E0E21C8804E00134A7A /* Frameworks */,
				252D7E0F21C8804E00134A7A /* Resources */,
				6ECDA22722C53A3F00DD2CB0 /* Embed Frameworks */,
				6E8857A822C6B79D00EAE70C /* ShellScript */,
			);
			buildRules = (
			);
			dependencies = (
				6E4D2FE622C5456700062EB3 /* PBXTargetDependency */,
			);
			name = DemoSwifttvOS;
			productName = OptimizelyTVOSDemoApp;
			productReference = 252D7E1121C8804E00134A7A /* DemoSwifttvOS.app */;
			productType = "com.apple.product-type.application";
		};
		75C71C4A25E45A960084187E /* DemoSwiftwatchOS */ = {
			isa = PBXNativeTarget;
			buildConfigurationList = 75C71C8425E45A980084187E /* Build configuration list for PBXNativeTarget "DemoSwiftwatchOS" */;
			buildPhases = (
				75C71C4925E45A960084187E /* Resources */,
				75C71C6D25E45A980084187E /* Embed Watch Content */,
			);
			buildRules = (
			);
			dependencies = (
				75C71C5125E45A960084187E /* PBXTargetDependency */,
			);
			name = DemoSwiftwatchOS;
			productName = DemoSwiftwatchOS;
			productReference = 75C71C4B25E45A960084187E /* DemoSwiftwatchOS.app */;
			productType = "com.apple.product-type.application.watchapp2-container";
		};
		75C71C4D25E45A960084187E /* DemoSwiftwatchOS WatchKit App */ = {
			isa = PBXNativeTarget;
			buildConfigurationList = 75C71C8325E45A980084187E /* Build configuration list for PBXNativeTarget "DemoSwiftwatchOS WatchKit App" */;
			buildPhases = (
				75C71C4C25E45A960084187E /* Resources */,
				75C71C7025E45A980084187E /* Embed App Extensions */,
			);
			buildRules = (
			);
			dependencies = (
				75C71C6025E45A980084187E /* PBXTargetDependency */,
			);
			name = "DemoSwiftwatchOS WatchKit App";
			productName = "DemoSwiftwatchOS WatchKit App";
			productReference = 75C71C4E25E45A960084187E /* DemoSwiftwatchOS WatchKit App.app */;
			productType = "com.apple.product-type.application.watchapp2";
		};
		75C71C5C25E45A980084187E /* DemoSwiftwatchOS WatchKit Extension */ = {
			isa = PBXNativeTarget;
			buildConfigurationList = 75C71C8225E45A980084187E /* Build configuration list for PBXNativeTarget "DemoSwiftwatchOS WatchKit Extension" */;
			buildPhases = (
				75C71C5925E45A980084187E /* Sources */,
				75C71C5A25E45A980084187E /* Frameworks */,
				75C71C5B25E45A980084187E /* Resources */,
				75C71C8A25E45B5C0084187E /* Embed Frameworks */,
			);
			buildRules = (
			);
			dependencies = (
				75C71C8E25E45B7A0084187E /* PBXTargetDependency */,
			);
			name = "DemoSwiftwatchOS WatchKit Extension";
			productName = "DemoSwiftwatchOS WatchKit Extension";
			productReference = 75C71C5D25E45A980084187E /* DemoSwiftwatchOS WatchKit Extension.appex */;
			productType = "com.apple.product-type.watchkit2-extension";
		};
/* End PBXNativeTarget section */

/* Begin PBXProject section */
		EA5246B51DC7186800AF6685 /* Project object */ = {
			isa = PBXProject;
			attributes = {
				LastSwiftUpdateCheck = 1240;
				LastUpgradeCheck = 1200;
				ORGANIZATIONNAME = Optimizely;
				TargetAttributes = {
					252D7DEC21C8800800134A7A = {
						CreatedOnToolsVersion = 10.1;
						ProvisioningStyle = Automatic;
						SystemCapabilities = {
							com.apple.BackgroundModes = {
								enabled = 1;
							};
						};
					};
					252D7E1021C8804E00134A7A = {
						CreatedOnToolsVersion = 10.1;
						ProvisioningStyle = Automatic;
						SystemCapabilities = {
							com.apple.BackgroundModes.appletvos = {
								enabled = 1;
							};
						};
					};
					75C71C4A25E45A960084187E = {
						CreatedOnToolsVersion = 12.4;
						DevelopmentTeam = ELT5AES94A;
						ProvisioningStyle = Automatic;
					};
					75C71C4D25E45A960084187E = {
						CreatedOnToolsVersion = 12.4;
						DevelopmentTeam = ELT5AES94A;
						ProvisioningStyle = Automatic;
					};
					75C71C5C25E45A980084187E = {
						CreatedOnToolsVersion = 12.4;
						DevelopmentTeam = ELT5AES94A;
						ProvisioningStyle = Automatic;
					};
				};
			};
			buildConfigurationList = EA5246B81DC7186800AF6685 /* Build configuration list for PBXProject "DemoSwiftApp" */;
			compatibilityVersion = "Xcode 3.2";
			developmentRegion = en;
			hasScannedForEncodings = 0;
			knownRegions = (
				en,
				Base,
			);
			mainGroup = EA5246B41DC7186800AF6685;
			productRefGroup = EA5246BE1DC7186800AF6685 /* Products */;
			projectDirPath = "";
			projectReferences = (
				{
					ProductGroup = 6E4D2FB922C5454400062EB3 /* Products */;
					ProjectRef = 6E4D2FB822C5454400062EB3 /* OptimizelySwiftSDK.xcodeproj */;
				},
			);
			projectRoot = "";
			targets = (
				252D7DEC21C8800800134A7A /* DemoSwiftiOS */,
				252D7E1021C8804E00134A7A /* DemoSwifttvOS */,
				75C71C4A25E45A960084187E /* DemoSwiftwatchOS */,
				75C71C4D25E45A960084187E /* DemoSwiftwatchOS WatchKit App */,
				75C71C5C25E45A980084187E /* DemoSwiftwatchOS WatchKit Extension */,
			);
		};
/* End PBXProject section */

/* Begin PBXReferenceProxy section */
		6E4D2FC822C5454400062EB3 /* Optimizely.framework */ = {
			isa = PBXReferenceProxy;
			fileType = wrapper.framework;
			path = Optimizely.framework;
			remoteRef = 6E4D2FC722C5454400062EB3 /* PBXContainerItemProxy */;
			sourceTree = BUILT_PRODUCTS_DIR;
		};
		6E4D2FCA22C5454400062EB3 /* Optimizely.framework */ = {
			isa = PBXReferenceProxy;
			fileType = wrapper.framework;
			path = Optimizely.framework;
			remoteRef = 6E4D2FC922C5454400062EB3 /* PBXContainerItemProxy */;
			sourceTree = BUILT_PRODUCTS_DIR;
		};
		6E4D2FCC22C5454400062EB3 /* OptimizelyTests-iOS.xctest */ = {
			isa = PBXReferenceProxy;
			fileType = wrapper.cfbundle;
			path = "OptimizelyTests-iOS.xctest";
			remoteRef = 6E4D2FCB22C5454400062EB3 /* PBXContainerItemProxy */;
			sourceTree = BUILT_PRODUCTS_DIR;
		};
		6E4D2FCE22C5454400062EB3 /* OptimizelyTests-Common-iOS.xctest */ = {
			isa = PBXReferenceProxy;
			fileType = wrapper.cfbundle;
			path = "OptimizelyTests-Common-iOS.xctest";
			remoteRef = 6E4D2FCD22C5454400062EB3 /* PBXContainerItemProxy */;
			sourceTree = BUILT_PRODUCTS_DIR;
		};
		6E4D2FD022C5454400062EB3 /* OptimizelyTests-APIs-iOS.xctest */ = {
			isa = PBXReferenceProxy;
			fileType = wrapper.cfbundle;
			path = "OptimizelyTests-APIs-iOS.xctest";
			remoteRef = 6E4D2FCF22C5454400062EB3 /* PBXContainerItemProxy */;
			sourceTree = BUILT_PRODUCTS_DIR;
		};
		6E4D2FD222C5454400062EB3 /* OptimizelyTests-DataModel-iOS.xctest */ = {
			isa = PBXReferenceProxy;
			fileType = wrapper.cfbundle;
			path = "OptimizelyTests-DataModel-iOS.xctest";
			remoteRef = 6E4D2FD122C5454400062EB3 /* PBXContainerItemProxy */;
			sourceTree = BUILT_PRODUCTS_DIR;
		};
		6E4D2FD422C5454400062EB3 /* OptimizelyTests-Others-iOS.xctest */ = {
			isa = PBXReferenceProxy;
			fileType = wrapper.cfbundle;
			path = "OptimizelyTests-Others-iOS.xctest";
			remoteRef = 6E4D2FD322C5454400062EB3 /* PBXContainerItemProxy */;
			sourceTree = BUILT_PRODUCTS_DIR;
		};
		6E4D2FD622C5454400062EB3 /* OptimizelyTests-Legacy-iOS.xctest */ = {
			isa = PBXReferenceProxy;
			fileType = wrapper.cfbundle;
			path = "OptimizelyTests-Legacy-iOS.xctest";
			remoteRef = 6E4D2FD522C5454400062EB3 /* PBXContainerItemProxy */;
			sourceTree = BUILT_PRODUCTS_DIR;
		};
		6E4D2FD822C5454400062EB3 /* OptimizelyTests-tvOS.xctest */ = {
			isa = PBXReferenceProxy;
			fileType = wrapper.cfbundle;
			path = "OptimizelyTests-tvOS.xctest";
			remoteRef = 6E4D2FD722C5454400062EB3 /* PBXContainerItemProxy */;
			sourceTree = BUILT_PRODUCTS_DIR;
		};
		6E4D2FDA22C5454400062EB3 /* OptimizelyTests-Common-tvOS.xctest */ = {
			isa = PBXReferenceProxy;
			fileType = wrapper.cfbundle;
			path = "OptimizelyTests-Common-tvOS.xctest";
			remoteRef = 6E4D2FD922C5454400062EB3 /* PBXContainerItemProxy */;
			sourceTree = BUILT_PRODUCTS_DIR;
		};
		6E4D2FDC22C5454400062EB3 /* OptimizelyTests-DataModel-tvOS.xctest */ = {
			isa = PBXReferenceProxy;
			fileType = wrapper.cfbundle;
			path = "OptimizelyTests-DataModel-tvOS.xctest";
			remoteRef = 6E4D2FDB22C5454400062EB3 /* PBXContainerItemProxy */;
			sourceTree = BUILT_PRODUCTS_DIR;
		};
		6E4D2FDE22C5454400062EB3 /* OptimizelyTests-Others-tvOS.xctest */ = {
			isa = PBXReferenceProxy;
			fileType = wrapper.cfbundle;
			path = "OptimizelyTests-Others-tvOS.xctest";
			remoteRef = 6E4D2FDD22C5454400062EB3 /* PBXContainerItemProxy */;
			sourceTree = BUILT_PRODUCTS_DIR;
		};
		6EF41A8A2523D22C00EAADF1 /* Optimizely.framework */ = {
			isa = PBXReferenceProxy;
			fileType = wrapper.framework;
			path = Optimizely.framework;
			remoteRef = 6EF41A892523D22C00EAADF1 /* PBXContainerItemProxy */;
			sourceTree = BUILT_PRODUCTS_DIR;
		};
		6EF41A8C2523D22C00EAADF1 /* OptimizelyTests-Batch-iOS.xctest */ = {
			isa = PBXReferenceProxy;
			fileType = wrapper.cfbundle;
			path = "OptimizelyTests-Batch-iOS.xctest";
			remoteRef = 6EF41A8B2523D22C00EAADF1 /* PBXContainerItemProxy */;
			sourceTree = BUILT_PRODUCTS_DIR;
		};
		75C71C8125E45A980084187E /* Optimizely.framework */ = {
			isa = PBXReferenceProxy;
			fileType = wrapper.framework;
			path = Optimizely.framework;
			remoteRef = 75C71C8025E45A980084187E /* PBXContainerItemProxy */;
			sourceTree = BUILT_PRODUCTS_DIR;
		};
/* End PBXReferenceProxy section */

/* Begin PBXResourcesBuildPhase section */
		252D7DEB21C8800800134A7A /* Resources */ = {
			isa = PBXResourcesBuildPhase;
			buildActionMask = 2147483647;
			files = (
				6E96819B21EEA391009B7FEC /* demoTestDatafile.json in Resources */,
				6E96819921EEA391009B7FEC /* Roboto-Medium.ttf in Resources */,
				6E96819F21EEA3B3009B7FEC /* Assets.xcassets in Resources */,
				6E9FC9BA2548E1B7006AD345 /* iOSMain.storyboard in Resources */,
				6E96819D21EEA391009B7FEC /* ProximaNova-Regular.otf in Resources */,
			);
			runOnlyForDeploymentPostprocessing = 0;
		};
		252D7E0F21C8804E00134A7A /* Resources */ = {
			isa = PBXResourcesBuildPhase;
			buildActionMask = 2147483647;
			files = (
				6E96819C21EEA391009B7FEC /* demoTestDatafile.json in Resources */,
				6E96819A21EEA391009B7FEC /* Roboto-Medium.ttf in Resources */,
				6EF2CF1D21E4158A00A5D78D /* tvOSMain.storyboard in Resources */,
				6E96819E21EEA391009B7FEC /* ProximaNova-Regular.otf in Resources */,
				6E9681A021EEA3B7009B7FEC /* Assets.xcassets in Resources */,
			);
			runOnlyForDeploymentPostprocessing = 0;
		};
		75C71C4925E45A960084187E /* Resources */ = {
			isa = PBXResourcesBuildPhase;
			buildActionMask = 2147483647;
			files = (
			);
			runOnlyForDeploymentPostprocessing = 0;
		};
		75C71C4C25E45A960084187E /* Resources */ = {
			isa = PBXResourcesBuildPhase;
			buildActionMask = 2147483647;
			files = (
				75C71C5725E45A980084187E /* Assets.xcassets in Resources */,
				75C71C5525E45A960084187E /* Interface.storyboard in Resources */,
			);
			runOnlyForDeploymentPostprocessing = 0;
		};
		75C71C5B25E45A980084187E /* Resources */ = {
			isa = PBXResourcesBuildPhase;
			buildActionMask = 2147483647;
			files = (
				75C71C6925E45A980084187E /* Assets.xcassets in Resources */,
			);
			runOnlyForDeploymentPostprocessing = 0;
		};
/* End PBXResourcesBuildPhase section */

/* Begin PBXShellScriptBuildPhase section */
		3113BA42DAEFB72BCAE11952 /* [CP] Check Pods Manifest.lock */ = {
			isa = PBXShellScriptBuildPhase;
			buildActionMask = 2147483647;
			files = (
			);
			inputFileListPaths = (
			);
			inputPaths = (
				"${PODS_PODFILE_DIR_PATH}/Podfile.lock",
				"${PODS_ROOT}/Manifest.lock",
			);
			name = "[CP] Check Pods Manifest.lock";
			outputFileListPaths = (
			);
			outputPaths = (
				"$(DERIVED_FILE_DIR)/Pods-DemoSwifttvOS-checkManifestLockResult.txt",
			);
			runOnlyForDeploymentPostprocessing = 0;
			shellPath = /bin/sh;
			shellScript = "diff \"${PODS_PODFILE_DIR_PATH}/Podfile.lock\" \"${PODS_ROOT}/Manifest.lock\" > /dev/null\nif [ $? != 0 ] ; then\n    # print error to STDERR\n    echo \"error: The sandbox is not in sync with the Podfile.lock. Run 'pod install' or update your CocoaPods installation.\" >&2\n    exit 1\nfi\n# This output is used by Xcode 'outputs' to avoid re-running this script phase.\necho \"SUCCESS\" > \"${SCRIPT_OUTPUT_FILE_0}\"\n";
			showEnvVarsInLog = 0;
		};
		6E88579122C6B77500EAE70C /* ShellScript */ = {
			isa = PBXShellScriptBuildPhase;
			buildActionMask = 2147483647;
			files = (
			);
			inputFileListPaths = (
			);
			inputPaths = (
			);
			outputFileListPaths = (
			);
			outputPaths = (
			);
			runOnlyForDeploymentPostprocessing = 0;
			shellPath = /bin/sh;
			shellScript = "${PODS_ROOT}/SwiftLint/swiftlint --config ${SOURCE_ROOT}/../.swiftlint.yml --path ${SOURCE_ROOT}/../Sources\n";
		};
		6E8857A822C6B79D00EAE70C /* ShellScript */ = {
			isa = PBXShellScriptBuildPhase;
			buildActionMask = 2147483647;
			files = (
			);
			inputFileListPaths = (
			);
			inputPaths = (
			);
			outputFileListPaths = (
			);
			outputPaths = (
			);
			runOnlyForDeploymentPostprocessing = 0;
			shellPath = /bin/sh;
			shellScript = "${PODS_ROOT}/SwiftLint/swiftlint --config ${SOURCE_ROOT}/../.swiftlint.yml --path ${SOURCE_ROOT}/../Sources\n";
		};
		8C29F1E0722378268CBB6EF1 /* [CP] Check Pods Manifest.lock */ = {
			isa = PBXShellScriptBuildPhase;
			buildActionMask = 2147483647;
			files = (
			);
			inputFileListPaths = (
			);
			inputPaths = (
				"${PODS_PODFILE_DIR_PATH}/Podfile.lock",
				"${PODS_ROOT}/Manifest.lock",
			);
			name = "[CP] Check Pods Manifest.lock";
			outputFileListPaths = (
			);
			outputPaths = (
				"$(DERIVED_FILE_DIR)/Pods-DemoSwiftiOS-checkManifestLockResult.txt",
			);
			runOnlyForDeploymentPostprocessing = 0;
			shellPath = /bin/sh;
			shellScript = "diff \"${PODS_PODFILE_DIR_PATH}/Podfile.lock\" \"${PODS_ROOT}/Manifest.lock\" > /dev/null\nif [ $? != 0 ] ; then\n    # print error to STDERR\n    echo \"error: The sandbox is not in sync with the Podfile.lock. Run 'pod install' or update your CocoaPods installation.\" >&2\n    exit 1\nfi\n# This output is used by Xcode 'outputs' to avoid re-running this script phase.\necho \"SUCCESS\" > \"${SCRIPT_OUTPUT_FILE_0}\"\n";
			showEnvVarsInLog = 0;
		};
/* End PBXShellScriptBuildPhase section */

/* Begin PBXSourcesBuildPhase section */
		252D7DE921C8800800134A7A /* Sources */ = {
			isa = PBXSourcesBuildPhase;
			buildActionMask = 2147483647;
			files = (
				25C6F3BC21C95D2100C2EBDD /* VariationViewController.swift in Sources */,
				6EDBCE0022710E87009DF724 /* CustomLogger.swift in Sources */,
				25C6F3B621C95D1700C2EBDD /* AppDelegate.swift in Sources */,
				6EFA31F5227BB60E006FA572 /* SamplesForAPI.swift in Sources */,
			);
			runOnlyForDeploymentPostprocessing = 0;
		};
		252D7E0D21C8804E00134A7A /* Sources */ = {
			isa = PBXSourcesBuildPhase;
			buildActionMask = 2147483647;
			files = (
				25C6F3BD21C95D2100C2EBDD /* VariationViewController.swift in Sources */,
				6EFA3212227CD571006FA572 /* SamplesForAPI.swift in Sources */,
				6EDBCE0122710E87009DF724 /* CustomLogger.swift in Sources */,
				25C6F3B721C95D1800C2EBDD /* AppDelegate.swift in Sources */,
			);
			runOnlyForDeploymentPostprocessing = 0;
		};
		75C71C5925E45A980084187E /* Sources */ = {
			isa = PBXSourcesBuildPhase;
			buildActionMask = 2147483647;
			files = (
				75C71C6525E45A980084187E /* ExtensionDelegate.swift in Sources */,
				75C71C6325E45A980084187E /* InterfaceController.swift in Sources */,
			);
			runOnlyForDeploymentPostprocessing = 0;
		};
/* End PBXSourcesBuildPhase section */

/* Begin PBXTargetDependency section */
		6E4D2FE222C5455400062EB3 /* PBXTargetDependency */ = {
			isa = PBXTargetDependency;
			name = "OptimizelySwiftSDK-iOS";
			targetProxy = 6E4D2FE122C5455400062EB3 /* PBXContainerItemProxy */;
		};
		6E4D2FE622C5456700062EB3 /* PBXTargetDependency */ = {
			isa = PBXTargetDependency;
			name = "OptimizelySwiftSDK-tvOS";
			targetProxy = 6E4D2FE522C5456700062EB3 /* PBXContainerItemProxy */;
		};
		75C71C5125E45A960084187E /* PBXTargetDependency */ = {
			isa = PBXTargetDependency;
			target = 75C71C4D25E45A960084187E /* DemoSwiftwatchOS WatchKit App */;
			targetProxy = 75C71C5025E45A960084187E /* PBXContainerItemProxy */;
		};
		75C71C6025E45A980084187E /* PBXTargetDependency */ = {
			isa = PBXTargetDependency;
			target = 75C71C5C25E45A980084187E /* DemoSwiftwatchOS WatchKit Extension */;
			targetProxy = 75C71C5F25E45A980084187E /* PBXContainerItemProxy */;
		};
		75C71C8E25E45B7A0084187E /* PBXTargetDependency */ = {
			isa = PBXTargetDependency;
			name = "OptimizelySwiftSDK-watchOS";
			targetProxy = 75C71C8D25E45B7A0084187E /* PBXContainerItemProxy */;
		};
/* End PBXTargetDependency section */

/* Begin PBXVariantGroup section */
		6EF2CF1B21E4158A00A5D78D /* tvOSMain.storyboard */ = {
			isa = PBXVariantGroup;
			children = (
				6EF2CF1C21E4158A00A5D78D /* Base */,
			);
			name = tvOSMain.storyboard;
			sourceTree = "<group>";
		};
		75C71C5325E45A960084187E /* Interface.storyboard */ = {
			isa = PBXVariantGroup;
			children = (
				75C71C5425E45A960084187E /* Base */,
			);
			name = Interface.storyboard;
			sourceTree = "<group>";
		};
		EA299EDD1E55312200931399 /* iOSMain.storyboard */ = {
			isa = PBXVariantGroup;
			children = (
				EA299EDE1E55312200931399 /* Base */,
			);
			name = iOSMain.storyboard;
			sourceTree = "<group>";
		};
/* End PBXVariantGroup section */

/* Begin XCBuildConfiguration section */
		252D7E0821C8800900134A7A /* Debug */ = {
			isa = XCBuildConfiguration;
			baseConfigurationReference = E4A4D2A6EBCC93081556F7A5 /* Pods-DemoSwiftiOS.debug.xcconfig */;
			buildSettings = {
				ALWAYS_EMBED_SWIFT_STANDARD_LIBRARIES = YES;
				ASSETCATALOG_COMPILER_APPICON_NAME = AppIcon;
				ASSETCATALOG_COMPILER_LAUNCHIMAGE_NAME = LaunchImage;
				CLANG_ANALYZER_NUMBER_OBJECT_CONVERSION = YES_AGGRESSIVE;
				CLANG_CXX_LANGUAGE_STANDARD = "gnu++14";
				CLANG_ENABLE_OBJC_WEAK = YES;
				CLANG_WARN_UNGUARDED_AVAILABILITY = YES_AGGRESSIVE;
				CODE_SIGN_IDENTITY = "iPhone Developer";
				CODE_SIGN_STYLE = Automatic;
				GCC_C_LANGUAGE_STANDARD = gnu11;
				GCC_PREPROCESSOR_DEFINITIONS = (
					"DEBUG=1",
					"$(inherited)",
				);
				INFOPLIST_FILE = "$(SRCROOT)/DemoSwiftiOS/Info.plist";
				LD_RUNPATH_SEARCH_PATHS = "$(inherited) @executable_path/Frameworks";
				MTL_ENABLE_DEBUG_INFO = INCLUDE_SOURCE;
				MTL_FAST_MATH = YES;
				PRODUCT_BUNDLE_IDENTIFIER = com.optimizely.DemoSwiftiOS;
				PRODUCT_NAME = "$(TARGET_NAME)";
				SWIFT_VERSION = 5.0;
				TARGETED_DEVICE_FAMILY = "1,2";
			};
			name = Debug;
		};
		252D7E0921C8800900134A7A /* Release */ = {
			isa = XCBuildConfiguration;
			baseConfigurationReference = 9C185BE70FBE51067CFD104E /* Pods-DemoSwiftiOS.release.xcconfig */;
			buildSettings = {
				ALWAYS_EMBED_SWIFT_STANDARD_LIBRARIES = YES;
				ASSETCATALOG_COMPILER_APPICON_NAME = AppIcon;
				ASSETCATALOG_COMPILER_LAUNCHIMAGE_NAME = LaunchImage;
				CLANG_ANALYZER_NUMBER_OBJECT_CONVERSION = YES_AGGRESSIVE;
				CLANG_CXX_LANGUAGE_STANDARD = "gnu++14";
				CLANG_ENABLE_OBJC_WEAK = YES;
				CLANG_WARN_UNGUARDED_AVAILABILITY = YES_AGGRESSIVE;
				CODE_SIGN_IDENTITY = "iPhone Developer";
				CODE_SIGN_STYLE = Automatic;
				GCC_C_LANGUAGE_STANDARD = gnu11;
				INFOPLIST_FILE = "$(SRCROOT)/DemoSwiftiOS/Info.plist";
				LD_RUNPATH_SEARCH_PATHS = "$(inherited) @executable_path/Frameworks";
				MTL_FAST_MATH = YES;
				PRODUCT_BUNDLE_IDENTIFIER = com.optimizely.DemoSwiftiOS;
				PRODUCT_NAME = "$(TARGET_NAME)";
				SWIFT_VERSION = 5.0;
				TARGETED_DEVICE_FAMILY = "1,2";
			};
			name = Release;
		};
		252D7E2921C8805000134A7A /* Debug */ = {
			isa = XCBuildConfiguration;
			baseConfigurationReference = FD873EDFB92782C5D1947834 /* Pods-DemoSwifttvOS.debug.xcconfig */;
			buildSettings = {
				ALWAYS_EMBED_SWIFT_STANDARD_LIBRARIES = YES;
				ASSETCATALOG_COMPILER_APPICON_NAME = "App Icon & Top Shelf Image";
				ASSETCATALOG_COMPILER_LAUNCHIMAGE_NAME = LaunchImage;
				CLANG_ANALYZER_NUMBER_OBJECT_CONVERSION = YES_AGGRESSIVE;
				CLANG_CXX_LANGUAGE_STANDARD = "gnu++14";
				CLANG_ENABLE_OBJC_WEAK = YES;
				CLANG_WARN_UNGUARDED_AVAILABILITY = YES_AGGRESSIVE;
				CODE_SIGN_STYLE = Automatic;
				GCC_C_LANGUAGE_STANDARD = gnu11;
				GCC_PREPROCESSOR_DEFINITIONS = (
					"DEBUG=1",
					"$(inherited)",
				);
				INFOPLIST_FILE = "$(SRCROOT)/DemoSwifttvOS/Info.plist";
				LD_RUNPATH_SEARCH_PATHS = "$(inherited) @executable_path/Frameworks";
				MTL_ENABLE_DEBUG_INFO = INCLUDE_SOURCE;
				MTL_FAST_MATH = YES;
				PRODUCT_BUNDLE_IDENTIFIER = com.optimizely.DemoSwifttvOS;
				PRODUCT_NAME = "$(TARGET_NAME)";
				SDKROOT = appletvos;
				SWIFT_VERSION = 5.0;
				TARGETED_DEVICE_FAMILY = 3;
			};
			name = Debug;
		};
		252D7E2A21C8805000134A7A /* Release */ = {
			isa = XCBuildConfiguration;
			baseConfigurationReference = B301A636D5072557B288E62C /* Pods-DemoSwifttvOS.release.xcconfig */;
			buildSettings = {
				ALWAYS_EMBED_SWIFT_STANDARD_LIBRARIES = YES;
				ASSETCATALOG_COMPILER_APPICON_NAME = "App Icon & Top Shelf Image";
				ASSETCATALOG_COMPILER_LAUNCHIMAGE_NAME = LaunchImage;
				CLANG_ANALYZER_NUMBER_OBJECT_CONVERSION = YES_AGGRESSIVE;
				CLANG_CXX_LANGUAGE_STANDARD = "gnu++14";
				CLANG_ENABLE_OBJC_WEAK = YES;
				CLANG_WARN_UNGUARDED_AVAILABILITY = YES_AGGRESSIVE;
				CODE_SIGN_STYLE = Automatic;
				GCC_C_LANGUAGE_STANDARD = gnu11;
				INFOPLIST_FILE = "$(SRCROOT)/DemoSwifttvOS/Info.plist";
				LD_RUNPATH_SEARCH_PATHS = "$(inherited) @executable_path/Frameworks";
				MTL_FAST_MATH = YES;
				PRODUCT_BUNDLE_IDENTIFIER = com.optimizely.DemoSwifttvOS;
				PRODUCT_NAME = "$(TARGET_NAME)";
				SDKROOT = appletvos;
				SWIFT_VERSION = 5.0;
				TARGETED_DEVICE_FAMILY = 3;
			};
			name = Release;
		};
		75C71C6B25E45A980084187E /* Debug */ = {
			isa = XCBuildConfiguration;
			buildSettings = {
				CLANG_ANALYZER_NUMBER_OBJECT_CONVERSION = YES_AGGRESSIVE;
				CLANG_CXX_LANGUAGE_STANDARD = "gnu++14";
				CLANG_ENABLE_OBJC_WEAK = YES;
				CLANG_WARN_QUOTED_INCLUDE_IN_FRAMEWORK_HEADER = YES;
				CLANG_WARN_UNGUARDED_AVAILABILITY = YES_AGGRESSIVE;
				CODE_SIGN_STYLE = Automatic;
				CURRENT_PROJECT_VERSION = 1;
				DEVELOPMENT_TEAM = ELT5AES94A;
				GCC_C_LANGUAGE_STANDARD = gnu11;
				GCC_PREPROCESSOR_DEFINITIONS = (
					"DEBUG=1",
					"$(inherited)",
				);
				MARKETING_VERSION = 1.0;
				MTL_ENABLE_DEBUG_INFO = INCLUDE_SOURCE;
				MTL_FAST_MATH = YES;
				PRODUCT_BUNDLE_IDENTIFIER = com.optimizely.DemoSwiftwatchOS;
				PRODUCT_NAME = "$(TARGET_NAME)";
				SWIFT_VERSION = 5.0;
			};
			name = Debug;
		};
		75C71C6C25E45A980084187E /* Release */ = {
			isa = XCBuildConfiguration;
			buildSettings = {
				CLANG_ANALYZER_NUMBER_OBJECT_CONVERSION = YES_AGGRESSIVE;
				CLANG_CXX_LANGUAGE_STANDARD = "gnu++14";
				CLANG_ENABLE_OBJC_WEAK = YES;
				CLANG_WARN_QUOTED_INCLUDE_IN_FRAMEWORK_HEADER = YES;
				CLANG_WARN_UNGUARDED_AVAILABILITY = YES_AGGRESSIVE;
				CODE_SIGN_STYLE = Automatic;
				CURRENT_PROJECT_VERSION = 1;
				DEVELOPMENT_TEAM = ELT5AES94A;
				GCC_C_LANGUAGE_STANDARD = gnu11;
				MARKETING_VERSION = 1.0;
				MTL_FAST_MATH = YES;
				PRODUCT_BUNDLE_IDENTIFIER = com.optimizely.DemoSwiftwatchOS;
				PRODUCT_NAME = "$(TARGET_NAME)";
				SWIFT_VERSION = 5.0;
			};
			name = Release;
		};
		75C71C6E25E45A980084187E /* Debug */ = {
			isa = XCBuildConfiguration;
			buildSettings = {
				ALWAYS_EMBED_SWIFT_STANDARD_LIBRARIES = YES;
				ASSETCATALOG_COMPILER_APPICON_NAME = AppIcon;
				ASSETCATALOG_COMPILER_GLOBAL_ACCENT_COLOR_NAME = AccentColor;
				CLANG_ANALYZER_NUMBER_OBJECT_CONVERSION = YES_AGGRESSIVE;
				CLANG_CXX_LANGUAGE_STANDARD = "gnu++14";
				CLANG_ENABLE_OBJC_WEAK = YES;
				CLANG_WARN_QUOTED_INCLUDE_IN_FRAMEWORK_HEADER = YES;
				CLANG_WARN_UNGUARDED_AVAILABILITY = YES_AGGRESSIVE;
				CODE_SIGN_STYLE = Automatic;
				DEVELOPMENT_TEAM = ELT5AES94A;
				GCC_C_LANGUAGE_STANDARD = gnu11;
				GCC_PREPROCESSOR_DEFINITIONS = (
					"DEBUG=1",
					"$(inherited)",
				);
				IBSC_MODULE = DemoSwiftwatchOS_WatchKit_Extension;
				INFOPLIST_FILE = "DemoSwiftwatchOS WatchKit App/Info.plist";
				MTL_ENABLE_DEBUG_INFO = INCLUDE_SOURCE;
				MTL_FAST_MATH = YES;
				PRODUCT_BUNDLE_IDENTIFIER = com.optimizely.DemoSwiftwatchOS.watchkitapp;
				PRODUCT_NAME = "$(TARGET_NAME)";
				SDKROOT = watchos;
				SKIP_INSTALL = YES;
				SWIFT_VERSION = 5.0;
				TARGETED_DEVICE_FAMILY = 4;
			};
			name = Debug;
		};
		75C71C6F25E45A980084187E /* Release */ = {
			isa = XCBuildConfiguration;
			buildSettings = {
				ALWAYS_EMBED_SWIFT_STANDARD_LIBRARIES = YES;
				ASSETCATALOG_COMPILER_APPICON_NAME = AppIcon;
				ASSETCATALOG_COMPILER_GLOBAL_ACCENT_COLOR_NAME = AccentColor;
				CLANG_ANALYZER_NUMBER_OBJECT_CONVERSION = YES_AGGRESSIVE;
				CLANG_CXX_LANGUAGE_STANDARD = "gnu++14";
				CLANG_ENABLE_OBJC_WEAK = YES;
				CLANG_WARN_QUOTED_INCLUDE_IN_FRAMEWORK_HEADER = YES;
				CLANG_WARN_UNGUARDED_AVAILABILITY = YES_AGGRESSIVE;
				CODE_SIGN_STYLE = Automatic;
				DEVELOPMENT_TEAM = ELT5AES94A;
				GCC_C_LANGUAGE_STANDARD = gnu11;
				IBSC_MODULE = DemoSwiftwatchOS_WatchKit_Extension;
				INFOPLIST_FILE = "DemoSwiftwatchOS WatchKit App/Info.plist";
				MTL_FAST_MATH = YES;
				PRODUCT_BUNDLE_IDENTIFIER = com.optimizely.DemoSwiftwatchOS.watchkitapp;
				PRODUCT_NAME = "$(TARGET_NAME)";
				SDKROOT = watchos;
				SKIP_INSTALL = YES;
				SWIFT_VERSION = 5.0;
				TARGETED_DEVICE_FAMILY = 4;
			};
			name = Release;
		};
		75C71C7125E45A980084187E /* Debug */ = {
			isa = XCBuildConfiguration;
			buildSettings = {
				ASSETCATALOG_COMPILER_COMPLICATION_NAME = Complication;
				CLANG_ANALYZER_NUMBER_OBJECT_CONVERSION = YES_AGGRESSIVE;
				CLANG_CXX_LANGUAGE_STANDARD = "gnu++14";
				CLANG_ENABLE_OBJC_WEAK = YES;
				CLANG_WARN_QUOTED_INCLUDE_IN_FRAMEWORK_HEADER = YES;
				CLANG_WARN_UNGUARDED_AVAILABILITY = YES_AGGRESSIVE;
				CODE_SIGN_STYLE = Automatic;
				DEVELOPMENT_TEAM = ELT5AES94A;
				GCC_C_LANGUAGE_STANDARD = gnu11;
				GCC_PREPROCESSOR_DEFINITIONS = (
					"DEBUG=1",
					"$(inherited)",
				);
				INFOPLIST_FILE = "DemoSwiftwatchOS WatchKit Extension/Info.plist";
				LD_RUNPATH_SEARCH_PATHS = "$(inherited) @executable_path/Frameworks @executable_path/../../Frameworks";
				MTL_ENABLE_DEBUG_INFO = INCLUDE_SOURCE;
				MTL_FAST_MATH = YES;
				PRODUCT_BUNDLE_IDENTIFIER = com.optimizely.DemoSwiftwatchOS.watchkitapp.watchkitextension;
				PRODUCT_NAME = "${TARGET_NAME}";
				SDKROOT = watchos;
				SKIP_INSTALL = YES;
				SWIFT_VERSION = 5.0;
				TARGETED_DEVICE_FAMILY = 4;
			};
			name = Debug;
		};
		75C71C7225E45A980084187E /* Release */ = {
			isa = XCBuildConfiguration;
			buildSettings = {
				ASSETCATALOG_COMPILER_COMPLICATION_NAME = Complication;
				CLANG_ANALYZER_NUMBER_OBJECT_CONVERSION = YES_AGGRESSIVE;
				CLANG_CXX_LANGUAGE_STANDARD = "gnu++14";
				CLANG_ENABLE_OBJC_WEAK = YES;
				CLANG_WARN_QUOTED_INCLUDE_IN_FRAMEWORK_HEADER = YES;
				CLANG_WARN_UNGUARDED_AVAILABILITY = YES_AGGRESSIVE;
				CODE_SIGN_STYLE = Automatic;
				DEVELOPMENT_TEAM = ELT5AES94A;
				GCC_C_LANGUAGE_STANDARD = gnu11;
				INFOPLIST_FILE = "DemoSwiftwatchOS WatchKit Extension/Info.plist";
				LD_RUNPATH_SEARCH_PATHS = "$(inherited) @executable_path/Frameworks @executable_path/../../Frameworks";
				MTL_FAST_MATH = YES;
				PRODUCT_BUNDLE_IDENTIFIER = com.optimizely.DemoSwiftwatchOS.watchkitapp.watchkitextension;
				PRODUCT_NAME = "${TARGET_NAME}";
				SDKROOT = watchos;
				SKIP_INSTALL = YES;
				SWIFT_VERSION = 5.0;
				TARGETED_DEVICE_FAMILY = 4;
			};
			name = Release;
		};
		EA5246E31DC7186800AF6685 /* Debug */ = {
			isa = XCBuildConfiguration;
			buildSettings = {
				ALWAYS_EMBED_SWIFT_STANDARD_LIBRARIES = YES;
				ALWAYS_SEARCH_USER_PATHS = NO;
				CLANG_ALLOW_NON_MODULAR_INCLUDES_IN_FRAMEWORK_MODULES = YES;
				CLANG_ANALYZER_LOCALIZABILITY_NONLOCALIZED = YES;
				CLANG_ANALYZER_NONNULL = YES;
				CLANG_CXX_LANGUAGE_STANDARD = "gnu++0x";
				CLANG_CXX_LIBRARY = "libc++";
				CLANG_ENABLE_MODULES = YES;
				CLANG_ENABLE_OBJC_ARC = YES;
				CLANG_WARN_BLOCK_CAPTURE_AUTORELEASING = YES;
				CLANG_WARN_BOOL_CONVERSION = YES;
				CLANG_WARN_COMMA = YES;
				CLANG_WARN_CONSTANT_CONVERSION = YES;
				CLANG_WARN_DEPRECATED_OBJC_IMPLEMENTATIONS = YES;
				CLANG_WARN_DIRECT_OBJC_ISA_USAGE = YES_ERROR;
				CLANG_WARN_DOCUMENTATION_COMMENTS = YES;
				CLANG_WARN_EMPTY_BODY = YES;
				CLANG_WARN_ENUM_CONVERSION = YES;
				CLANG_WARN_INFINITE_RECURSION = YES;
				CLANG_WARN_INT_CONVERSION = YES;
				CLANG_WARN_NON_LITERAL_NULL_CONVERSION = YES;
				CLANG_WARN_OBJC_IMPLICIT_RETAIN_SELF = YES;
				CLANG_WARN_OBJC_LITERAL_CONVERSION = YES;
				CLANG_WARN_OBJC_ROOT_CLASS = YES_ERROR;
				CLANG_WARN_RANGE_LOOP_ANALYSIS = YES;
				CLANG_WARN_STRICT_PROTOTYPES = YES;
				CLANG_WARN_SUSPICIOUS_MOVE = YES;
				CLANG_WARN_SUSPICIOUS_MOVES = YES;
				CLANG_WARN_UNREACHABLE_CODE = YES;
				CLANG_WARN__DUPLICATE_METHOD_MATCH = YES;
				"CODE_SIGN_IDENTITY[sdk=iphoneos*]" = "iPhone Developer";
				COPY_PHASE_STRIP = NO;
				DEBUG_INFORMATION_FORMAT = dwarf;
				DEFINES_MODULE = NO;
				ENABLE_STRICT_OBJC_MSGSEND = YES;
				ENABLE_TESTABILITY = YES;
				GCC_C_LANGUAGE_STANDARD = gnu99;
				GCC_DYNAMIC_NO_PIC = NO;
				GCC_NO_COMMON_BLOCKS = YES;
				GCC_OPTIMIZATION_LEVEL = 0;
				GCC_PREPROCESSOR_DEFINITIONS = (
					"DEBUG=1",
					"$(inherited)",
					LOG_FLAG_ERROR,
					LOG_FLAG_DEBUG,
					LOG_FLAG_INFO,
				);
				GCC_WARN_64_TO_32_BIT_CONVERSION = YES;
				GCC_WARN_ABOUT_RETURN_TYPE = YES_ERROR;
				GCC_WARN_UNDECLARED_SELECTOR = YES;
				GCC_WARN_UNINITIALIZED_AUTOS = YES_AGGRESSIVE;
				GCC_WARN_UNUSED_FUNCTION = YES;
				GCC_WARN_UNUSED_VARIABLE = YES;
				IPHONEOS_DEPLOYMENT_TARGET = 10.0;
				MTL_ENABLE_DEBUG_INFO = YES;
				ONLY_ACTIVE_ARCH = YES;
				SDKROOT = iphoneos;
				SWIFT_ACTIVE_COMPILATION_CONDITIONS = DEBUG;
				SWIFT_OPTIMIZATION_LEVEL = "-Onone";
				SWIFT_VERSION = 5.0;
				TARGETED_DEVICE_FAMILY = "1,2";
				TVOS_DEPLOYMENT_TARGET = 10.0;
				WATCHOS_DEPLOYMENT_TARGET = 3.0;
			};
			name = Debug;
		};
		EA5246E41DC7186800AF6685 /* Release */ = {
			isa = XCBuildConfiguration;
			buildSettings = {
				ALWAYS_EMBED_SWIFT_STANDARD_LIBRARIES = YES;
				ALWAYS_SEARCH_USER_PATHS = NO;
				CLANG_ALLOW_NON_MODULAR_INCLUDES_IN_FRAMEWORK_MODULES = YES;
				CLANG_ANALYZER_LOCALIZABILITY_NONLOCALIZED = YES;
				CLANG_ANALYZER_NONNULL = YES;
				CLANG_CXX_LANGUAGE_STANDARD = "gnu++0x";
				CLANG_CXX_LIBRARY = "libc++";
				CLANG_ENABLE_MODULES = YES;
				CLANG_ENABLE_OBJC_ARC = YES;
				CLANG_WARN_BLOCK_CAPTURE_AUTORELEASING = YES;
				CLANG_WARN_BOOL_CONVERSION = YES;
				CLANG_WARN_COMMA = YES;
				CLANG_WARN_CONSTANT_CONVERSION = YES;
				CLANG_WARN_DEPRECATED_OBJC_IMPLEMENTATIONS = YES;
				CLANG_WARN_DIRECT_OBJC_ISA_USAGE = YES_ERROR;
				CLANG_WARN_DOCUMENTATION_COMMENTS = YES;
				CLANG_WARN_EMPTY_BODY = YES;
				CLANG_WARN_ENUM_CONVERSION = YES;
				CLANG_WARN_INFINITE_RECURSION = YES;
				CLANG_WARN_INT_CONVERSION = YES;
				CLANG_WARN_NON_LITERAL_NULL_CONVERSION = YES;
				CLANG_WARN_OBJC_IMPLICIT_RETAIN_SELF = YES;
				CLANG_WARN_OBJC_LITERAL_CONVERSION = YES;
				CLANG_WARN_OBJC_ROOT_CLASS = YES_ERROR;
				CLANG_WARN_RANGE_LOOP_ANALYSIS = YES;
				CLANG_WARN_STRICT_PROTOTYPES = YES;
				CLANG_WARN_SUSPICIOUS_MOVE = YES;
				CLANG_WARN_SUSPICIOUS_MOVES = YES;
				CLANG_WARN_UNREACHABLE_CODE = YES;
				CLANG_WARN__DUPLICATE_METHOD_MATCH = YES;
				"CODE_SIGN_IDENTITY[sdk=iphoneos*]" = "iPhone Developer";
				COPY_PHASE_STRIP = NO;
				DEBUG_INFORMATION_FORMAT = "dwarf-with-dsym";
				DEFINES_MODULE = NO;
				ENABLE_NS_ASSERTIONS = NO;
				ENABLE_STRICT_OBJC_MSGSEND = YES;
				GCC_C_LANGUAGE_STANDARD = gnu99;
				GCC_NO_COMMON_BLOCKS = YES;
				GCC_WARN_64_TO_32_BIT_CONVERSION = YES;
				GCC_WARN_ABOUT_RETURN_TYPE = YES_ERROR;
				GCC_WARN_UNDECLARED_SELECTOR = YES;
				GCC_WARN_UNINITIALIZED_AUTOS = YES_AGGRESSIVE;
				GCC_WARN_UNUSED_FUNCTION = YES;
				GCC_WARN_UNUSED_VARIABLE = YES;
				IPHONEOS_DEPLOYMENT_TARGET = 10.0;
				MTL_ENABLE_DEBUG_INFO = NO;
				SDKROOT = iphoneos;
				SWIFT_OPTIMIZATION_LEVEL = "-Owholemodule";
				SWIFT_VERSION = 5.0;
				TARGETED_DEVICE_FAMILY = "1,2";
				TVOS_DEPLOYMENT_TARGET = 10.0;
				VALIDATE_PRODUCT = YES;
				WATCHOS_DEPLOYMENT_TARGET = 3.0;
			};
			name = Release;
		};
/* End XCBuildConfiguration section */

/* Begin XCConfigurationList section */
		252D7E0721C8800900134A7A /* Build configuration list for PBXNativeTarget "DemoSwiftiOS" */ = {
			isa = XCConfigurationList;
			buildConfigurations = (
				252D7E0821C8800900134A7A /* Debug */,
				252D7E0921C8800900134A7A /* Release */,
			);
			defaultConfigurationIsVisible = 0;
			defaultConfigurationName = Release;
		};
		252D7E2821C8805000134A7A /* Build configuration list for PBXNativeTarget "DemoSwifttvOS" */ = {
			isa = XCConfigurationList;
			buildConfigurations = (
				252D7E2921C8805000134A7A /* Debug */,
				252D7E2A21C8805000134A7A /* Release */,
			);
			defaultConfigurationIsVisible = 0;
			defaultConfigurationName = Release;
		};
		75C71C8225E45A980084187E /* Build configuration list for PBXNativeTarget "DemoSwiftwatchOS WatchKit Extension" */ = {
			isa = XCConfigurationList;
			buildConfigurations = (
				75C71C7125E45A980084187E /* Debug */,
				75C71C7225E45A980084187E /* Release */,
			);
			defaultConfigurationIsVisible = 0;
			defaultConfigurationName = Release;
		};
		75C71C8325E45A980084187E /* Build configuration list for PBXNativeTarget "DemoSwiftwatchOS WatchKit App" */ = {
			isa = XCConfigurationList;
			buildConfigurations = (
				75C71C6E25E45A980084187E /* Debug */,
				75C71C6F25E45A980084187E /* Release */,
			);
			defaultConfigurationIsVisible = 0;
			defaultConfigurationName = Release;
		};
		75C71C8425E45A980084187E /* Build configuration list for PBXNativeTarget "DemoSwiftwatchOS" */ = {
			isa = XCConfigurationList;
			buildConfigurations = (
				75C71C6B25E45A980084187E /* Debug */,
				75C71C6C25E45A980084187E /* Release */,
			);
			defaultConfigurationIsVisible = 0;
			defaultConfigurationName = Release;
		};
		EA5246B81DC7186800AF6685 /* Build configuration list for PBXProject "DemoSwiftApp" */ = {
			isa = XCConfigurationList;
			buildConfigurations = (
				EA5246E31DC7186800AF6685 /* Debug */,
				EA5246E41DC7186800AF6685 /* Release */,
			);
			defaultConfigurationIsVisible = 0;
			defaultConfigurationName = Release;
		};
/* End XCConfigurationList section */
	};
	rootObject = EA5246B51DC7186800AF6685 /* Project object */;
}
