// !$*UTF8*$!
{
	archiveVersion = 1;
	classes = {
	};
	objectVersion = 46;
	objects = {

/* Begin PBXBuildFile section */
		2330F864C8154595434F8799 /* libPods-DemoSwifttvOS.a in Frameworks */ = {isa = PBXBuildFile; fileRef = DA2E0408D86A53942A6E2145 /* libPods-DemoSwifttvOS.a */; };
		25C6F3B621C95D1700C2EBDD /* AppDelegate.swift in Sources */ = {isa = PBXBuildFile; fileRef = EA299EE21E55313B00931399 /* AppDelegate.swift */; };
		25C6F3B721C95D1800C2EBDD /* AppDelegate.swift in Sources */ = {isa = PBXBuildFile; fileRef = EA299EE21E55313B00931399 /* AppDelegate.swift */; };
		25C6F3B821C95D1A00C2EBDD /* FailureViewController.swift in Sources */ = {isa = PBXBuildFile; fileRef = EA299EE31E55313B00931399 /* FailureViewController.swift */; };
		25C6F3B921C95D1B00C2EBDD /* FailureViewController.swift in Sources */ = {isa = PBXBuildFile; fileRef = EA299EE31E55313B00931399 /* FailureViewController.swift */; };
		25C6F3BA21C95D1E00C2EBDD /* SplashScreenViewController.swift in Sources */ = {isa = PBXBuildFile; fileRef = EA299EE41E55313B00931399 /* SplashScreenViewController.swift */; };
		25C6F3BB21C95D1E00C2EBDD /* SplashScreenViewController.swift in Sources */ = {isa = PBXBuildFile; fileRef = EA299EE41E55313B00931399 /* SplashScreenViewController.swift */; };
		25C6F3BC21C95D2100C2EBDD /* VariationViewController.swift in Sources */ = {isa = PBXBuildFile; fileRef = EA299EE51E55313B00931399 /* VariationViewController.swift */; };
		25C6F3BD21C95D2100C2EBDD /* VariationViewController.swift in Sources */ = {isa = PBXBuildFile; fileRef = EA299EE51E55313B00931399 /* VariationViewController.swift */; };
		25C6F3BF21C95D4800C2EBDD /* iOSMain.storyboard in Resources */ = {isa = PBXBuildFile; fileRef = EA299EDD1E55312200931399 /* iOSMain.storyboard */; };
		6E4DD95F21E679D500B0C2C7 /* OptimizelySwiftSDK.framework in Frameworks */ = {isa = PBXBuildFile; fileRef = 6E4DD95821E679B900B0C2C7 /* OptimizelySwiftSDK.framework */; };
		6E4DD96021E679D500B0C2C7 /* OptimizelySwiftSDK.framework in Embed Frameworks */ = {isa = PBXBuildFile; fileRef = 6E4DD95821E679B900B0C2C7 /* OptimizelySwiftSDK.framework */; settings = {ATTRIBUTES = (CodeSignOnCopy, RemoveHeadersOnCopy, ); }; };
		6E4DD96721E67A3A00B0C2C7 /* OptimizelySwiftSDK.framework in Frameworks */ = {isa = PBXBuildFile; fileRef = 6E4DD95A21E679B900B0C2C7 /* OptimizelySwiftSDK.framework */; };
		6E4DD96821E67A3A00B0C2C7 /* OptimizelySwiftSDK.framework in Embed Frameworks */ = {isa = PBXBuildFile; fileRef = 6E4DD95A21E679B900B0C2C7 /* OptimizelySwiftSDK.framework */; settings = {ATTRIBUTES = (CodeSignOnCopy, RemoveHeadersOnCopy, ); }; };
		6E96811E21EE9552009B7FEC /* CustomNotificationCenter.swift in Sources */ = {isa = PBXBuildFile; fileRef = 6E96811B21EE9552009B7FEC /* CustomNotificationCenter.swift */; };
		6E96811F21EE9552009B7FEC /* CustomNotificationCenter.swift in Sources */ = {isa = PBXBuildFile; fileRef = 6E96811B21EE9552009B7FEC /* CustomNotificationCenter.swift */; };
		6E96819921EEA391009B7FEC /* Roboto-Medium.ttf in Resources */ = {isa = PBXBuildFile; fileRef = 6E96819221EEA391009B7FEC /* Roboto-Medium.ttf */; };
		6E96819A21EEA391009B7FEC /* Roboto-Medium.ttf in Resources */ = {isa = PBXBuildFile; fileRef = 6E96819221EEA391009B7FEC /* Roboto-Medium.ttf */; };
		6E96819B21EEA391009B7FEC /* demoTestDatafile.json in Resources */ = {isa = PBXBuildFile; fileRef = 6E96819321EEA391009B7FEC /* demoTestDatafile.json */; };
		6E96819C21EEA391009B7FEC /* demoTestDatafile.json in Resources */ = {isa = PBXBuildFile; fileRef = 6E96819321EEA391009B7FEC /* demoTestDatafile.json */; };
		6E96819D21EEA391009B7FEC /* ProximaNova-Regular.otf in Resources */ = {isa = PBXBuildFile; fileRef = 6E96819421EEA391009B7FEC /* ProximaNova-Regular.otf */; };
		6E96819E21EEA391009B7FEC /* ProximaNova-Regular.otf in Resources */ = {isa = PBXBuildFile; fileRef = 6E96819421EEA391009B7FEC /* ProximaNova-Regular.otf */; };
		6E96819F21EEA3B3009B7FEC /* Assets.xcassets in Resources */ = {isa = PBXBuildFile; fileRef = 6E96819021EEA391009B7FEC /* Assets.xcassets */; };
		6E9681A021EEA3B7009B7FEC /* Assets.xcassets in Resources */ = {isa = PBXBuildFile; fileRef = 6E96818E21EEA391009B7FEC /* Assets.xcassets */; };
		6EF2CF1D21E4158A00A5D78D /* tvOSMain.storyboard in Resources */ = {isa = PBXBuildFile; fileRef = 6EF2CF1B21E4158A00A5D78D /* tvOSMain.storyboard */; };
		BB408F09B1AC1ACBC566A834 /* libPods-DemoSwiftiOS.a in Frameworks */ = {isa = PBXBuildFile; fileRef = DC7EFE4CA8DB5FFFE0914504 /* libPods-DemoSwiftiOS.a */; };
/* End PBXBuildFile section */

/* Begin PBXContainerItemProxy section */
		6E4DD95721E679B900B0C2C7 /* PBXContainerItemProxy */ = {
			isa = PBXContainerItemProxy;
			containerPortal = 6E4DD95021E679B900B0C2C7 /* OptimizelySwiftSDK.xcodeproj */;
			proxyType = 2;
			remoteGlobalIDString = 6EBAEB6C21E3FEF800D13AA9;
			remoteInfo = OptimizelySwiftSDKiOS;
		};
		6E4DD95921E679B900B0C2C7 /* PBXContainerItemProxy */ = {
			isa = PBXContainerItemProxy;
			containerPortal = 6E4DD95021E679B900B0C2C7 /* OptimizelySwiftSDK.xcodeproj */;
			proxyType = 2;
			remoteGlobalIDString = 6E614DCD21E3F389005982A1;
			remoteInfo = OptimizelySwiftSDKtvOS;
		};
		6E4DD95B21E679B900B0C2C7 /* PBXContainerItemProxy */ = {
			isa = PBXContainerItemProxy;
			containerPortal = 6E4DD95021E679B900B0C2C7 /* OptimizelySwiftSDK.xcodeproj */;
			proxyType = 2;
			remoteGlobalIDString = 6EBAEB7421E3FEF900D13AA9;
			remoteInfo = OptimizelySwiftSDKiOSTests;
		};
		6E4DD95D21E679B900B0C2C7 /* PBXContainerItemProxy */ = {
			isa = PBXContainerItemProxy;
			containerPortal = 6E4DD95021E679B900B0C2C7 /* OptimizelySwiftSDK.xcodeproj */;
			proxyType = 2;
			remoteGlobalIDString = 6E614DD521E3F38A005982A1;
			remoteInfo = OptimizelySwiftSDKtvOSTests;
		};
		6E4DD96121E679D500B0C2C7 /* PBXContainerItemProxy */ = {
			isa = PBXContainerItemProxy;
			containerPortal = 6E4DD95021E679B900B0C2C7 /* OptimizelySwiftSDK.xcodeproj */;
			proxyType = 1;
			remoteGlobalIDString = 6EBAEB6B21E3FEF800D13AA9;
			remoteInfo = OptimizelySwiftSDKiOS;
		};
		6E4DD96921E67A3A00B0C2C7 /* PBXContainerItemProxy */ = {
			isa = PBXContainerItemProxy;
			containerPortal = 6E4DD95021E679B900B0C2C7 /* OptimizelySwiftSDK.xcodeproj */;
			proxyType = 1;
			remoteGlobalIDString = 6E614DCC21E3F389005982A1;
			remoteInfo = OptimizelySwiftSDKtvOS;
		};
/* End PBXContainerItemProxy section */

/* Begin PBXCopyFilesBuildPhase section */
		6E4DD93321E66FB400B0C2C7 /* Embed Frameworks */ = {
			isa = PBXCopyFilesBuildPhase;
			buildActionMask = 2147483647;
			dstPath = "";
			dstSubfolderSpec = 10;
			files = (
				6E4DD96021E679D500B0C2C7 /* OptimizelySwiftSDK.framework in Embed Frameworks */,
			);
			name = "Embed Frameworks";
			runOnlyForDeploymentPostprocessing = 0;
		};
		6E4DD96B21E67A3A00B0C2C7 /* Embed Frameworks */ = {
			isa = PBXCopyFilesBuildPhase;
			buildActionMask = 2147483647;
			dstPath = "";
			dstSubfolderSpec = 10;
			files = (
				6E4DD96821E67A3A00B0C2C7 /* OptimizelySwiftSDK.framework in Embed Frameworks */,
			);
			name = "Embed Frameworks";
			runOnlyForDeploymentPostprocessing = 0;
		};
/* End PBXCopyFilesBuildPhase section */

/* Begin PBXFileReference section */
		252D7DED21C8800800134A7A /* DemoSwiftiOS.app */ = {isa = PBXFileReference; explicitFileType = wrapper.application; includeInIndex = 0; path = DemoSwiftiOS.app; sourceTree = BUILT_PRODUCTS_DIR; };
		252D7E1121C8804E00134A7A /* DemoSwifttvOS.app */ = {isa = PBXFileReference; explicitFileType = wrapper.application; includeInIndex = 0; path = DemoSwifttvOS.app; sourceTree = BUILT_PRODUCTS_DIR; };
		6E4DD95021E679B900B0C2C7 /* OptimizelySwiftSDK.xcodeproj */ = {isa = PBXFileReference; lastKnownFileType = "wrapper.pb-project"; name = OptimizelySwiftSDK.xcodeproj; path = ../OptimizelySDK/OptimizelySwiftSDK.xcodeproj; sourceTree = "<group>"; };
		6E96811B21EE9552009B7FEC /* CustomNotificationCenter.swift */ = {isa = PBXFileReference; fileEncoding = 4; lastKnownFileType = sourcecode.swift; path = CustomNotificationCenter.swift; sourceTree = "<group>"; };
		6E96818E21EEA391009B7FEC /* Assets.xcassets */ = {isa = PBXFileReference; lastKnownFileType = folder.assetcatalog; path = Assets.xcassets; sourceTree = "<group>"; };
		6E96819021EEA391009B7FEC /* Assets.xcassets */ = {isa = PBXFileReference; lastKnownFileType = folder.assetcatalog; path = Assets.xcassets; sourceTree = "<group>"; };
		6E96819221EEA391009B7FEC /* Roboto-Medium.ttf */ = {isa = PBXFileReference; lastKnownFileType = file; path = "Roboto-Medium.ttf"; sourceTree = "<group>"; };
		6E96819321EEA391009B7FEC /* demoTestDatafile.json */ = {isa = PBXFileReference; fileEncoding = 4; lastKnownFileType = text.json; path = demoTestDatafile.json; sourceTree = "<group>"; };
		6E96819421EEA391009B7FEC /* ProximaNova-Regular.otf */ = {isa = PBXFileReference; lastKnownFileType = file; path = "ProximaNova-Regular.otf"; sourceTree = "<group>"; };
		6EF2CF1C21E4158A00A5D78D /* Base */ = {isa = PBXFileReference; lastKnownFileType = file.storyboard; name = Base; path = Base.lproj/tvOSMain.storyboard; sourceTree = "<group>"; };
		9C185BE70FBE51067CFD104E /* Pods-DemoSwiftiOS.release.xcconfig */ = {isa = PBXFileReference; includeInIndex = 1; lastKnownFileType = text.xcconfig; name = "Pods-DemoSwiftiOS.release.xcconfig"; path = "../Pods/Target Support Files/Pods-DemoSwiftiOS/Pods-DemoSwiftiOS.release.xcconfig"; sourceTree = "<group>"; };
		B301A636D5072557B288E62C /* Pods-DemoSwifttvOS.release.xcconfig */ = {isa = PBXFileReference; includeInIndex = 1; lastKnownFileType = text.xcconfig; name = "Pods-DemoSwifttvOS.release.xcconfig"; path = "../Pods/Target Support Files/Pods-DemoSwifttvOS/Pods-DemoSwifttvOS.release.xcconfig"; sourceTree = "<group>"; };
		DA2E0408D86A53942A6E2145 /* libPods-DemoSwifttvOS.a */ = {isa = PBXFileReference; explicitFileType = archive.ar; includeInIndex = 0; path = "libPods-DemoSwifttvOS.a"; sourceTree = BUILT_PRODUCTS_DIR; };
		DC7EFE4CA8DB5FFFE0914504 /* libPods-DemoSwiftiOS.a */ = {isa = PBXFileReference; explicitFileType = archive.ar; includeInIndex = 0; path = "libPods-DemoSwiftiOS.a"; sourceTree = BUILT_PRODUCTS_DIR; };
		E4A4D2A6EBCC93081556F7A5 /* Pods-DemoSwiftiOS.debug.xcconfig */ = {isa = PBXFileReference; includeInIndex = 1; lastKnownFileType = text.xcconfig; name = "Pods-DemoSwiftiOS.debug.xcconfig"; path = "../Pods/Target Support Files/Pods-DemoSwiftiOS/Pods-DemoSwiftiOS.debug.xcconfig"; sourceTree = "<group>"; };
		EA1E4AA51E5FD1C100BDDABD /* DemoSwiftApp-Bridging-Header.h */ = {isa = PBXFileReference; fileEncoding = 4; lastKnownFileType = sourcecode.c.h; path = "DemoSwiftApp-Bridging-Header.h"; sourceTree = "<group>"; };
		EA299ED81E5530B800931399 /* Info.plist */ = {isa = PBXFileReference; fileEncoding = 4; lastKnownFileType = text.plist.xml; path = Info.plist; sourceTree = "<group>"; };
		EA299EDE1E55312200931399 /* Base */ = {isa = PBXFileReference; lastKnownFileType = file.storyboard; name = Base; path = Base.lproj/iOSMain.storyboard; sourceTree = "<group>"; };
		EA299EE21E55313B00931399 /* AppDelegate.swift */ = {isa = PBXFileReference; fileEncoding = 4; lastKnownFileType = sourcecode.swift; path = AppDelegate.swift; sourceTree = "<group>"; };
		EA299EE31E55313B00931399 /* FailureViewController.swift */ = {isa = PBXFileReference; fileEncoding = 4; lastKnownFileType = sourcecode.swift; path = FailureViewController.swift; sourceTree = "<group>"; };
		EA299EE41E55313B00931399 /* SplashScreenViewController.swift */ = {isa = PBXFileReference; fileEncoding = 4; lastKnownFileType = sourcecode.swift; path = SplashScreenViewController.swift; sourceTree = "<group>"; };
		EA299EE51E55313B00931399 /* VariationViewController.swift */ = {isa = PBXFileReference; fileEncoding = 4; lastKnownFileType = sourcecode.swift; path = VariationViewController.swift; sourceTree = "<group>"; };
		EA5246CC1DC7186800AF6685 /* Info.plist */ = {isa = PBXFileReference; lastKnownFileType = text.plist.xml; path = Info.plist; sourceTree = "<group>"; };
		FD873EDFB92782C5D1947834 /* Pods-DemoSwifttvOS.debug.xcconfig */ = {isa = PBXFileReference; includeInIndex = 1; lastKnownFileType = text.xcconfig; name = "Pods-DemoSwifttvOS.debug.xcconfig"; path = "../Pods/Target Support Files/Pods-DemoSwifttvOS/Pods-DemoSwifttvOS.debug.xcconfig"; sourceTree = "<group>"; };
/* End PBXFileReference section */

/* Begin PBXFrameworksBuildPhase section */
		252D7DEA21C8800800134A7A /* Frameworks */ = {
			isa = PBXFrameworksBuildPhase;
			buildActionMask = 2147483647;
			files = (
				6E4DD95F21E679D500B0C2C7 /* OptimizelySwiftSDK.framework in Frameworks */,
				BB408F09B1AC1ACBC566A834 /* libPods-DemoSwiftiOS.a in Frameworks */,
			);
			runOnlyForDeploymentPostprocessing = 0;
		};
		252D7E0E21C8804E00134A7A /* Frameworks */ = {
			isa = PBXFrameworksBuildPhase;
			buildActionMask = 2147483647;
			files = (
				6E4DD96721E67A3A00B0C2C7 /* OptimizelySwiftSDK.framework in Frameworks */,
				2330F864C8154595434F8799 /* libPods-DemoSwifttvOS.a in Frameworks */,
			);
			runOnlyForDeploymentPostprocessing = 0;
		};
/* End PBXFrameworksBuildPhase section */

/* Begin PBXGroup section */
		5D9DAC78D3124F03BF2A7CC8 /* Pods */ = {
			isa = PBXGroup;
			children = (
				E4A4D2A6EBCC93081556F7A5 /* Pods-DemoSwiftiOS.debug.xcconfig */,
				9C185BE70FBE51067CFD104E /* Pods-DemoSwiftiOS.release.xcconfig */,
				FD873EDFB92782C5D1947834 /* Pods-DemoSwifttvOS.debug.xcconfig */,
				B301A636D5072557B288E62C /* Pods-DemoSwifttvOS.release.xcconfig */,
			);
			name = Pods;
			sourceTree = "<group>";
		};
		6E4DD95121E679B900B0C2C7 /* Products */ = {
			isa = PBXGroup;
			children = (
				6E4DD95821E679B900B0C2C7 /* OptimizelySwiftSDK.framework */,
				6E4DD95A21E679B900B0C2C7 /* OptimizelySwiftSDK.framework */,
				6E4DD95C21E679B900B0C2C7 /* OptimizelySwiftSDK-iOSTests.xctest */,
				6E4DD95E21E679B900B0C2C7 /* OptimizelySwiftSDK-tvOSTests.xctest */,
			);
			name = Products;
			sourceTree = "<group>";
		};
		6E96811A21EE9552009B7FEC /* Customization */ = {
			isa = PBXGroup;
			children = (
				6E96811B21EE9552009B7FEC /* CustomNotificationCenter.swift */,
			);
			path = Customization;
			sourceTree = "<group>";
		};
		6E96818C21EEA391009B7FEC /* SharedResources */ = {
			isa = PBXGroup;
			children = (
				6E96818F21EEA391009B7FEC /* DemoSwiftiOS */,
				6E96818D21EEA391009B7FEC /* DemoSwifttvOS */,
				6E96819121EEA391009B7FEC /* Resources */,
			);
			path = SharedResources;
			sourceTree = "<group>";
		};
		6E96818D21EEA391009B7FEC /* DemoSwifttvOS */ = {
			isa = PBXGroup;
			children = (
				6E96818E21EEA391009B7FEC /* Assets.xcassets */,
			);
			path = DemoSwifttvOS;
			sourceTree = "<group>";
		};
		6E96818F21EEA391009B7FEC /* DemoSwiftiOS */ = {
			isa = PBXGroup;
			children = (
				6E96819021EEA391009B7FEC /* Assets.xcassets */,
			);
			path = DemoSwiftiOS;
			sourceTree = "<group>";
		};
		6E96819121EEA391009B7FEC /* Resources */ = {
			isa = PBXGroup;
			children = (
				6E96819221EEA391009B7FEC /* Roboto-Medium.ttf */,
				6E96819321EEA391009B7FEC /* demoTestDatafile.json */,
				6E96819421EEA391009B7FEC /* ProximaNova-Regular.otf */,
			);
			path = Resources;
			sourceTree = "<group>";
		};
		EA299ED51E5530A400931399 /* DemoSwifttvOS */ = {
			isa = PBXGroup;
			children = (
				EA299ED81E5530B800931399 /* Info.plist */,
				6EF2CF1B21E4158A00A5D78D /* tvOSMain.storyboard */,
			);
			path = DemoSwifttvOS;
			sourceTree = "<group>";
		};
		EA5246B41DC7186800AF6685 = {
			isa = PBXGroup;
			children = (
				EA299EE21E55313B00931399 /* AppDelegate.swift */,
				EA299EE51E55313B00931399 /* VariationViewController.swift */,
				EA299EE31E55313B00931399 /* FailureViewController.swift */,
				EA299EE41E55313B00931399 /* SplashScreenViewController.swift */,
				EA1E4AA51E5FD1C100BDDABD /* DemoSwiftApp-Bridging-Header.h */,
				6E96811A21EE9552009B7FEC /* Customization */,
				EA5246BF1DC7186800AF6685 /* DemoSwiftiOS */,
				EA299ED51E5530A400931399 /* DemoSwifttvOS */,
				6E96818C21EEA391009B7FEC /* SharedResources */,
				EA5246BE1DC7186800AF6685 /* Products */,
				EA5248C31DC72E8300AF6685 /* Frameworks */,
				5D9DAC78D3124F03BF2A7CC8 /* Pods */,
			);
			sourceTree = "<group>";
		};
		EA5246BE1DC7186800AF6685 /* Products */ = {
			isa = PBXGroup;
			children = (
				252D7DED21C8800800134A7A /* DemoSwiftiOS.app */,
				252D7E1121C8804E00134A7A /* DemoSwifttvOS.app */,
			);
			name = Products;
			sourceTree = "<group>";
		};
		EA5246BF1DC7186800AF6685 /* DemoSwiftiOS */ = {
			isa = PBXGroup;
			children = (
				EA5246CC1DC7186800AF6685 /* Info.plist */,
				EA299EDD1E55312200931399 /* iOSMain.storyboard */,
			);
			path = DemoSwiftiOS;
			sourceTree = "<group>";
		};
		EA5248C31DC72E8300AF6685 /* Frameworks */ = {
			isa = PBXGroup;
			children = (
				6E4DD95021E679B900B0C2C7 /* OptimizelySwiftSDK.xcodeproj */,
				DA2E0408D86A53942A6E2145 /* libPods-DemoSwifttvOS.a */,
				DC7EFE4CA8DB5FFFE0914504 /* libPods-DemoSwiftiOS.a */,
			);
			name = Frameworks;
			sourceTree = "<group>";
		};
/* End PBXGroup section */

/* Begin PBXNativeTarget section */
		252D7DEC21C8800800134A7A /* DemoSwiftiOS */ = {
			isa = PBXNativeTarget;
			buildConfigurationList = 252D7E0721C8800900134A7A /* Build configuration list for PBXNativeTarget "DemoSwiftiOS" */;
			buildPhases = (
				8C29F1E0722378268CBB6EF1 /* [CP] Check Pods Manifest.lock */,
				252D7DE921C8800800134A7A /* Sources */,
				252D7DEA21C8800800134A7A /* Frameworks */,
				252D7DEB21C8800800134A7A /* Resources */,
				6E4DD93321E66FB400B0C2C7 /* Embed Frameworks */,
			);
			buildRules = (
			);
			dependencies = (
				6E4DD96221E679D500B0C2C7 /* PBXTargetDependency */,
			);
			name = DemoSwiftiOS;
			productName = OptimizelyiOSDemoApp;
			productReference = 252D7DED21C8800800134A7A /* DemoSwiftiOS.app */;
			productType = "com.apple.product-type.application";
		};
		252D7E1021C8804E00134A7A /* DemoSwifttvOS */ = {
			isa = PBXNativeTarget;
			buildConfigurationList = 252D7E2821C8805000134A7A /* Build configuration list for PBXNativeTarget "DemoSwifttvOS" */;
			buildPhases = (
				3113BA42DAEFB72BCAE11952 /* [CP] Check Pods Manifest.lock */,
				252D7E0D21C8804E00134A7A /* Sources */,
				252D7E0E21C8804E00134A7A /* Frameworks */,
				252D7E0F21C8804E00134A7A /* Resources */,
				6E4DD96B21E67A3A00B0C2C7 /* Embed Frameworks */,
			);
			buildRules = (
			);
			dependencies = (
				6E4DD96A21E67A3A00B0C2C7 /* PBXTargetDependency */,
			);
			name = DemoSwifttvOS;
			productName = OptimizelyTVOSDemoApp;
			productReference = 252D7E1121C8804E00134A7A /* DemoSwifttvOS.app */;
			productType = "com.apple.product-type.application";
		};
/* End PBXNativeTarget section */

/* Begin PBXProject section */
		EA5246B51DC7186800AF6685 /* Project object */ = {
			isa = PBXProject;
			attributes = {
				LastSwiftUpdateCheck = 1010;
				LastUpgradeCheck = 0940;
				ORGANIZATIONNAME = Optimizely;
				TargetAttributes = {
					252D7DEC21C8800800134A7A = {
						CreatedOnToolsVersion = 10.1;
						ProvisioningStyle = Automatic;
						SystemCapabilities = {
							com.apple.BackgroundModes = {
								enabled = 1;
							};
						};
					};
					252D7E1021C8804E00134A7A = {
						CreatedOnToolsVersion = 10.1;
						ProvisioningStyle = Automatic;
						SystemCapabilities = {
							com.apple.BackgroundModes.appletvos = {
								enabled = 1;
							};
						};
					};
				};
			};
			buildConfigurationList = EA5246B81DC7186800AF6685 /* Build configuration list for PBXProject "DemoSwiftApp" */;
			compatibilityVersion = "Xcode 3.2";
			developmentRegion = English;
			hasScannedForEncodings = 0;
			knownRegions = (
				en,
				Base,
			);
			mainGroup = EA5246B41DC7186800AF6685;
			productRefGroup = EA5246BE1DC7186800AF6685 /* Products */;
			projectDirPath = "";
			projectReferences = (
				{
					ProductGroup = 6E4DD95121E679B900B0C2C7 /* Products */;
					ProjectRef = 6E4DD95021E679B900B0C2C7 /* OptimizelySwiftSDK.xcodeproj */;
				},
			);
			projectRoot = "";
			targets = (
				252D7DEC21C8800800134A7A /* DemoSwiftiOS */,
				252D7E1021C8804E00134A7A /* DemoSwifttvOS */,
			);
		};
/* End PBXProject section */

/* Begin PBXReferenceProxy section */
		6E4DD95821E679B900B0C2C7 /* OptimizelySwiftSDK.framework */ = {
			isa = PBXReferenceProxy;
			fileType = wrapper.framework;
			path = OptimizelySwiftSDK.framework;
			remoteRef = 6E4DD95721E679B900B0C2C7 /* PBXContainerItemProxy */;
			sourceTree = BUILT_PRODUCTS_DIR;
		};
		6E4DD95A21E679B900B0C2C7 /* OptimizelySwiftSDK.framework */ = {
			isa = PBXReferenceProxy;
			fileType = wrapper.framework;
			path = OptimizelySwiftSDK.framework;
			remoteRef = 6E4DD95921E679B900B0C2C7 /* PBXContainerItemProxy */;
			sourceTree = BUILT_PRODUCTS_DIR;
		};
		6E4DD95C21E679B900B0C2C7 /* OptimizelySwiftSDK-iOSTests.xctest */ = {
			isa = PBXReferenceProxy;
			fileType = wrapper.cfbundle;
			path = "OptimizelySwiftSDK-iOSTests.xctest";
			remoteRef = 6E4DD95B21E679B900B0C2C7 /* PBXContainerItemProxy */;
			sourceTree = BUILT_PRODUCTS_DIR;
		};
		6E4DD95E21E679B900B0C2C7 /* OptimizelySwiftSDK-tvOSTests.xctest */ = {
			isa = PBXReferenceProxy;
			fileType = wrapper.cfbundle;
			path = "OptimizelySwiftSDK-tvOSTests.xctest";
			remoteRef = 6E4DD95D21E679B900B0C2C7 /* PBXContainerItemProxy */;
			sourceTree = BUILT_PRODUCTS_DIR;
		};
/* End PBXReferenceProxy section */

/* Begin PBXResourcesBuildPhase section */
		252D7DEB21C8800800134A7A /* Resources */ = {
			isa = PBXResourcesBuildPhase;
			buildActionMask = 2147483647;
			files = (
				6E96819B21EEA391009B7FEC /* demoTestDatafile.json in Resources */,
				6E96819921EEA391009B7FEC /* Roboto-Medium.ttf in Resources */,
				25C6F3BF21C95D4800C2EBDD /* iOSMain.storyboard in Resources */,
				6E96819F21EEA3B3009B7FEC /* Assets.xcassets in Resources */,
				6E96819D21EEA391009B7FEC /* ProximaNova-Regular.otf in Resources */,
			);
			runOnlyForDeploymentPostprocessing = 0;
		};
		252D7E0F21C8804E00134A7A /* Resources */ = {
			isa = PBXResourcesBuildPhase;
			buildActionMask = 2147483647;
			files = (
				6E96819C21EEA391009B7FEC /* demoTestDatafile.json in Resources */,
				6E96819A21EEA391009B7FEC /* Roboto-Medium.ttf in Resources */,
				6EF2CF1D21E4158A00A5D78D /* tvOSMain.storyboard in Resources */,
				6E96819E21EEA391009B7FEC /* ProximaNova-Regular.otf in Resources */,
				6E9681A021EEA3B7009B7FEC /* Assets.xcassets in Resources */,
			);
			runOnlyForDeploymentPostprocessing = 0;
		};
/* End PBXResourcesBuildPhase section */

/* Begin PBXShellScriptBuildPhase section */
		3113BA42DAEFB72BCAE11952 /* [CP] Check Pods Manifest.lock */ = {
			isa = PBXShellScriptBuildPhase;
			buildActionMask = 2147483647;
			files = (
			);
			inputFileListPaths = (
			);
			inputPaths = (
				"${PODS_PODFILE_DIR_PATH}/Podfile.lock",
				"${PODS_ROOT}/Manifest.lock",
			);
			name = "[CP] Check Pods Manifest.lock";
			outputFileListPaths = (
			);
			outputPaths = (
				"$(DERIVED_FILE_DIR)/Pods-DemoSwifttvOS-checkManifestLockResult.txt",
			);
			runOnlyForDeploymentPostprocessing = 0;
			shellPath = /bin/sh;
			shellScript = "diff \"${PODS_PODFILE_DIR_PATH}/Podfile.lock\" \"${PODS_ROOT}/Manifest.lock\" > /dev/null\nif [ $? != 0 ] ; then\n    # print error to STDERR\n    echo \"error: The sandbox is not in sync with the Podfile.lock. Run 'pod install' or update your CocoaPods installation.\" >&2\n    exit 1\nfi\n# This output is used by Xcode 'outputs' to avoid re-running this script phase.\necho \"SUCCESS\" > \"${SCRIPT_OUTPUT_FILE_0}\"\n";
			showEnvVarsInLog = 0;
		};
		8C29F1E0722378268CBB6EF1 /* [CP] Check Pods Manifest.lock */ = {
			isa = PBXShellScriptBuildPhase;
			buildActionMask = 2147483647;
			files = (
			);
			inputFileListPaths = (
			);
			inputPaths = (
				"${PODS_PODFILE_DIR_PATH}/Podfile.lock",
				"${PODS_ROOT}/Manifest.lock",
			);
			name = "[CP] Check Pods Manifest.lock";
			outputFileListPaths = (
			);
			outputPaths = (
				"$(DERIVED_FILE_DIR)/Pods-DemoSwiftiOS-checkManifestLockResult.txt",
			);
			runOnlyForDeploymentPostprocessing = 0;
			shellPath = /bin/sh;
			shellScript = "diff \"${PODS_PODFILE_DIR_PATH}/Podfile.lock\" \"${PODS_ROOT}/Manifest.lock\" > /dev/null\nif [ $? != 0 ] ; then\n    # print error to STDERR\n    echo \"error: The sandbox is not in sync with the Podfile.lock. Run 'pod install' or update your CocoaPods installation.\" >&2\n    exit 1\nfi\n# This output is used by Xcode 'outputs' to avoid re-running this script phase.\necho \"SUCCESS\" > \"${SCRIPT_OUTPUT_FILE_0}\"\n";
			showEnvVarsInLog = 0;
		};
/* End PBXShellScriptBuildPhase section */

/* Begin PBXSourcesBuildPhase section */
		252D7DE921C8800800134A7A /* Sources */ = {
			isa = PBXSourcesBuildPhase;
			buildActionMask = 2147483647;
			files = (
				25C6F3B821C95D1A00C2EBDD /* FailureViewController.swift in Sources */,
				25C6F3BC21C95D2100C2EBDD /* VariationViewController.swift in Sources */,
				25C6F3B621C95D1700C2EBDD /* AppDelegate.swift in Sources */,
				6E96811E21EE9552009B7FEC /* CustomNotificationCenter.swift in Sources */,
				25C6F3BB21C95D1E00C2EBDD /* SplashScreenViewController.swift in Sources */,
			);
			runOnlyForDeploymentPostprocessing = 0;
		};
		252D7E0D21C8804E00134A7A /* Sources */ = {
			isa = PBXSourcesBuildPhase;
			buildActionMask = 2147483647;
			files = (
				25C6F3B921C95D1B00C2EBDD /* FailureViewController.swift in Sources */,
				25C6F3BD21C95D2100C2EBDD /* VariationViewController.swift in Sources */,
				25C6F3B721C95D1800C2EBDD /* AppDelegate.swift in Sources */,
				6E96811F21EE9552009B7FEC /* CustomNotificationCenter.swift in Sources */,
				25C6F3BA21C95D1E00C2EBDD /* SplashScreenViewController.swift in Sources */,
			);
			runOnlyForDeploymentPostprocessing = 0;
		};
/* End PBXSourcesBuildPhase section */

/* Begin PBXTargetDependency section */
		6E4DD96221E679D500B0C2C7 /* PBXTargetDependency */ = {
			isa = PBXTargetDependency;
			name = OptimizelySwiftSDKiOS;
			targetProxy = 6E4DD96121E679D500B0C2C7 /* PBXContainerItemProxy */;
		};
		6E4DD96A21E67A3A00B0C2C7 /* PBXTargetDependency */ = {
			isa = PBXTargetDependency;
			name = OptimizelySwiftSDKtvOS;
			targetProxy = 6E4DD96921E67A3A00B0C2C7 /* PBXContainerItemProxy */;
		};
/* End PBXTargetDependency section */

/* Begin PBXVariantGroup section */
		6EF2CF1B21E4158A00A5D78D /* tvOSMain.storyboard */ = {
			isa = PBXVariantGroup;
			children = (
				6EF2CF1C21E4158A00A5D78D /* Base */,
			);
			name = tvOSMain.storyboard;
			sourceTree = "<group>";
		};
		EA299EDD1E55312200931399 /* iOSMain.storyboard */ = {
			isa = PBXVariantGroup;
			children = (
				EA299EDE1E55312200931399 /* Base */,
			);
			name = iOSMain.storyboard;
			sourceTree = "<group>";
		};
/* End PBXVariantGroup section */

/* Begin XCBuildConfiguration section */
		252D7E0821C8800900134A7A /* Debug */ = {
			isa = XCBuildConfiguration;
			baseConfigurationReference = E4A4D2A6EBCC93081556F7A5 /* Pods-DemoSwiftiOS.debug.xcconfig */;
			buildSettings = {
				ASSETCATALOG_COMPILER_APPICON_NAME = AppIcon;
				ASSETCATALOG_COMPILER_LAUNCHIMAGE_NAME = LaunchImage;
				CLANG_ANALYZER_NUMBER_OBJECT_CONVERSION = YES_AGGRESSIVE;
				CLANG_CXX_LANGUAGE_STANDARD = "gnu++14";
				CLANG_ENABLE_OBJC_WEAK = YES;
				CLANG_WARN_UNGUARDED_AVAILABILITY = YES_AGGRESSIVE;
				CODE_SIGN_IDENTITY = "iPhone Developer";
				CODE_SIGN_STYLE = Automatic;
				GCC_C_LANGUAGE_STANDARD = gnu11;
				GCC_PREPROCESSOR_DEFINITIONS = (
					"DEBUG=1",
					"$(inherited)",
				);
				INFOPLIST_FILE = "$(SRCROOT)/DemoSwiftiOS/Info.plist";
				IPHONEOS_DEPLOYMENT_TARGET = 12.0;
				LD_RUNPATH_SEARCH_PATHS = "$(inherited) @executable_path/Frameworks";
				MTL_ENABLE_DEBUG_INFO = INCLUDE_SOURCE;
				MTL_FAST_MATH = YES;
				PRODUCT_BUNDLE_IDENTIFIER = com.optimizely.DemoSwiftiOS;
				PRODUCT_NAME = "$(TARGET_NAME)";
				SWIFT_VERSION = 4.2;
				TARGETED_DEVICE_FAMILY = "1,2";
			};
			name = Debug;
		};
		252D7E0921C8800900134A7A /* Release */ = {
			isa = XCBuildConfiguration;
			baseConfigurationReference = 9C185BE70FBE51067CFD104E /* Pods-DemoSwiftiOS.release.xcconfig */;
			buildSettings = {
				ASSETCATALOG_COMPILER_APPICON_NAME = AppIcon;
				ASSETCATALOG_COMPILER_LAUNCHIMAGE_NAME = LaunchImage;
				CLANG_ANALYZER_NUMBER_OBJECT_CONVERSION = YES_AGGRESSIVE;
				CLANG_CXX_LANGUAGE_STANDARD = "gnu++14";
				CLANG_ENABLE_OBJC_WEAK = YES;
				CLANG_WARN_UNGUARDED_AVAILABILITY = YES_AGGRESSIVE;
				CODE_SIGN_IDENTITY = "iPhone Developer";
				CODE_SIGN_STYLE = Automatic;
				GCC_C_LANGUAGE_STANDARD = gnu11;
				INFOPLIST_FILE = "$(SRCROOT)/DemoSwiftiOS/Info.plist";
				IPHONEOS_DEPLOYMENT_TARGET = 12.0;
				LD_RUNPATH_SEARCH_PATHS = "$(inherited) @executable_path/Frameworks";
				MTL_FAST_MATH = YES;
				PRODUCT_BUNDLE_IDENTIFIER = com.optimizely.DemoSwiftiOS;
				PRODUCT_NAME = "$(TARGET_NAME)";
				SWIFT_VERSION = 4.2;
				TARGETED_DEVICE_FAMILY = "1,2";
			};
			name = Release;
		};
		252D7E2921C8805000134A7A /* Debug */ = {
			isa = XCBuildConfiguration;
			baseConfigurationReference = FD873EDFB92782C5D1947834 /* Pods-DemoSwifttvOS.debug.xcconfig */;
			buildSettings = {
				ASSETCATALOG_COMPILER_APPICON_NAME = "App Icon & Top Shelf Image";
				ASSETCATALOG_COMPILER_LAUNCHIMAGE_NAME = LaunchImage;
				CLANG_ANALYZER_NUMBER_OBJECT_CONVERSION = YES_AGGRESSIVE;
				CLANG_CXX_LANGUAGE_STANDARD = "gnu++14";
				CLANG_ENABLE_OBJC_WEAK = YES;
				CLANG_WARN_UNGUARDED_AVAILABILITY = YES_AGGRESSIVE;
				CODE_SIGN_STYLE = Automatic;
				GCC_C_LANGUAGE_STANDARD = gnu11;
				GCC_PREPROCESSOR_DEFINITIONS = (
					"DEBUG=1",
					"$(inherited)",
				);
				INFOPLIST_FILE = "$(SRCROOT)/DemoSwifttvOS/Info.plist";
				LD_RUNPATH_SEARCH_PATHS = "$(inherited) @executable_path/Frameworks";
				MTL_ENABLE_DEBUG_INFO = INCLUDE_SOURCE;
				MTL_FAST_MATH = YES;
				PRODUCT_BUNDLE_IDENTIFIER = com.optimizely.DemoSwifttvOS;
				PRODUCT_NAME = "$(TARGET_NAME)";
				SDKROOT = appletvos;
				SWIFT_VERSION = 4.2;
				TARGETED_DEVICE_FAMILY = 3;
				TVOS_DEPLOYMENT_TARGET = 12.0;
			};
			name = Debug;
		};
		252D7E2A21C8805000134A7A /* Release */ = {
			isa = XCBuildConfiguration;
			baseConfigurationReference = B301A636D5072557B288E62C /* Pods-DemoSwifttvOS.release.xcconfig */;
			buildSettings = {
				ASSETCATALOG_COMPILER_APPICON_NAME = "App Icon & Top Shelf Image";
				ASSETCATALOG_COMPILER_LAUNCHIMAGE_NAME = LaunchImage;
				CLANG_ANALYZER_NUMBER_OBJECT_CONVERSION = YES_AGGRESSIVE;
				CLANG_CXX_LANGUAGE_STANDARD = "gnu++14";
				CLANG_ENABLE_OBJC_WEAK = YES;
				CLANG_WARN_UNGUARDED_AVAILABILITY = YES_AGGRESSIVE;
				CODE_SIGN_STYLE = Automatic;
				GCC_C_LANGUAGE_STANDARD = gnu11;
				INFOPLIST_FILE = "$(SRCROOT)/DemoSwifttvOS/Info.plist";
				LD_RUNPATH_SEARCH_PATHS = "$(inherited) @executable_path/Frameworks";
				MTL_FAST_MATH = YES;
				PRODUCT_BUNDLE_IDENTIFIER = com.optimizely.DemoSwifttvOS;
				PRODUCT_NAME = "$(TARGET_NAME)";
				SDKROOT = appletvos;
				SWIFT_VERSION = 4.2;
				TARGETED_DEVICE_FAMILY = 3;
				TVOS_DEPLOYMENT_TARGET = 12.0;
			};
			name = Release;
		};
		EA5246E31DC7186800AF6685 /* Debug */ = {
			isa = XCBuildConfiguration;
			buildSettings = {
				ALWAYS_EMBED_SWIFT_STANDARD_LIBRARIES = YES;
				ALWAYS_SEARCH_USER_PATHS = NO;
				CLANG_ALLOW_NON_MODULAR_INCLUDES_IN_FRAMEWORK_MODULES = YES;
				CLANG_ANALYZER_NONNULL = YES;
				CLANG_CXX_LANGUAGE_STANDARD = "gnu++0x";
				CLANG_CXX_LIBRARY = "libc++";
				CLANG_ENABLE_MODULES = YES;
				CLANG_ENABLE_OBJC_ARC = YES;
				CLANG_WARN_BLOCK_CAPTURE_AUTORELEASING = YES;
				CLANG_WARN_BOOL_CONVERSION = YES;
				CLANG_WARN_COMMA = YES;
				CLANG_WARN_CONSTANT_CONVERSION = YES;
				CLANG_WARN_DEPRECATED_OBJC_IMPLEMENTATIONS = YES;
				CLANG_WARN_DIRECT_OBJC_ISA_USAGE = YES_ERROR;
				CLANG_WARN_DOCUMENTATION_COMMENTS = YES;
				CLANG_WARN_EMPTY_BODY = YES;
				CLANG_WARN_ENUM_CONVERSION = YES;
				CLANG_WARN_INFINITE_RECURSION = YES;
				CLANG_WARN_INT_CONVERSION = YES;
				CLANG_WARN_NON_LITERAL_NULL_CONVERSION = YES;
				CLANG_WARN_OBJC_IMPLICIT_RETAIN_SELF = YES;
				CLANG_WARN_OBJC_LITERAL_CONVERSION = YES;
				CLANG_WARN_OBJC_ROOT_CLASS = YES_ERROR;
				CLANG_WARN_RANGE_LOOP_ANALYSIS = YES;
				CLANG_WARN_STRICT_PROTOTYPES = YES;
				CLANG_WARN_SUSPICIOUS_MOVE = YES;
				CLANG_WARN_SUSPICIOUS_MOVES = YES;
				CLANG_WARN_UNREACHABLE_CODE = YES;
				CLANG_WARN__DUPLICATE_METHOD_MATCH = YES;
				"CODE_SIGN_IDENTITY[sdk=iphoneos*]" = "iPhone Developer";
				COPY_PHASE_STRIP = NO;
				DEBUG_INFORMATION_FORMAT = dwarf;
				DEFINES_MODULE = NO;
				ENABLE_STRICT_OBJC_MSGSEND = YES;
				ENABLE_TESTABILITY = YES;
				GCC_C_LANGUAGE_STANDARD = gnu99;
				GCC_DYNAMIC_NO_PIC = NO;
				GCC_NO_COMMON_BLOCKS = YES;
				GCC_OPTIMIZATION_LEVEL = 0;
				GCC_PREPROCESSOR_DEFINITIONS = (
					"DEBUG=1",
					"$(inherited)",
					LOG_FLAG_ERROR,
					LOG_FLAG_DEBUG,
					LOG_FLAG_INFO,
				);
				GCC_WARN_64_TO_32_BIT_CONVERSION = YES;
				GCC_WARN_ABOUT_RETURN_TYPE = YES_ERROR;
				GCC_WARN_UNDECLARED_SELECTOR = YES;
				GCC_WARN_UNINITIALIZED_AUTOS = YES_AGGRESSIVE;
				GCC_WARN_UNUSED_FUNCTION = YES;
				GCC_WARN_UNUSED_VARIABLE = YES;
				IPHONEOS_DEPLOYMENT_TARGET = 10.1;
				MTL_ENABLE_DEBUG_INFO = YES;
				ONLY_ACTIVE_ARCH = YES;
				SDKROOT = iphoneos;
				SWIFT_ACTIVE_COMPILATION_CONDITIONS = DEBUG;
				SWIFT_OPTIMIZATION_LEVEL = "-Onone";
				SWIFT_VERSION = 4.2;
				TARGETED_DEVICE_FAMILY = "1,2";
			};
			name = Debug;
		};
		EA5246E41DC7186800AF6685 /* Release */ = {
			isa = XCBuildConfiguration;
			buildSettings = {
				ALWAYS_EMBED_SWIFT_STANDARD_LIBRARIES = YES;
				ALWAYS_SEARCH_USER_PATHS = NO;
				CLANG_ALLOW_NON_MODULAR_INCLUDES_IN_FRAMEWORK_MODULES = YES;
				CLANG_ANALYZER_NONNULL = YES;
				CLANG_CXX_LANGUAGE_STANDARD = "gnu++0x";
				CLANG_CXX_LIBRARY = "libc++";
				CLANG_ENABLE_MODULES = YES;
				CLANG_ENABLE_OBJC_ARC = YES;
				CLANG_WARN_BLOCK_CAPTURE_AUTORELEASING = YES;
				CLANG_WARN_BOOL_CONVERSION = YES;
				CLANG_WARN_COMMA = YES;
				CLANG_WARN_CONSTANT_CONVERSION = YES;
				CLANG_WARN_DEPRECATED_OBJC_IMPLEMENTATIONS = YES;
				CLANG_WARN_DIRECT_OBJC_ISA_USAGE = YES_ERROR;
				CLANG_WARN_DOCUMENTATION_COMMENTS = YES;
				CLANG_WARN_EMPTY_BODY = YES;
				CLANG_WARN_ENUM_CONVERSION = YES;
				CLANG_WARN_INFINITE_RECURSION = YES;
				CLANG_WARN_INT_CONVERSION = YES;
				CLANG_WARN_NON_LITERAL_NULL_CONVERSION = YES;
				CLANG_WARN_OBJC_IMPLICIT_RETAIN_SELF = YES;
				CLANG_WARN_OBJC_LITERAL_CONVERSION = YES;
				CLANG_WARN_OBJC_ROOT_CLASS = YES_ERROR;
				CLANG_WARN_RANGE_LOOP_ANALYSIS = YES;
				CLANG_WARN_STRICT_PROTOTYPES = YES;
				CLANG_WARN_SUSPICIOUS_MOVE = YES;
				CLANG_WARN_SUSPICIOUS_MOVES = YES;
				CLANG_WARN_UNREACHABLE_CODE = YES;
				CLANG_WARN__DUPLICATE_METHOD_MATCH = YES;
				"CODE_SIGN_IDENTITY[sdk=iphoneos*]" = "iPhone Developer";
				COPY_PHASE_STRIP = NO;
				DEBUG_INFORMATION_FORMAT = "dwarf-with-dsym";
				DEFINES_MODULE = NO;
				ENABLE_NS_ASSERTIONS = NO;
				ENABLE_STRICT_OBJC_MSGSEND = YES;
				GCC_C_LANGUAGE_STANDARD = gnu99;
				GCC_NO_COMMON_BLOCKS = YES;
				GCC_WARN_64_TO_32_BIT_CONVERSION = YES;
				GCC_WARN_ABOUT_RETURN_TYPE = YES_ERROR;
				GCC_WARN_UNDECLARED_SELECTOR = YES;
				GCC_WARN_UNINITIALIZED_AUTOS = YES_AGGRESSIVE;
				GCC_WARN_UNUSED_FUNCTION = YES;
				GCC_WARN_UNUSED_VARIABLE = YES;
				IPHONEOS_DEPLOYMENT_TARGET = 10.1;
				MTL_ENABLE_DEBUG_INFO = NO;
				SDKROOT = iphoneos;
				SWIFT_OPTIMIZATION_LEVEL = "-Owholemodule";
				SWIFT_VERSION = 4.2;
				TARGETED_DEVICE_FAMILY = "1,2";
				VALIDATE_PRODUCT = YES;
			};
			name = Release;
		};
/* End XCBuildConfiguration section */

/* Begin XCConfigurationList section */
		252D7E0721C8800900134A7A /* Build configuration list for PBXNativeTarget "DemoSwiftiOS" */ = {
			isa = XCConfigurationList;
			buildConfigurations = (
				252D7E0821C8800900134A7A /* Debug */,
				252D7E0921C8800900134A7A /* Release */,
			);
			defaultConfigurationIsVisible = 0;
			defaultConfigurationName = Release;
		};
		252D7E2821C8805000134A7A /* Build configuration list for PBXNativeTarget "DemoSwifttvOS" */ = {
			isa = XCConfigurationList;
			buildConfigurations = (
				252D7E2921C8805000134A7A /* Debug */,
				252D7E2A21C8805000134A7A /* Release */,
			);
			defaultConfigurationIsVisible = 0;
			defaultConfigurationName = Release;
		};
		EA5246B81DC7186800AF6685 /* Build configuration list for PBXProject "DemoSwiftApp" */ = {
			isa = XCConfigurationList;
			buildConfigurations = (
				EA5246E31DC7186800AF6685 /* Debug */,
				EA5246E41DC7186800AF6685 /* Release */,
			);
			defaultConfigurationIsVisible = 0;
			defaultConfigurationName = Release;
		};
/* End XCConfigurationList section */
	};
	rootObject = EA5246B51DC7186800AF6685 /* Project object */;
}
