<?xml version="1.0" encoding="UTF-8"?>
<Scheme
   LastUpgradeVersion = "1010"
   version = "1.3">
   <BuildAction
      parallelizeBuildables = "YES"
      buildImplicitDependencies = "YES">
      <BuildActionEntries>
         <BuildActionEntry
            buildForTesting = "YES"
            buildForRunning = "YES"
            buildForProfiling = "YES"
            buildForArchiving = "YES"
            buildForAnalyzing = "YES">
            <BuildableReference
               BuildableIdentifier = "primary"
               BlueprintIdentifier = "6EBAEB6B21E3FEF800D13AA9"
               BuildableName = "Optimizely.framework"
               BlueprintName = "OptimizelySwiftSDK-iOS"
               ReferencedContainer = "container:OptimizelySwiftSDK.xcodeproj">
            </BuildableReference>
         </BuildActionEntry>
      </BuildActionEntries>
   </BuildAction>
   <TestAction
      buildConfiguration = "Debug"
      selectedDebuggerIdentifier = "Xcode.DebuggerFoundation.Debugger.LLDB"
      selectedLauncherIdentifier = "Xcode.DebuggerFoundation.Launcher.LLDB"
      codeCoverageEnabled = "YES"
      shouldUseLaunchSchemeArgsEnv = "YES">
      <CodeCoverageTargets>
         <BuildableReference
            BuildableIdentifier = "primary"
            BlueprintIdentifier = "6EBAEB7321E3FEF900D13AA9"
            BuildableName = "OptimizelyTests-iOS.xctest"
            BlueprintName = "OptimizelyTests-iOS"
            ReferencedContainer = "container:OptimizelySwiftSDK.xcodeproj">
         </BuildableReference>
         <BuildableReference
            BuildableIdentifier = "primary"
            BlueprintIdentifier = "6E636B9A2236C96700AF3CEF"
            BuildableName = "OptimizelyTests-Legacy-iOS.xctest"
            BlueprintName = "OptimizelyTests-Legacy-iOS"
            ReferencedContainer = "container:OptimizelySwiftSDK.xcodeproj">
         </BuildableReference>
         <BuildableReference
            BuildableIdentifier = "primary"
            BlueprintIdentifier = "6EA425782218E61E00B074B5"
            BuildableName = "OptimizelyTests-DataModel-iOS.xctest"
            BlueprintName = "OptimizelyTests-DataModel-iOS"
            ReferencedContainer = "container:OptimizelySwiftSDK.xcodeproj">
         </BuildableReference>
         <BuildableReference
            BuildableIdentifier = "primary"
            BlueprintIdentifier = "6EA425692218E60A00B074B5"
            BuildableName = "OptimizelyTests-Common-iOS.xctest"
            BlueprintName = "OptimizelyTests-Common-iOS"
            ReferencedContainer = "container:OptimizelySwiftSDK.xcodeproj">
         </BuildableReference>
         <BuildableReference
            BuildableIdentifier = "primary"
            BlueprintIdentifier = "6E636B8B2236C91F00AF3CEF"
            BuildableName = "OptimizelyTests-APIs-iOS.xctest"
            BlueprintName = "OptimizelyTests-APIs-iOS"
            ReferencedContainer = "container:OptimizelySwiftSDK.xcodeproj">
         </BuildableReference>
         <BuildableReference
            BuildableIdentifier = "primary"
            BlueprintIdentifier = "6EBAEB6B21E3FEF800D13AA9"
            BuildableName = "Optimizely.framework"
            BlueprintName = "OptimizelySwiftSDK-iOS"
            ReferencedContainer = "container:OptimizelySwiftSDK.xcodeproj">
         </BuildableReference>
         <BuildableReference
            BuildableIdentifier = "primary"
            BlueprintIdentifier = "6EA4265A2219242100B074B5"
            BuildableName = "OptimizelyTests-Others-iOS.xctest"
            BlueprintName = "OptimizelyTests-Others-iOS"
            ReferencedContainer = "container:OptimizelySwiftSDK.xcodeproj">
         </BuildableReference>
      </CodeCoverageTargets>
      <Testables>
         <TestableReference
            skipped = "NO">
            <BuildableReference
               BuildableIdentifier = "primary"
               BlueprintIdentifier = "6EBAEB7321E3FEF900D13AA9"
               BuildableName = "OptimizelyTests-iOS.xctest"
               BlueprintName = "OptimizelyTests-iOS"
               ReferencedContainer = "container:OptimizelySwiftSDK.xcodeproj">
            </BuildableReference>
         </TestableReference>
         <TestableReference
            skipped = "NO">
            <BuildableReference
               BuildableIdentifier = "primary"
               BlueprintIdentifier = "6EA425692218E60A00B074B5"
               BuildableName = "OptimizelyTests-Common-iOS.xctest"
               BlueprintName = "OptimizelyTests-Common-iOS"
               ReferencedContainer = "container:OptimizelySwiftSDK.xcodeproj">
            </BuildableReference>
         </TestableReference>
         <TestableReference
            skipped = "NO">
            <BuildableReference
               BuildableIdentifier = "primary"
               BlueprintIdentifier = "6EA425782218E61E00B074B5"
               BuildableName = "OptimizelyTests-DataModel-iOS.xctest"
               BlueprintName = "OptimizelyTests-DataModel-iOS"
               ReferencedContainer = "container:OptimizelySwiftSDK.xcodeproj">
            </BuildableReference>
         </TestableReference>
         <TestableReference
            skipped = "NO">
            <BuildableReference
               BuildableIdentifier = "primary"
               BlueprintIdentifier = "6EA4265A2219242100B074B5"
               BuildableName = "OptimizelyTests-Others-iOS.xctest"
               BlueprintName = "OptimizelyTests-Others-iOS"
               ReferencedContainer = "container:OptimizelySwiftSDK.xcodeproj">
            </BuildableReference>
         </TestableReference>
         <TestableReference
            skipped = "NO">
            <BuildableReference
               BuildableIdentifier = "primary"
               BlueprintIdentifier = "6E636B8B2236C91F00AF3CEF"
               BuildableName = "OptimizelyTests-APIs-iOS.xctest"
               BlueprintName = "OptimizelyTests-APIs-iOS"
               ReferencedContainer = "container:OptimizelySwiftSDK.xcodeproj">
            </BuildableReference>
         </TestableReference>
         <TestableReference
            skipped = "NO">
            <BuildableReference
               BuildableIdentifier = "primary"
               BlueprintIdentifier = "6D661B8522B2F2E30071B113"
               BuildableName = "OptimizelyTests-DemoSwiftiOS.xctest"
               BlueprintName = "OptimizelyTests-DemoSwiftiOS"
               ReferencedContainer = "container:OptimizelySwiftSDK.xcodeproj">
            </BuildableReference>
         </TestableReference>
      </Testables>
      <MacroExpansion>
         <BuildableReference
            BuildableIdentifier = "primary"
            BlueprintIdentifier = "6EBAEB6B21E3FEF800D13AA9"
            BuildableName = "Optimizely.framework"
            BlueprintName = "OptimizelySwiftSDK-iOS"
            ReferencedContainer = "container:OptimizelySwiftSDK.xcodeproj">
         </BuildableReference>
      </MacroExpansion>
      <AdditionalOptions>
      </AdditionalOptions>
   </TestAction>
   <LaunchAction
      buildConfiguration = "Debug"
      selectedDebuggerIdentifier = "Xcode.DebuggerFoundation.Debugger.LLDB"
      selectedLauncherIdentifier = "Xcode.DebuggerFoundation.Launcher.LLDB"
      launchStyle = "0"
      useCustomWorkingDirectory = "NO"
      ignoresPersistentStateOnLaunch = "NO"
      debugDocumentVersioning = "YES"
      debugServiceExtension = "internal"
      allowLocationSimulation = "NO">
      <MacroExpansion>
         <BuildableReference
            BuildableIdentifier = "primary"
            BlueprintIdentifier = "6EBAEB6B21E3FEF800D13AA9"
            BuildableName = "Optimizely.framework"
            BlueprintName = "OptimizelySwiftSDK-iOS"
            ReferencedContainer = "container:OptimizelySwiftSDK.xcodeproj">
         </BuildableReference>
      </MacroExpansion>
      <AdditionalOptions>
      </AdditionalOptions>
   </LaunchAction>
   <ProfileAction
      buildConfiguration = "Release"
      shouldUseLaunchSchemeArgsEnv = "YES"
      savedToolIdentifier = ""
      useCustomWorkingDirectory = "NO"
      debugDocumentVersioning = "YES">
      <MacroExpansion>
         <BuildableReference
            BuildableIdentifier = "primary"
            BlueprintIdentifier = "6EBAEB6B21E3FEF800D13AA9"
            BuildableName = "Optimizely.framework"
            BlueprintName = "OptimizelySwiftSDK-iOS"
            ReferencedContainer = "container:OptimizelySwiftSDK.xcodeproj">
         </BuildableReference>
      </MacroExpansion>
   </ProfileAction>
   <AnalyzeAction
      buildConfiguration = "Debug">
   </AnalyzeAction>
   <ArchiveAction
      buildConfiguration = "Release"
      revealArchiveInOrganizer = "YES">
   </ArchiveAction>
</Scheme>
